
Microsoft Visual Studio Solution File, Format Version 12.00
# Visual Studio 2012
Project("{FAE04EC0-301F-11D3-BF4B-00C04F79EFBC}") = "libCommon", "libCommon\libCommon.csproj", "{E27098AE-8470-40BB-BFCD-733C0D829BFB}"
	ProjectSection(ProjectDependencies) = postProject
		{F55CABBB-4108-4A39-94E1-581FD46DC021} = {F55CABBB-4108-4A39-94E1-581FD46DC021}
	EndProjectSection
EndProject
Project("{FAE04EC0-301F-11D3-BF4B-00C04F79EFBC}") = "Engine", "Engine\Engine.csproj", "{B6067B73-8AAD-48BA-9DBD-EE196BA9A6EB}"
EndProject
Project("{FAE04EC0-301F-11D3-BF4B-00C04F79EFBC}") = "TestMgr", "TestMgr\TestMgr.csproj", "{7CB7F452-7098-4451-B5AC-5794BEA8A029}"
	ProjectSection(ProjectDependencies) = postProject
		{AAF66609-540A-4064-8DF2-775D5121B5D5} = {AAF66609-540A-4064-8DF2-775D5121B5D5}
		{687CCE2F-CD0C-4286-9097-BDF138ED1494} = {687CCE2F-CD0C-4286-9097-BDF138ED1494}
		{5D4E9246-1AEF-489F-9FCC-908C25744CD3} = {5D4E9246-1AEF-489F-9FCC-908C25744CD3}
		{821BB567-591C-43F4-89F6-01FD9AD25F84} = {821BB567-591C-43F4-89F6-01FD9AD25F84}
		{88326D91-80D0-403E-A928-C0DCE6488315} = {88326D91-80D0-403E-A928-C0DCE6488315}
		{C75532C4-765B-418E-B09B-46D36B2ABDB1} = {C75532C4-765B-418E-B09B-46D36B2ABDB1}
		{E435CAC4-1B41-4FF6-AB41-BB7B7CAA6D96} = {E435CAC4-1B41-4FF6-AB41-BB7B7CAA6D96}
		{3132B4E8-AAF5-42F2-9616-C252DC556C23} = {3132B4E8-AAF5-42F2-9616-C252DC556C23}
	EndProjectSection
EndProject
Project("{FAE04EC0-301F-11D3-BF4B-00C04F79EFBC}") = "WinFormsUI", "DockPanel_Src\WinFormsUI\WinFormsUI.csproj", "{C75532C4-765B-418E-B09B-46D36B2ABDB1}"
EndProject
Project("{FAE04EC0-301F-11D3-BF4B-00C04F79EFBC}") = "Global", "Global\Global.csproj", "{85627F5F-99AD-4845-93A4-AB0758D55D13}"
EndProject
Project("{FAE04EC0-301F-11D3-BF4B-00C04F79EFBC}") = "DataLogger", "DataLogger\DataLogger.csproj", "{A4EC57EF-D577-481A-BFB1-ECD5102CD96C}"
EndProject
Project("{FAE04EC0-301F-11D3-BF4B-00C04F79EFBC}") = "UserInterface_X2", "UserInterface_X2\UserInterface_X2.csproj", "{207A347A-9D9C-437F-9077-3244C63A23B6}"
EndProject
Project("{FAE04EC0-301F-11D3-BF4B-00C04F79EFBC}") = "LEDController", "LEDController\LEDController.csproj", "{5D4E9246-1AEF-489F-9FCC-908C25744CD3}"
EndProject
Project("{FAE04EC0-301F-11D3-BF4B-00C04F79EFBC}") = "EEBroadController", "EEBoradController\EEBroadController.csproj", "{88326D91-80D0-403E-A928-C0DCE6488315}"
EndProject
Project("{FAE04EC0-301F-11D3-BF4B-00C04F79EFBC}") = "LuxMeter", "LuxMeter\LuxMeter.csproj", "{821BB567-591C-43F4-89F6-01FD9AD25F84}"
EndProject
Project("{FAE04EC0-301F-11D3-BF4B-00C04F79EFBC}") = "Scanner", "Scanner\Scanner.csproj", "{E435CAC4-1B41-4FF6-AB41-BB7B7CAA6D96}"
EndProject
Project("{FAE04EC0-301F-11D3-BF4B-00C04F79EFBC}") = "RLEDController", "RLEDController\RLEDController.csproj", "{687CCE2F-CD0C-4286-9097-BDF138ED1494}"
EndProject
Project("{FAE04EC0-301F-11D3-BF4B-00C04F79EFBC}") = "lightSensorR", "lightSensorR\lightSensorR.csproj", "{3132B4E8-AAF5-42F2-9616-C252DC556C23}"
EndProject
Project("{FAE04EC0-301F-11D3-BF4B-00C04F79EFBC}") = "lightSensor", "lightSensor\lightSensor.csproj", "{AAF66609-540A-4064-8DF2-775D5121B5D5}"
EndProject
Project("{FAE04EC0-301F-11D3-BF4B-00C04F79EFBC}") = "LuaInterface", "LuaInterface-2.0.4\Core\LuaInterface\LuaInterface.csproj", "{F55CABBB-4108-4A39-94E1-581FD46DC021}"
EndProject
Project("{FAE04EC0-301F-11D3-BF4B-00C04F79EFBC}") = "KopiLua", "LuaInterface-2.0.4\Core\KopiLua\KopiLua.csproj", "{E8DDBC21-EF74-4ABA-9C49-BFC702BE25D8}"
EndProject
Project("{FAE04EC0-301F-11D3-BF4B-00C04F79EFBC}") = "Fixture", "Fixture\Fixture.csproj", "{82449B26-D325-4C2A-8B0F-B69C92CBB4DB}"
EndProject
Project("{FAE04EC0-301F-11D3-BF4B-00C04F79EFBC}") = "MarkOneArm", "MarkOneArm\MarkOneArm.csproj", "{EF5D3B78-31C0-4D8E-A302-5E1DEFCC2A8A}"
EndProject
Project("{FAE04EC0-301F-11D3-BF4B-00C04F79EFBC}") = "UserInterface_X6", "UserInterface_X6\UserInterface_X6.csproj", "{F38A250C-85D0-404F-8A0C-02A2AA328B8A}"
EndProject
Project("{FAE04EC0-301F-11D3-BF4B-00C04F79EFBC}") = "DUT", "DUT\DUT.csproj", "{F7696B0F-8AA6-4636-8366-7445E2E05044}"
EndProject
Project("{FAE04EC0-301F-11D3-BF4B-00C04F79EFBC}") = "A34972A", "A34972A\A34972A.csproj", "{9CF69E20-28EB-4D70-9775-DADAF94B4267}"
EndProject
Project("{FAE04EC0-301F-11D3-BF4B-00C04F79EFBC}") = "CYPress", "CYPress\CYPress.csproj", "{D8FD49B9-7348-48B0-BD91-1A9B557E9B75}"
EndProject
Project("{FAE04EC0-301F-11D3-BF4B-00C04F79EFBC}") = "DataPusher", "DataPusher\DataPusher.csproj", "{E044702F-38AA-4EE7-A614-2B6FC328989E}"
EndProject
Project("{FAE04EC0-301F-11D3-BF4B-00C04F79EFBC}") = "C28Instrument", "FCTBroad\C28Instrument.csproj", "{41461229-27CE-43F0-B385-FE0001AEEDDC}"
EndProject
Project("{FAE04EC0-301F-11D3-BF4B-00C04F79EFBC}") = "UserInterface_X6_A145", "UserInterface_X6_A145\UserInterface_X6_A145.csproj", "{476FBB06-0D83-49B3-B621-7AC4A823B608}"
EndProject
Project("{FAE04EC0-301F-11D3-BF4B-00C04F79EFBC}") = "MES_CHECK", "MES_CHECK\MES_CHECK.csproj", "{28B99080-ADA0-47B2-90A5-1435B660FBE1}"
EndProject
Project("{FAE04EC0-301F-11D3-BF4B-00C04F79EFBC}") = "UserInterface_X6_Air", "UserInterface_X6_Air\UserInterface_X6_Air.csproj", "{02FCA091-5E8A-43CC-BE16-F1E7FEAEE521}"
EndProject
Project("{FAE04EC0-301F-11D3-BF4B-00C04F79EFBC}") = "Senxda", "Senxda\Senxda.csproj", "{438B400C-90CD-458B-8C53-F110ADB5B867}"
EndProject
Project("{FAE04EC0-301F-11D3-BF4B-00C04F79EFBC}") = "TcpCon", "TcpCon\TcpCon.csproj", "{C9E7BF6C-8D70-4239-BF97-3D1B82A86C33}"
EndProject
Project("{FAE04EC0-301F-11D3-BF4B-00C04F79EFBC}") = "SensDut", "SensDut\SensDut.csproj", "{928E6FCC-9DE1-4289-904E-F9B498594C98}"
EndProject
Global
	GlobalSection(SolutionConfigurationPlatforms) = preSolution
		Debug|Any CPU = Debug|Any CPU
		Debug|Mixed Platforms = Debug|Mixed Platforms
		Debug|Win32 = Debug|Win32
		Debug|x64 = Debug|x64
		Debug|x86 = Debug|x86
		Release|Any CPU = Release|Any CPU
		Release|Mixed Platforms = Release|Mixed Platforms
		Release|Win32 = Release|Win32
		Release|x64 = Release|x64
		Release|x86 = Release|x86
		xsens|Any CPU = xsens|Any CPU
		xsens|Mixed Platforms = xsens|Mixed Platforms
		xsens|Win32 = xsens|Win32
		xsens|x64 = xsens|x64
		xsens|x86 = xsens|x86
	EndGlobalSection
	GlobalSection(ProjectConfigurationPlatforms) = postSolution
		{E27098AE-8470-40BB-BFCD-733C0D829BFB}.Debug|Any CPU.ActiveCfg = Debug|Any CPU
		{E27098AE-8470-40BB-BFCD-733C0D829BFB}.Debug|Any CPU.Build.0 = Debug|Any CPU
		{E27098AE-8470-40BB-BFCD-733C0D829BFB}.Debug|Mixed Platforms.ActiveCfg = Debug|Any CPU
		{E27098AE-8470-40BB-BFCD-733C0D829BFB}.Debug|Mixed Platforms.Build.0 = Debug|Any CPU
		{E27098AE-8470-40BB-BFCD-733C0D829BFB}.Debug|Win32.ActiveCfg = Debug|Any CPU
		{E27098AE-8470-40BB-BFCD-733C0D829BFB}.Debug|x64.ActiveCfg = Debug|Any CPU
		{E27098AE-8470-40BB-BFCD-733C0D829BFB}.Debug|x86.ActiveCfg = Debug|Any CPU
		{E27098AE-8470-40BB-BFCD-733C0D829BFB}.Release|Any CPU.ActiveCfg = Release|Any CPU
		{E27098AE-8470-40BB-BFCD-733C0D829BFB}.Release|Any CPU.Build.0 = Release|Any CPU
		{E27098AE-8470-40BB-BFCD-733C0D829BFB}.Release|Mixed Platforms.ActiveCfg = Release|Any CPU
		{E27098AE-8470-40BB-BFCD-733C0D829BFB}.Release|Mixed Platforms.Build.0 = Release|Any CPU
		{E27098AE-8470-40BB-BFCD-733C0D829BFB}.Release|Win32.ActiveCfg = Release|Any CPU
		{E27098AE-8470-40BB-BFCD-733C0D829BFB}.Release|x64.ActiveCfg = Release|Any CPU
		{E27098AE-8470-40BB-BFCD-733C0D829BFB}.Release|x86.ActiveCfg = Release|Any CPU
		{E27098AE-8470-40BB-BFCD-733C0D829BFB}.xsens|Any CPU.ActiveCfg = xsens|Any CPU
		{E27098AE-8470-40BB-BFCD-733C0D829BFB}.xsens|Any CPU.Build.0 = xsens|Any CPU
		{E27098AE-8470-40BB-BFCD-733C0D829BFB}.xsens|Mixed Platforms.ActiveCfg = xsens|Any CPU
		{E27098AE-8470-40BB-BFCD-733C0D829BFB}.xsens|Mixed Platforms.Build.0 = xsens|Any CPU
		{E27098AE-8470-40BB-BFCD-733C0D829BFB}.xsens|Win32.ActiveCfg = xsens|Any CPU
		{E27098AE-8470-40BB-BFCD-733C0D829BFB}.xsens|x64.ActiveCfg = xsens|Any CPU
		{E27098AE-8470-40BB-BFCD-733C0D829BFB}.xsens|x86.ActiveCfg = xsens|Any CPU
		{B6067B73-8AAD-48BA-9DBD-EE196BA9A6EB}.Debug|Any CPU.ActiveCfg = Debug|Any CPU
		{B6067B73-8AAD-48BA-9DBD-EE196BA9A6EB}.Debug|Any CPU.Build.0 = Debug|Any CPU
		{B6067B73-8AAD-48BA-9DBD-EE196BA9A6EB}.Debug|Mixed Platforms.ActiveCfg = Debug|Any CPU
		{B6067B73-8AAD-48BA-9DBD-EE196BA9A6EB}.Debug|Mixed Platforms.Build.0 = Debug|Any CPU
		{B6067B73-8AAD-48BA-9DBD-EE196BA9A6EB}.Debug|Win32.ActiveCfg = Debug|Any CPU
		{B6067B73-8AAD-48BA-9DBD-EE196BA9A6EB}.Debug|x64.ActiveCfg = Debug|Any CPU
		{B6067B73-8AAD-48BA-9DBD-EE196BA9A6EB}.Debug|x86.ActiveCfg = Debug|Any CPU
		{B6067B73-8AAD-48BA-9DBD-EE196BA9A6EB}.Release|Any CPU.ActiveCfg = Release|Any CPU
		{B6067B73-8AAD-48BA-9DBD-EE196BA9A6EB}.Release|Any CPU.Build.0 = Release|Any CPU
		{B6067B73-8AAD-48BA-9DBD-EE196BA9A6EB}.Release|Mixed Platforms.ActiveCfg = Release|Any CPU
		{B6067B73-8AAD-48BA-9DBD-EE196BA9A6EB}.Release|Mixed Platforms.Build.0 = Release|Any CPU
		{B6067B73-8AAD-48BA-9DBD-EE196BA9A6EB}.Release|Win32.ActiveCfg = Release|Any CPU
		{B6067B73-8AAD-48BA-9DBD-EE196BA9A6EB}.Release|x64.ActiveCfg = Release|Any CPU
		{B6067B73-8AAD-48BA-9DBD-EE196BA9A6EB}.Release|x86.ActiveCfg = Release|Any CPU
		{B6067B73-8AAD-48BA-9DBD-EE196BA9A6EB}.xsens|Any CPU.ActiveCfg = xsens|Any CPU
		{B6067B73-8AAD-48BA-9DBD-EE196BA9A6EB}.xsens|Any CPU.Build.0 = xsens|Any CPU
		{B6067B73-8AAD-48BA-9DBD-EE196BA9A6EB}.xsens|Mixed Platforms.ActiveCfg = xsens|Any CPU
		{B6067B73-8AAD-48BA-9DBD-EE196BA9A6EB}.xsens|Mixed Platforms.Build.0 = xsens|Any CPU
		{B6067B73-8AAD-48BA-9DBD-EE196BA9A6EB}.xsens|Win32.ActiveCfg = xsens|Any CPU
		{B6067B73-8AAD-48BA-9DBD-EE196BA9A6EB}.xsens|x64.ActiveCfg = xsens|Any CPU
		{B6067B73-8AAD-48BA-9DBD-EE196BA9A6EB}.xsens|x86.ActiveCfg = xsens|Any CPU
		{7CB7F452-7098-4451-B5AC-5794BEA8A029}.Debug|Any CPU.ActiveCfg = Debug|Any CPU
		{7CB7F452-7098-4451-B5AC-5794BEA8A029}.Debug|Any CPU.Build.0 = Debug|Any CPU
		{7CB7F452-7098-4451-B5AC-5794BEA8A029}.Debug|Mixed Platforms.ActiveCfg = Debug|Any CPU
		{7CB7F452-7098-4451-B5AC-5794BEA8A029}.Debug|Mixed Platforms.Build.0 = Debug|Any CPU
		{7CB7F452-7098-4451-B5AC-5794BEA8A029}.Debug|Win32.ActiveCfg = Debug|Any CPU
		{7CB7F452-7098-4451-B5AC-5794BEA8A029}.Debug|x64.ActiveCfg = Debug|Any CPU
		{7CB7F452-7098-4451-B5AC-5794BEA8A029}.Debug|x86.ActiveCfg = Debug|Any CPU
		{7CB7F452-7098-4451-B5AC-5794BEA8A029}.Release|Any CPU.ActiveCfg = Release|Any CPU
		{7CB7F452-7098-4451-B5AC-5794BEA8A029}.Release|Any CPU.Build.0 = Release|Any CPU
		{7CB7F452-7098-4451-B5AC-5794BEA8A029}.Release|Mixed Platforms.ActiveCfg = Release|Any CPU
		{7CB7F452-7098-4451-B5AC-5794BEA8A029}.Release|Mixed Platforms.Build.0 = Release|Any CPU
		{7CB7F452-7098-4451-B5AC-5794BEA8A029}.Release|Win32.ActiveCfg = Release|Any CPU
		{7CB7F452-7098-4451-B5AC-5794BEA8A029}.Release|x64.ActiveCfg = Release|Any CPU
		{7CB7F452-7098-4451-B5AC-5794BEA8A029}.Release|x86.ActiveCfg = Release|Any CPU
		{7CB7F452-7098-4451-B5AC-5794BEA8A029}.xsens|Any CPU.ActiveCfg = xsens|Any CPU
		{7CB7F452-7098-4451-B5AC-5794BEA8A029}.xsens|Any CPU.Build.0 = xsens|Any CPU
		{7CB7F452-7098-4451-B5AC-5794BEA8A029}.xsens|Mixed Platforms.ActiveCfg = xsens|Any CPU
		{7CB7F452-7098-4451-B5AC-5794BEA8A029}.xsens|Mixed Platforms.Build.0 = xsens|Any CPU
		{7CB7F452-7098-4451-B5AC-5794BEA8A029}.xsens|Win32.ActiveCfg = xsens|Any CPU
		{7CB7F452-7098-4451-B5AC-5794BEA8A029}.xsens|x64.ActiveCfg = xsens|Any CPU
		{7CB7F452-7098-4451-B5AC-5794BEA8A029}.xsens|x86.ActiveCfg = xsens|Any CPU
		{C75532C4-765B-418E-B09B-46D36B2ABDB1}.Debug|Any CPU.ActiveCfg = Debug|Any CPU
		{C75532C4-765B-418E-B09B-46D36B2ABDB1}.Debug|Any CPU.Build.0 = Debug|Any CPU
		{C75532C4-765B-418E-B09B-46D36B2ABDB1}.Debug|Mixed Platforms.ActiveCfg = Debug|Any CPU
		{C75532C4-765B-418E-B09B-46D36B2ABDB1}.Debug|Mixed Platforms.Build.0 = Debug|Any CPU
		{C75532C4-765B-418E-B09B-46D36B2ABDB1}.Debug|Win32.ActiveCfg = Debug|Any CPU
		{C75532C4-765B-418E-B09B-46D36B2ABDB1}.Debug|x64.ActiveCfg = Debug|Any CPU
		{C75532C4-765B-418E-B09B-46D36B2ABDB1}.Debug|x86.ActiveCfg = Debug|Any CPU
		{C75532C4-765B-418E-B09B-46D36B2ABDB1}.Release|Any CPU.ActiveCfg = Release|Any CPU
		{C75532C4-765B-418E-B09B-46D36B2ABDB1}.Release|Any CPU.Build.0 = Release|Any CPU
		{C75532C4-765B-418E-B09B-46D36B2ABDB1}.Release|Mixed Platforms.ActiveCfg = Release|Any CPU
		{C75532C4-765B-418E-B09B-46D36B2ABDB1}.Release|Mixed Platforms.Build.0 = Release|Any CPU
		{C75532C4-765B-418E-B09B-46D36B2ABDB1}.Release|Win32.ActiveCfg = Release|Any CPU
		{C75532C4-765B-418E-B09B-46D36B2ABDB1}.Release|x64.ActiveCfg = Release|Any CPU
		{C75532C4-765B-418E-B09B-46D36B2ABDB1}.Release|x86.ActiveCfg = Release|Any CPU
		{C75532C4-765B-418E-B09B-46D36B2ABDB1}.xsens|Any CPU.ActiveCfg = xsens|Any CPU
		{C75532C4-765B-418E-B09B-46D36B2ABDB1}.xsens|Any CPU.Build.0 = xsens|Any CPU
		{C75532C4-765B-418E-B09B-46D36B2ABDB1}.xsens|Mixed Platforms.ActiveCfg = xsens|Any CPU
		{C75532C4-765B-418E-B09B-46D36B2ABDB1}.xsens|Mixed Platforms.Build.0 = xsens|Any CPU
		{C75532C4-765B-418E-B09B-46D36B2ABDB1}.xsens|Win32.ActiveCfg = xsens|Any CPU
		{C75532C4-765B-418E-B09B-46D36B2ABDB1}.xsens|x64.ActiveCfg = xsens|Any CPU
		{C75532C4-765B-418E-B09B-46D36B2ABDB1}.xsens|x86.ActiveCfg = xsens|Any CPU
		{85627F5F-99AD-4845-93A4-AB0758D55D13}.Debug|Any CPU.ActiveCfg = Debug|Any CPU
		{85627F5F-99AD-4845-93A4-AB0758D55D13}.Debug|Any CPU.Build.0 = Debug|Any CPU
		{85627F5F-99AD-4845-93A4-AB0758D55D13}.Debug|Mixed Platforms.ActiveCfg = Debug|Any CPU
		{85627F5F-99AD-4845-93A4-AB0758D55D13}.Debug|Mixed Platforms.Build.0 = Debug|Any CPU
		{85627F5F-99AD-4845-93A4-AB0758D55D13}.Debug|Win32.ActiveCfg = Debug|Any CPU
		{85627F5F-99AD-4845-93A4-AB0758D55D13}.Debug|x64.ActiveCfg = Debug|Any CPU
		{85627F5F-99AD-4845-93A4-AB0758D55D13}.Debug|x86.ActiveCfg = Debug|Any CPU
		{85627F5F-99AD-4845-93A4-AB0758D55D13}.Release|Any CPU.ActiveCfg = Release|Any CPU
		{85627F5F-99AD-4845-93A4-AB0758D55D13}.Release|Any CPU.Build.0 = Release|Any CPU
		{85627F5F-99AD-4845-93A4-AB0758D55D13}.Release|Mixed Platforms.ActiveCfg = Release|Any CPU
		{85627F5F-99AD-4845-93A4-AB0758D55D13}.Release|Mixed Platforms.Build.0 = Release|Any CPU
		{85627F5F-99AD-4845-93A4-AB0758D55D13}.Release|Win32.ActiveCfg = Release|Any CPU
		{85627F5F-99AD-4845-93A4-AB0758D55D13}.Release|x64.ActiveCfg = Release|Any CPU
		{85627F5F-99AD-4845-93A4-AB0758D55D13}.Release|x86.ActiveCfg = Release|Any CPU
		{85627F5F-99AD-4845-93A4-AB0758D55D13}.xsens|Any CPU.ActiveCfg = xsens|Any CPU
		{85627F5F-99AD-4845-93A4-AB0758D55D13}.xsens|Any CPU.Build.0 = xsens|Any CPU
		{85627F5F-99AD-4845-93A4-AB0758D55D13}.xsens|Mixed Platforms.ActiveCfg = xsens|Any CPU
		{85627F5F-99AD-4845-93A4-AB0758D55D13}.xsens|Mixed Platforms.Build.0 = xsens|Any CPU
		{85627F5F-99AD-4845-93A4-AB0758D55D13}.xsens|Win32.ActiveCfg = xsens|Any CPU
		{85627F5F-99AD-4845-93A4-AB0758D55D13}.xsens|x64.ActiveCfg = xsens|Any CPU
		{85627F5F-99AD-4845-93A4-AB0758D55D13}.xsens|x86.ActiveCfg = xsens|Any CPU
		{A4EC57EF-D577-481A-BFB1-ECD5102CD96C}.Debug|Any CPU.ActiveCfg = Debug|Any CPU
		{A4EC57EF-D577-481A-BFB1-ECD5102CD96C}.Debug|Any CPU.Build.0 = Debug|Any CPU
		{A4EC57EF-D577-481A-BFB1-ECD5102CD96C}.Debug|Mixed Platforms.ActiveCfg = Debug|Any CPU
		{A4EC57EF-D577-481A-BFB1-ECD5102CD96C}.Debug|Mixed Platforms.Build.0 = Debug|Any CPU
		{A4EC57EF-D577-481A-BFB1-ECD5102CD96C}.Debug|Win32.ActiveCfg = Debug|Any CPU
		{A4EC57EF-D577-481A-BFB1-ECD5102CD96C}.Debug|x64.ActiveCfg = Debug|Any CPU
		{A4EC57EF-D577-481A-BFB1-ECD5102CD96C}.Debug|x86.ActiveCfg = Debug|Any CPU
		{A4EC57EF-D577-481A-BFB1-ECD5102CD96C}.Release|Any CPU.ActiveCfg = Release|Any CPU
		{A4EC57EF-D577-481A-BFB1-ECD5102CD96C}.Release|Any CPU.Build.0 = Release|Any CPU
		{A4EC57EF-D577-481A-BFB1-ECD5102CD96C}.Release|Mixed Platforms.ActiveCfg = Release|Any CPU
		{A4EC57EF-D577-481A-BFB1-ECD5102CD96C}.Release|Mixed Platforms.Build.0 = Release|Any CPU
		{A4EC57EF-D577-481A-BFB1-ECD5102CD96C}.Release|Win32.ActiveCfg = Release|Any CPU
		{A4EC57EF-D577-481A-BFB1-ECD5102CD96C}.Release|x64.ActiveCfg = Release|Any CPU
		{A4EC57EF-D577-481A-BFB1-ECD5102CD96C}.Release|x86.ActiveCfg = Release|Any CPU
		{A4EC57EF-D577-481A-BFB1-ECD5102CD96C}.xsens|Any CPU.ActiveCfg = xsens|Any CPU
		{A4EC57EF-D577-481A-BFB1-ECD5102CD96C}.xsens|Any CPU.Build.0 = xsens|Any CPU
		{A4EC57EF-D577-481A-BFB1-ECD5102CD96C}.xsens|Mixed Platforms.ActiveCfg = xsens|Any CPU
		{A4EC57EF-D577-481A-BFB1-ECD5102CD96C}.xsens|Mixed Platforms.Build.0 = xsens|Any CPU
		{A4EC57EF-D577-481A-BFB1-ECD5102CD96C}.xsens|Win32.ActiveCfg = xsens|Any CPU
		{A4EC57EF-D577-481A-BFB1-ECD5102CD96C}.xsens|x64.ActiveCfg = xsens|Any CPU
		{A4EC57EF-D577-481A-BFB1-ECD5102CD96C}.xsens|x86.ActiveCfg = xsens|Any CPU
		{207A347A-9D9C-437F-9077-3244C63A23B6}.Debug|Any CPU.ActiveCfg = Debug|Any CPU
		{207A347A-9D9C-437F-9077-3244C63A23B6}.Debug|Any CPU.Build.0 = Debug|Any CPU
		{207A347A-9D9C-437F-9077-3244C63A23B6}.Debug|Mixed Platforms.ActiveCfg = Debug|Any CPU
		{207A347A-9D9C-437F-9077-3244C63A23B6}.Debug|Mixed Platforms.Build.0 = Debug|Any CPU
		{207A347A-9D9C-437F-9077-3244C63A23B6}.Debug|Win32.ActiveCfg = Debug|Any CPU
		{207A347A-9D9C-437F-9077-3244C63A23B6}.Debug|x64.ActiveCfg = Debug|Any CPU
		{207A347A-9D9C-437F-9077-3244C63A23B6}.Debug|x86.ActiveCfg = Debug|Any CPU
		{207A347A-9D9C-437F-9077-3244C63A23B6}.Release|Any CPU.ActiveCfg = Release|Any CPU
		{207A347A-9D9C-437F-9077-3244C63A23B6}.Release|Any CPU.Build.0 = Release|Any CPU
		{207A347A-9D9C-437F-9077-3244C63A23B6}.Release|Mixed Platforms.ActiveCfg = Release|Any CPU
		{207A347A-9D9C-437F-9077-3244C63A23B6}.Release|Mixed Platforms.Build.0 = Release|Any CPU
		{207A347A-9D9C-437F-9077-3244C63A23B6}.Release|Win32.ActiveCfg = Release|Any CPU
		{207A347A-9D9C-437F-9077-3244C63A23B6}.Release|x64.ActiveCfg = Release|Any CPU
		{207A347A-9D9C-437F-9077-3244C63A23B6}.Release|x86.ActiveCfg = Release|Any CPU
		{207A347A-9D9C-437F-9077-3244C63A23B6}.xsens|Any CPU.ActiveCfg = xsens|Any CPU
		{207A347A-9D9C-437F-9077-3244C63A23B6}.xsens|Any CPU.Build.0 = xsens|Any CPU
		{207A347A-9D9C-437F-9077-3244C63A23B6}.xsens|Mixed Platforms.ActiveCfg = xsens|Any CPU
		{207A347A-9D9C-437F-9077-3244C63A23B6}.xsens|Mixed Platforms.Build.0 = xsens|Any CPU
		{207A347A-9D9C-437F-9077-3244C63A23B6}.xsens|Win32.ActiveCfg = xsens|Any CPU
		{207A347A-9D9C-437F-9077-3244C63A23B6}.xsens|x64.ActiveCfg = xsens|Any CPU
		{207A347A-9D9C-437F-9077-3244C63A23B6}.xsens|x86.ActiveCfg = xsens|Any CPU
		{5D4E9246-1AEF-489F-9FCC-908C25744CD3}.Debug|Any CPU.ActiveCfg = Debug|Any CPU
		{5D4E9246-1AEF-489F-9FCC-908C25744CD3}.Debug|Any CPU.Build.0 = Debug|Any CPU
		{5D4E9246-1AEF-489F-9FCC-908C25744CD3}.Debug|Mixed Platforms.ActiveCfg = Debug|Any CPU
		{5D4E9246-1AEF-489F-9FCC-908C25744CD3}.Debug|Mixed Platforms.Build.0 = Debug|Any CPU
		{5D4E9246-1AEF-489F-9FCC-908C25744CD3}.Debug|Win32.ActiveCfg = Debug|Any CPU
		{5D4E9246-1AEF-489F-9FCC-908C25744CD3}.Debug|x64.ActiveCfg = Debug|Any CPU
		{5D4E9246-1AEF-489F-9FCC-908C25744CD3}.Debug|x86.ActiveCfg = Debug|Any CPU
		{5D4E9246-1AEF-489F-9FCC-908C25744CD3}.Release|Any CPU.ActiveCfg = Release|Any CPU
		{5D4E9246-1AEF-489F-9FCC-908C25744CD3}.Release|Any CPU.Build.0 = Release|Any CPU
		{5D4E9246-1AEF-489F-9FCC-908C25744CD3}.Release|Mixed Platforms.ActiveCfg = Release|Any CPU
		{5D4E9246-1AEF-489F-9FCC-908C25744CD3}.Release|Mixed Platforms.Build.0 = Release|Any CPU
		{5D4E9246-1AEF-489F-9FCC-908C25744CD3}.Release|Win32.ActiveCfg = Release|Any CPU
		{5D4E9246-1AEF-489F-9FCC-908C25744CD3}.Release|x64.ActiveCfg = Release|Any CPU
		{5D4E9246-1AEF-489F-9FCC-908C25744CD3}.Release|x86.ActiveCfg = Release|Any CPU
		{5D4E9246-1AEF-489F-9FCC-908C25744CD3}.xsens|Any CPU.ActiveCfg = xsens|Any CPU
		{5D4E9246-1AEF-489F-9FCC-908C25744CD3}.xsens|Any CPU.Build.0 = xsens|Any CPU
		{5D4E9246-1AEF-489F-9FCC-908C25744CD3}.xsens|Mixed Platforms.ActiveCfg = xsens|Any CPU
		{5D4E9246-1AEF-489F-9FCC-908C25744CD3}.xsens|Mixed Platforms.Build.0 = xsens|Any CPU
		{5D4E9246-1AEF-489F-9FCC-908C25744CD3}.xsens|Win32.ActiveCfg = xsens|Any CPU
		{5D4E9246-1AEF-489F-9FCC-908C25744CD3}.xsens|x64.ActiveCfg = xsens|Any CPU
		{5D4E9246-1AEF-489F-9FCC-908C25744CD3}.xsens|x86.ActiveCfg = xsens|Any CPU
		{88326D91-80D0-403E-A928-C0DCE6488315}.Debug|Any CPU.ActiveCfg = Debug|Any CPU
		{88326D91-80D0-403E-A928-C0DCE6488315}.Debug|Any CPU.Build.0 = Debug|Any CPU
		{88326D91-80D0-403E-A928-C0DCE6488315}.Debug|Mixed Platforms.ActiveCfg = Debug|Any CPU
		{88326D91-80D0-403E-A928-C0DCE6488315}.Debug|Mixed Platforms.Build.0 = Debug|Any CPU
		{88326D91-80D0-403E-A928-C0DCE6488315}.Debug|Win32.ActiveCfg = Debug|Any CPU
		{88326D91-80D0-403E-A928-C0DCE6488315}.Debug|x64.ActiveCfg = Debug|Any CPU
		{88326D91-80D0-403E-A928-C0DCE6488315}.Debug|x86.ActiveCfg = Debug|Any CPU
		{88326D91-80D0-403E-A928-C0DCE6488315}.Release|Any CPU.ActiveCfg = Release|Any CPU
		{88326D91-80D0-403E-A928-C0DCE6488315}.Release|Any CPU.Build.0 = Release|Any CPU
		{88326D91-80D0-403E-A928-C0DCE6488315}.Release|Mixed Platforms.ActiveCfg = Release|Any CPU
		{88326D91-80D0-403E-A928-C0DCE6488315}.Release|Mixed Platforms.Build.0 = Release|Any CPU
		{88326D91-80D0-403E-A928-C0DCE6488315}.Release|Win32.ActiveCfg = Release|Any CPU
		{88326D91-80D0-403E-A928-C0DCE6488315}.Release|x64.ActiveCfg = Release|Any CPU
		{88326D91-80D0-403E-A928-C0DCE6488315}.Release|x86.ActiveCfg = Release|Any CPU
		{88326D91-80D0-403E-A928-C0DCE6488315}.xsens|Any CPU.ActiveCfg = xsens|Any CPU
		{88326D91-80D0-403E-A928-C0DCE6488315}.xsens|Any CPU.Build.0 = xsens|Any CPU
		{88326D91-80D0-403E-A928-C0DCE6488315}.xsens|Mixed Platforms.ActiveCfg = xsens|Any CPU
		{88326D91-80D0-403E-A928-C0DCE6488315}.xsens|Mixed Platforms.Build.0 = xsens|Any CPU
		{88326D91-80D0-403E-A928-C0DCE6488315}.xsens|Win32.ActiveCfg = xsens|Any CPU
		{88326D91-80D0-403E-A928-C0DCE6488315}.xsens|x64.ActiveCfg = xsens|Any CPU
		{88326D91-80D0-403E-A928-C0DCE6488315}.xsens|x86.ActiveCfg = xsens|Any CPU
		{821BB567-591C-43F4-89F6-01FD9AD25F84}.Debug|Any CPU.ActiveCfg = Debug|Any CPU
		{821BB567-591C-43F4-89F6-01FD9AD25F84}.Debug|Any CPU.Build.0 = Debug|Any CPU
		{821BB567-591C-43F4-89F6-01FD9AD25F84}.Debug|Mixed Platforms.ActiveCfg = Debug|Any CPU
		{821BB567-591C-43F4-89F6-01FD9AD25F84}.Debug|Mixed Platforms.Build.0 = Debug|Any CPU
		{821BB567-591C-43F4-89F6-01FD9AD25F84}.Debug|Win32.ActiveCfg = Debug|Any CPU
		{821BB567-591C-43F4-89F6-01FD9AD25F84}.Debug|x64.ActiveCfg = Debug|Any CPU
		{821BB567-591C-43F4-89F6-01FD9AD25F84}.Debug|x86.ActiveCfg = Debug|Any CPU
		{821BB567-591C-43F4-89F6-01FD9AD25F84}.Release|Any CPU.ActiveCfg = Release|Any CPU
		{821BB567-591C-43F4-89F6-01FD9AD25F84}.Release|Any CPU.Build.0 = Release|Any CPU
		{821BB567-591C-43F4-89F6-01FD9AD25F84}.Release|Mixed Platforms.ActiveCfg = Release|Any CPU
		{821BB567-591C-43F4-89F6-01FD9AD25F84}.Release|Mixed Platforms.Build.0 = Release|Any CPU
		{821BB567-591C-43F4-89F6-01FD9AD25F84}.Release|Win32.ActiveCfg = Release|Any CPU
		{821BB567-591C-43F4-89F6-01FD9AD25F84}.Release|x64.ActiveCfg = Release|Any CPU
		{821BB567-591C-43F4-89F6-01FD9AD25F84}.Release|x86.ActiveCfg = Release|Any CPU
		{821BB567-591C-43F4-89F6-01FD9AD25F84}.xsens|Any CPU.ActiveCfg = xsens|Any CPU
		{821BB567-591C-43F4-89F6-01FD9AD25F84}.xsens|Any CPU.Build.0 = xsens|Any CPU
		{821BB567-591C-43F4-89F6-01FD9AD25F84}.xsens|Mixed Platforms.ActiveCfg = xsens|Any CPU
		{821BB567-591C-43F4-89F6-01FD9AD25F84}.xsens|Mixed Platforms.Build.0 = xsens|Any CPU
		{821BB567-591C-43F4-89F6-01FD9AD25F84}.xsens|Win32.ActiveCfg = xsens|Any CPU
		{821BB567-591C-43F4-89F6-01FD9AD25F84}.xsens|x64.ActiveCfg = xsens|Any CPU
		{821BB567-591C-43F4-89F6-01FD9AD25F84}.xsens|x86.ActiveCfg = xsens|Any CPU
		{E435CAC4-1B41-4FF6-AB41-BB7B7CAA6D96}.Debug|Any CPU.ActiveCfg = Debug|Any CPU
		{E435CAC4-1B41-4FF6-AB41-BB7B7CAA6D96}.Debug|Any CPU.Build.0 = Debug|Any CPU
		{E435CAC4-1B41-4FF6-AB41-BB7B7CAA6D96}.Debug|Mixed Platforms.ActiveCfg = Debug|Any CPU
		{E435CAC4-1B41-4FF6-AB41-BB7B7CAA6D96}.Debug|Mixed Platforms.Build.0 = Debug|Any CPU
		{E435CAC4-1B41-4FF6-AB41-BB7B7CAA6D96}.Debug|Win32.ActiveCfg = Debug|Any CPU
		{E435CAC4-1B41-4FF6-AB41-BB7B7CAA6D96}.Debug|x64.ActiveCfg = Debug|Any CPU
		{E435CAC4-1B41-4FF6-AB41-BB7B7CAA6D96}.Debug|x86.ActiveCfg = Debug|Any CPU
		{E435CAC4-1B41-4FF6-AB41-BB7B7CAA6D96}.Release|Any CPU.ActiveCfg = Release|Any CPU
		{E435CAC4-1B41-4FF6-AB41-BB7B7CAA6D96}.Release|Any CPU.Build.0 = Release|Any CPU
		{E435CAC4-1B41-4FF6-AB41-BB7B7CAA6D96}.Release|Mixed Platforms.ActiveCfg = Release|Any CPU
		{E435CAC4-1B41-4FF6-AB41-BB7B7CAA6D96}.Release|Mixed Platforms.Build.0 = Release|Any CPU
		{E435CAC4-1B41-4FF6-AB41-BB7B7CAA6D96}.Release|Win32.ActiveCfg = Release|Any CPU
		{E435CAC4-1B41-4FF6-AB41-BB7B7CAA6D96}.Release|x64.ActiveCfg = Release|Any CPU
		{E435CAC4-1B41-4FF6-AB41-BB7B7CAA6D96}.Release|x86.ActiveCfg = Release|Any CPU
		{E435CAC4-1B41-4FF6-AB41-BB7B7CAA6D96}.xsens|Any CPU.ActiveCfg = xsens|Any CPU
		{E435CAC4-1B41-4FF6-AB41-BB7B7CAA6D96}.xsens|Any CPU.Build.0 = xsens|Any CPU
		{E435CAC4-1B41-4FF6-AB41-BB7B7CAA6D96}.xsens|Mixed Platforms.ActiveCfg = xsens|Any CPU
		{E435CAC4-1B41-4FF6-AB41-BB7B7CAA6D96}.xsens|Mixed Platforms.Build.0 = xsens|Any CPU
		{E435CAC4-1B41-4FF6-AB41-BB7B7CAA6D96}.xsens|Win32.ActiveCfg = xsens|Any CPU
		{E435CAC4-1B41-4FF6-AB41-BB7B7CAA6D96}.xsens|x64.ActiveCfg = xsens|Any CPU
		{E435CAC4-1B41-4FF6-AB41-BB7B7CAA6D96}.xsens|x86.ActiveCfg = xsens|Any CPU
		{687CCE2F-CD0C-4286-9097-BDF138ED1494}.Debug|Any CPU.ActiveCfg = Debug|Any CPU
		{687CCE2F-CD0C-4286-9097-BDF138ED1494}.Debug|Any CPU.Build.0 = Debug|Any CPU
		{687CCE2F-CD0C-4286-9097-BDF138ED1494}.Debug|Mixed Platforms.ActiveCfg = Debug|Any CPU
		{687CCE2F-CD0C-4286-9097-BDF138ED1494}.Debug|Mixed Platforms.Build.0 = Debug|Any CPU
		{687CCE2F-CD0C-4286-9097-BDF138ED1494}.Debug|Win32.ActiveCfg = Debug|Any CPU
		{687CCE2F-CD0C-4286-9097-BDF138ED1494}.Debug|x64.ActiveCfg = Debug|Any CPU
		{687CCE2F-CD0C-4286-9097-BDF138ED1494}.Debug|x86.ActiveCfg = Debug|Any CPU
		{687CCE2F-CD0C-4286-9097-BDF138ED1494}.Release|Any CPU.ActiveCfg = Release|Any CPU
		{687CCE2F-CD0C-4286-9097-BDF138ED1494}.Release|Any CPU.Build.0 = Release|Any CPU
		{687CCE2F-CD0C-4286-9097-BDF138ED1494}.Release|Mixed Platforms.ActiveCfg = Release|Any CPU
		{687CCE2F-CD0C-4286-9097-BDF138ED1494}.Release|Mixed Platforms.Build.0 = Release|Any CPU
		{687CCE2F-CD0C-4286-9097-BDF138ED1494}.Release|Win32.ActiveCfg = Release|Any CPU
		{687CCE2F-CD0C-4286-9097-BDF138ED1494}.Release|x64.ActiveCfg = Release|Any CPU
		{687CCE2F-CD0C-4286-9097-BDF138ED1494}.Release|x86.ActiveCfg = Release|Any CPU
		{687CCE2F-CD0C-4286-9097-BDF138ED1494}.xsens|Any CPU.ActiveCfg = xsens|Any CPU
		{687CCE2F-CD0C-4286-9097-BDF138ED1494}.xsens|Any CPU.Build.0 = xsens|Any CPU
		{687CCE2F-CD0C-4286-9097-BDF138ED1494}.xsens|Mixed Platforms.ActiveCfg = xsens|Any CPU
		{687CCE2F-CD0C-4286-9097-BDF138ED1494}.xsens|Mixed Platforms.Build.0 = xsens|Any CPU
		{687CCE2F-CD0C-4286-9097-BDF138ED1494}.xsens|Win32.ActiveCfg = xsens|Any CPU
		{687CCE2F-CD0C-4286-9097-BDF138ED1494}.xsens|x64.ActiveCfg = xsens|Any CPU
		{687CCE2F-CD0C-4286-9097-BDF138ED1494}.xsens|x86.ActiveCfg = xsens|Any CPU
		{3132B4E8-AAF5-42F2-9616-C252DC556C23}.Debug|Any CPU.ActiveCfg = Debug|Any CPU
		{3132B4E8-AAF5-42F2-9616-C252DC556C23}.Debug|Any CPU.Build.0 = Debug|Any CPU
		{3132B4E8-AAF5-42F2-9616-C252DC556C23}.Debug|Mixed Platforms.ActiveCfg = Debug|Any CPU
		{3132B4E8-AAF5-42F2-9616-C252DC556C23}.Debug|Mixed Platforms.Build.0 = Debug|Any CPU
		{3132B4E8-AAF5-42F2-9616-C252DC556C23}.Debug|Win32.ActiveCfg = Debug|Any CPU
		{3132B4E8-AAF5-42F2-9616-C252DC556C23}.Debug|x64.ActiveCfg = Debug|Any CPU
		{3132B4E8-AAF5-42F2-9616-C252DC556C23}.Debug|x86.ActiveCfg = Debug|Any CPU
		{3132B4E8-AAF5-42F2-9616-C252DC556C23}.Release|Any CPU.ActiveCfg = Release|Any CPU
		{3132B4E8-AAF5-42F2-9616-C252DC556C23}.Release|Any CPU.Build.0 = Release|Any CPU
		{3132B4E8-AAF5-42F2-9616-C252DC556C23}.Release|Mixed Platforms.ActiveCfg = Release|Any CPU
		{3132B4E8-AAF5-42F2-9616-C252DC556C23}.Release|Mixed Platforms.Build.0 = Release|Any CPU
		{3132B4E8-AAF5-42F2-9616-C252DC556C23}.Release|Win32.ActiveCfg = Release|Any CPU
		{3132B4E8-AAF5-42F2-9616-C252DC556C23}.Release|x64.ActiveCfg = Release|Any CPU
		{3132B4E8-AAF5-42F2-9616-C252DC556C23}.Release|x86.ActiveCfg = Release|Any CPU
		{3132B4E8-AAF5-42F2-9616-C252DC556C23}.xsens|Any CPU.ActiveCfg = xsens|Any CPU
		{3132B4E8-AAF5-42F2-9616-C252DC556C23}.xsens|Any CPU.Build.0 = xsens|Any CPU
		{3132B4E8-AAF5-42F2-9616-C252DC556C23}.xsens|Mixed Platforms.ActiveCfg = xsens|Any CPU
		{3132B4E8-AAF5-42F2-9616-C252DC556C23}.xsens|Mixed Platforms.Build.0 = xsens|Any CPU
		{3132B4E8-AAF5-42F2-9616-C252DC556C23}.xsens|Win32.ActiveCfg = xsens|Any CPU
		{3132B4E8-AAF5-42F2-9616-C252DC556C23}.xsens|x64.ActiveCfg = xsens|Any CPU
		{3132B4E8-AAF5-42F2-9616-C252DC556C23}.xsens|x86.ActiveCfg = xsens|Any CPU
		{AAF66609-540A-4064-8DF2-775D5121B5D5}.Debug|Any CPU.ActiveCfg = Debug|Any CPU
		{AAF66609-540A-4064-8DF2-775D5121B5D5}.Debug|Any CPU.Build.0 = Debug|Any CPU
		{AAF66609-540A-4064-8DF2-775D5121B5D5}.Debug|Mixed Platforms.ActiveCfg = Debug|Any CPU
		{AAF66609-540A-4064-8DF2-775D5121B5D5}.Debug|Mixed Platforms.Build.0 = Debug|Any CPU
		{AAF66609-540A-4064-8DF2-775D5121B5D5}.Debug|Win32.ActiveCfg = Debug|Any CPU
		{AAF66609-540A-4064-8DF2-775D5121B5D5}.Debug|x64.ActiveCfg = Debug|Any CPU
		{AAF66609-540A-4064-8DF2-775D5121B5D5}.Debug|x86.ActiveCfg = Debug|Any CPU
		{AAF66609-540A-4064-8DF2-775D5121B5D5}.Release|Any CPU.ActiveCfg = Release|Any CPU
		{AAF66609-540A-4064-8DF2-775D5121B5D5}.Release|Any CPU.Build.0 = Release|Any CPU
		{AAF66609-540A-4064-8DF2-775D5121B5D5}.Release|Mixed Platforms.ActiveCfg = Release|Any CPU
		{AAF66609-540A-4064-8DF2-775D5121B5D5}.Release|Mixed Platforms.Build.0 = Release|Any CPU
		{AAF66609-540A-4064-8DF2-775D5121B5D5}.Release|Win32.ActiveCfg = Release|Any CPU
		{AAF66609-540A-4064-8DF2-775D5121B5D5}.Release|x64.ActiveCfg = Release|Any CPU
		{AAF66609-540A-4064-8DF2-775D5121B5D5}.Release|x86.ActiveCfg = Release|Any CPU
		{AAF66609-540A-4064-8DF2-775D5121B5D5}.xsens|Any CPU.ActiveCfg = xsens|Any CPU
		{AAF66609-540A-4064-8DF2-775D5121B5D5}.xsens|Any CPU.Build.0 = xsens|Any CPU
		{AAF66609-540A-4064-8DF2-775D5121B5D5}.xsens|Mixed Platforms.ActiveCfg = xsens|Any CPU
		{AAF66609-540A-4064-8DF2-775D5121B5D5}.xsens|Mixed Platforms.Build.0 = xsens|Any CPU
		{AAF66609-540A-4064-8DF2-775D5121B5D5}.xsens|Win32.ActiveCfg = xsens|Any CPU
		{AAF66609-540A-4064-8DF2-775D5121B5D5}.xsens|x64.ActiveCfg = xsens|Any CPU
		{AAF66609-540A-4064-8DF2-775D5121B5D5}.xsens|x86.ActiveCfg = xsens|Any CPU
		{F55CABBB-4108-4A39-94E1-581FD46DC021}.Debug|Any CPU.ActiveCfg = Debug|Any CPU
		{F55CABBB-4108-4A39-94E1-581FD46DC021}.Debug|Any CPU.Build.0 = Debug|Any CPU
		{F55CABBB-4108-4A39-94E1-581FD46DC021}.Debug|Mixed Platforms.ActiveCfg = Debug|Any CPU
		{F55CABBB-4108-4A39-94E1-581FD46DC021}.Debug|Mixed Platforms.Build.0 = Debug|Any CPU
		{F55CABBB-4108-4A39-94E1-581FD46DC021}.Debug|Win32.ActiveCfg = Debug|Any CPU
		{F55CABBB-4108-4A39-94E1-581FD46DC021}.Debug|x64.ActiveCfg = Debug|Any CPU
		{F55CABBB-4108-4A39-94E1-581FD46DC021}.Debug|x86.ActiveCfg = Debug|Any CPU
		{F55CABBB-4108-4A39-94E1-581FD46DC021}.Release|Any CPU.ActiveCfg = Release|Any CPU
		{F55CABBB-4108-4A39-94E1-581FD46DC021}.Release|Any CPU.Build.0 = Release|Any CPU
		{F55CABBB-4108-4A39-94E1-581FD46DC021}.Release|Mixed Platforms.ActiveCfg = Release|Any CPU
		{F55CABBB-4108-4A39-94E1-581FD46DC021}.Release|Mixed Platforms.Build.0 = Release|Any CPU
		{F55CABBB-4108-4A39-94E1-581FD46DC021}.Release|Win32.ActiveCfg = Release|Any CPU
		{F55CABBB-4108-4A39-94E1-581FD46DC021}.Release|x64.ActiveCfg = Release|Any CPU
		{F55CABBB-4108-4A39-94E1-581FD46DC021}.Release|x86.ActiveCfg = Release|Any CPU
		{F55CABBB-4108-4A39-94E1-581FD46DC021}.xsens|Any CPU.ActiveCfg = xsens|Any CPU
		{F55CABBB-4108-4A39-94E1-581FD46DC021}.xsens|Any CPU.Build.0 = xsens|Any CPU
		{F55CABBB-4108-4A39-94E1-581FD46DC021}.xsens|Mixed Platforms.ActiveCfg = xsens|Any CPU
		{F55CABBB-4108-4A39-94E1-581FD46DC021}.xsens|Mixed Platforms.Build.0 = xsens|Any CPU
		{F55CABBB-4108-4A39-94E1-581FD46DC021}.xsens|Win32.ActiveCfg = xsens|Any CPU
		{F55CABBB-4108-4A39-94E1-581FD46DC021}.xsens|x64.ActiveCfg = xsens|Any CPU
		{F55CABBB-4108-4A39-94E1-581FD46DC021}.xsens|x86.ActiveCfg = xsens|Any CPU
		{E8DDBC21-EF74-4ABA-9C49-BFC702BE25D8}.Debug|Any CPU.ActiveCfg = Debug|Any CPU
		{E8DDBC21-EF74-4ABA-9C49-BFC702BE25D8}.Debug|Any CPU.Build.0 = Debug|Any CPU
		{E8DDBC21-EF74-4ABA-9C49-BFC702BE25D8}.Debug|Mixed Platforms.ActiveCfg = Debug|Any CPU
		{E8DDBC21-EF74-4ABA-9C49-BFC702BE25D8}.Debug|Mixed Platforms.Build.0 = Debug|Any CPU
		{E8DDBC21-EF74-4ABA-9C49-BFC702BE25D8}.Debug|Win32.ActiveCfg = Debug|Any CPU
		{E8DDBC21-EF74-4ABA-9C49-BFC702BE25D8}.Debug|x64.ActiveCfg = Debug|Any CPU
		{E8DDBC21-EF74-4ABA-9C49-BFC702BE25D8}.Debug|x86.ActiveCfg = Debug|Any CPU
		{E8DDBC21-EF74-4ABA-9C49-BFC702BE25D8}.Release|Any CPU.ActiveCfg = Release|Any CPU
		{E8DDBC21-EF74-4ABA-9C49-BFC702BE25D8}.Release|Any CPU.Build.0 = Release|Any CPU
		{E8DDBC21-EF74-4ABA-9C49-BFC702BE25D8}.Release|Mixed Platforms.ActiveCfg = Release|Any CPU
		{E8DDBC21-EF74-4ABA-9C49-BFC702BE25D8}.Release|Mixed Platforms.Build.0 = Release|Any CPU
		{E8DDBC21-EF74-4ABA-9C49-BFC702BE25D8}.Release|Win32.ActiveCfg = Release|Any CPU
		{E8DDBC21-EF74-4ABA-9C49-BFC702BE25D8}.Release|x64.ActiveCfg = Release|Any CPU
		{E8DDBC21-EF74-4ABA-9C49-BFC702BE25D8}.Release|x86.ActiveCfg = Release|Any CPU
		{E8DDBC21-EF74-4ABA-9C49-BFC702BE25D8}.xsens|Any CPU.ActiveCfg = xsens|Any CPU
		{E8DDBC21-EF74-4ABA-9C49-BFC702BE25D8}.xsens|Any CPU.Build.0 = xsens|Any CPU
		{E8DDBC21-EF74-4ABA-9C49-BFC702BE25D8}.xsens|Mixed Platforms.ActiveCfg = xsens|Any CPU
		{E8DDBC21-EF74-4ABA-9C49-BFC702BE25D8}.xsens|Mixed Platforms.Build.0 = xsens|Any CPU
		{E8DDBC21-EF74-4ABA-9C49-BFC702BE25D8}.xsens|Win32.ActiveCfg = xsens|Any CPU
		{E8DDBC21-EF74-4ABA-9C49-BFC702BE25D8}.xsens|x64.ActiveCfg = xsens|Any CPU
		{E8DDBC21-EF74-4ABA-9C49-BFC702BE25D8}.xsens|x86.ActiveCfg = xsens|Any CPU
		{82449B26-D325-4C2A-8B0F-B69C92CBB4DB}.Debug|Any CPU.ActiveCfg = Debug|Any CPU
		{82449B26-D325-4C2A-8B0F-B69C92CBB4DB}.Debug|Any CPU.Build.0 = Debug|Any CPU
		{82449B26-D325-4C2A-8B0F-B69C92CBB4DB}.Debug|Mixed Platforms.ActiveCfg = Debug|Any CPU
		{82449B26-D325-4C2A-8B0F-B69C92CBB4DB}.Debug|Mixed Platforms.Build.0 = Debug|Any CPU
		{82449B26-D325-4C2A-8B0F-B69C92CBB4DB}.Debug|Win32.ActiveCfg = Debug|Any CPU
		{82449B26-D325-4C2A-8B0F-B69C92CBB4DB}.Debug|x64.ActiveCfg = Debug|Any CPU
		{82449B26-D325-4C2A-8B0F-B69C92CBB4DB}.Debug|x86.ActiveCfg = Debug|Any CPU
		{82449B26-D325-4C2A-8B0F-B69C92CBB4DB}.Release|Any CPU.ActiveCfg = Release|Any CPU
		{82449B26-D325-4C2A-8B0F-B69C92CBB4DB}.Release|Any CPU.Build.0 = Release|Any CPU
		{82449B26-D325-4C2A-8B0F-B69C92CBB4DB}.Release|Mixed Platforms.ActiveCfg = Release|Any CPU
		{82449B26-D325-4C2A-8B0F-B69C92CBB4DB}.Release|Mixed Platforms.Build.0 = Release|Any CPU
		{82449B26-D325-4C2A-8B0F-B69C92CBB4DB}.Release|Win32.ActiveCfg = Release|Any CPU
		{82449B26-D325-4C2A-8B0F-B69C92CBB4DB}.Release|x64.ActiveCfg = Release|Any CPU
		{82449B26-D325-4C2A-8B0F-B69C92CBB4DB}.Release|x86.ActiveCfg = Release|Any CPU
		{82449B26-D325-4C2A-8B0F-B69C92CBB4DB}.xsens|Any CPU.ActiveCfg = xsens|Any CPU
		{82449B26-D325-4C2A-8B0F-B69C92CBB4DB}.xsens|Any CPU.Build.0 = xsens|Any CPU
		{82449B26-D325-4C2A-8B0F-B69C92CBB4DB}.xsens|Mixed Platforms.ActiveCfg = xsens|Any CPU
		{82449B26-D325-4C2A-8B0F-B69C92CBB4DB}.xsens|Mixed Platforms.Build.0 = xsens|Any CPU
		{82449B26-D325-4C2A-8B0F-B69C92CBB4DB}.xsens|Win32.ActiveCfg = xsens|Any CPU
		{82449B26-D325-4C2A-8B0F-B69C92CBB4DB}.xsens|x64.ActiveCfg = xsens|Any CPU
		{82449B26-D325-4C2A-8B0F-B69C92CBB4DB}.xsens|x86.ActiveCfg = xsens|Any CPU
		{EF5D3B78-31C0-4D8E-A302-5E1DEFCC2A8A}.Debug|Any CPU.ActiveCfg = Debug|Any CPU
		{EF5D3B78-31C0-4D8E-A302-5E1DEFCC2A8A}.Debug|Any CPU.Build.0 = Debug|Any CPU
		{EF5D3B78-31C0-4D8E-A302-5E1DEFCC2A8A}.Debug|Mixed Platforms.ActiveCfg = Debug|Any CPU
		{EF5D3B78-31C0-4D8E-A302-5E1DEFCC2A8A}.Debug|Mixed Platforms.Build.0 = Debug|Any CPU
		{EF5D3B78-31C0-4D8E-A302-5E1DEFCC2A8A}.Debug|Win32.ActiveCfg = Debug|Any CPU
		{EF5D3B78-31C0-4D8E-A302-5E1DEFCC2A8A}.Debug|x64.ActiveCfg = Debug|Any CPU
		{EF5D3B78-31C0-4D8E-A302-5E1DEFCC2A8A}.Debug|x86.ActiveCfg = Debug|Any CPU
		{EF5D3B78-31C0-4D8E-A302-5E1DEFCC2A8A}.Release|Any CPU.ActiveCfg = Release|Any CPU
		{EF5D3B78-31C0-4D8E-A302-5E1DEFCC2A8A}.Release|Any CPU.Build.0 = Release|Any CPU
		{EF5D3B78-31C0-4D8E-A302-5E1DEFCC2A8A}.Release|Mixed Platforms.ActiveCfg = Release|Any CPU
		{EF5D3B78-31C0-4D8E-A302-5E1DEFCC2A8A}.Release|Mixed Platforms.Build.0 = Release|Any CPU
		{EF5D3B78-31C0-4D8E-A302-5E1DEFCC2A8A}.Release|Win32.ActiveCfg = Release|Any CPU
		{EF5D3B78-31C0-4D8E-A302-5E1DEFCC2A8A}.Release|x64.ActiveCfg = Release|Any CPU
		{EF5D3B78-31C0-4D8E-A302-5E1DEFCC2A8A}.Release|x86.ActiveCfg = Release|Any CPU
		{EF5D3B78-31C0-4D8E-A302-5E1DEFCC2A8A}.xsens|Any CPU.ActiveCfg = xsens|Any CPU
		{EF5D3B78-31C0-4D8E-A302-5E1DEFCC2A8A}.xsens|Any CPU.Build.0 = xsens|Any CPU
		{EF5D3B78-31C0-4D8E-A302-5E1DEFCC2A8A}.xsens|Mixed Platforms.ActiveCfg = xsens|Any CPU
		{EF5D3B78-31C0-4D8E-A302-5E1DEFCC2A8A}.xsens|Mixed Platforms.Build.0 = xsens|Any CPU
		{EF5D3B78-31C0-4D8E-A302-5E1DEFCC2A8A}.xsens|Win32.ActiveCfg = xsens|Any CPU
		{EF5D3B78-31C0-4D8E-A302-5E1DEFCC2A8A}.xsens|x64.ActiveCfg = xsens|Any CPU
		{EF5D3B78-31C0-4D8E-A302-5E1DEFCC2A8A}.xsens|x86.ActiveCfg = xsens|Any CPU
		{F38A250C-85D0-404F-8A0C-02A2AA328B8A}.Debug|Any CPU.ActiveCfg = Debug|Any CPU
		{F38A250C-85D0-404F-8A0C-02A2AA328B8A}.Debug|Any CPU.Build.0 = Debug|Any CPU
		{F38A250C-85D0-404F-8A0C-02A2AA328B8A}.Debug|Mixed Platforms.ActiveCfg = Debug|Any CPU
		{F38A250C-85D0-404F-8A0C-02A2AA328B8A}.Debug|Mixed Platforms.Build.0 = Debug|Any CPU
		{F38A250C-85D0-404F-8A0C-02A2AA328B8A}.Debug|Win32.ActiveCfg = Debug|Any CPU
		{F38A250C-85D0-404F-8A0C-02A2AA328B8A}.Debug|x64.ActiveCfg = Debug|Any CPU
		{F38A250C-85D0-404F-8A0C-02A2AA328B8A}.Debug|x86.ActiveCfg = Debug|Any CPU
		{F38A250C-85D0-404F-8A0C-02A2AA328B8A}.Release|Any CPU.ActiveCfg = Release|Any CPU
		{F38A250C-85D0-404F-8A0C-02A2AA328B8A}.Release|Any CPU.Build.0 = Release|Any CPU
		{F38A250C-85D0-404F-8A0C-02A2AA328B8A}.Release|Mixed Platforms.ActiveCfg = Release|Any CPU
		{F38A250C-85D0-404F-8A0C-02A2AA328B8A}.Release|Mixed Platforms.Build.0 = Release|Any CPU
		{F38A250C-85D0-404F-8A0C-02A2AA328B8A}.Release|Win32.ActiveCfg = Release|Any CPU
		{F38A250C-85D0-404F-8A0C-02A2AA328B8A}.Release|x64.ActiveCfg = Release|Any CPU
		{F38A250C-85D0-404F-8A0C-02A2AA328B8A}.Release|x86.ActiveCfg = Release|Any CPU
		{F38A250C-85D0-404F-8A0C-02A2AA328B8A}.xsens|Any CPU.ActiveCfg = xsens|Any CPU
		{F38A250C-85D0-404F-8A0C-02A2AA328B8A}.xsens|Any CPU.Build.0 = xsens|Any CPU
		{F38A250C-85D0-404F-8A0C-02A2AA328B8A}.xsens|Mixed Platforms.ActiveCfg = xsens|Any CPU
		{F38A250C-85D0-404F-8A0C-02A2AA328B8A}.xsens|Mixed Platforms.Build.0 = xsens|Any CPU
		{F38A250C-85D0-404F-8A0C-02A2AA328B8A}.xsens|Win32.ActiveCfg = xsens|Any CPU
		{F38A250C-85D0-404F-8A0C-02A2AA328B8A}.xsens|x64.ActiveCfg = xsens|Any CPU
		{F38A250C-85D0-404F-8A0C-02A2AA328B8A}.xsens|x86.ActiveCfg = xsens|Any CPU
		{F7696B0F-8AA6-4636-8366-7445E2E05044}.Debug|Any CPU.ActiveCfg = Debug|Any CPU
		{F7696B0F-8AA6-4636-8366-7445E2E05044}.Debug|Any CPU.Build.0 = Debug|Any CPU
		{F7696B0F-8AA6-4636-8366-7445E2E05044}.Debug|Mixed Platforms.ActiveCfg = Debug|Any CPU
		{F7696B0F-8AA6-4636-8366-7445E2E05044}.Debug|Mixed Platforms.Build.0 = Debug|Any CPU
		{F7696B0F-8AA6-4636-8366-7445E2E05044}.Debug|Win32.ActiveCfg = Debug|Any CPU
		{F7696B0F-8AA6-4636-8366-7445E2E05044}.Debug|x64.ActiveCfg = Debug|Any CPU
		{F7696B0F-8AA6-4636-8366-7445E2E05044}.Debug|x86.ActiveCfg = Debug|Any CPU
		{F7696B0F-8AA6-4636-8366-7445E2E05044}.Release|Any CPU.ActiveCfg = Release|Any CPU
		{F7696B0F-8AA6-4636-8366-7445E2E05044}.Release|Any CPU.Build.0 = Release|Any CPU
		{F7696B0F-8AA6-4636-8366-7445E2E05044}.Release|Mixed Platforms.ActiveCfg = Release|Any CPU
		{F7696B0F-8AA6-4636-8366-7445E2E05044}.Release|Mixed Platforms.Build.0 = Release|Any CPU
		{F7696B0F-8AA6-4636-8366-7445E2E05044}.Release|Win32.ActiveCfg = Release|Any CPU
		{F7696B0F-8AA6-4636-8366-7445E2E05044}.Release|x64.ActiveCfg = Release|Any CPU
		{F7696B0F-8AA6-4636-8366-7445E2E05044}.Release|x86.ActiveCfg = Release|Any CPU
		{F7696B0F-8AA6-4636-8366-7445E2E05044}.xsens|Any CPU.ActiveCfg = xsens|Any CPU
		{F7696B0F-8AA6-4636-8366-7445E2E05044}.xsens|Any CPU.Build.0 = xsens|Any CPU
		{F7696B0F-8AA6-4636-8366-7445E2E05044}.xsens|Mixed Platforms.ActiveCfg = xsens|Any CPU
		{F7696B0F-8AA6-4636-8366-7445E2E05044}.xsens|Mixed Platforms.Build.0 = xsens|Any CPU
		{F7696B0F-8AA6-4636-8366-7445E2E05044}.xsens|Win32.ActiveCfg = xsens|Any CPU
		{F7696B0F-8AA6-4636-8366-7445E2E05044}.xsens|x64.ActiveCfg = xsens|Any CPU
		{F7696B0F-8AA6-4636-8366-7445E2E05044}.xsens|x86.ActiveCfg = xsens|Any CPU
		{9CF69E20-28EB-4D70-9775-DADAF94B4267}.Debug|Any CPU.ActiveCfg = Debug|Any CPU
		{9CF69E20-28EB-4D70-9775-DADAF94B4267}.Debug|Any CPU.Build.0 = Debug|Any CPU
		{9CF69E20-28EB-4D70-9775-DADAF94B4267}.Debug|Mixed Platforms.ActiveCfg = Debug|Any CPU
		{9CF69E20-28EB-4D70-9775-DADAF94B4267}.Debug|Mixed Platforms.Build.0 = Debug|Any CPU
		{9CF69E20-28EB-4D70-9775-DADAF94B4267}.Debug|Win32.ActiveCfg = Debug|Any CPU
		{9CF69E20-28EB-4D70-9775-DADAF94B4267}.Debug|x64.ActiveCfg = Debug|Any CPU
		{9CF69E20-28EB-4D70-9775-DADAF94B4267}.Debug|x86.ActiveCfg = Debug|x86
		{9CF69E20-28EB-4D70-9775-DADAF94B4267}.Debug|x86.Build.0 = Debug|x86
		{9CF69E20-28EB-4D70-9775-DADAF94B4267}.Release|Any CPU.ActiveCfg = Release|Any CPU
		{9CF69E20-28EB-4D70-9775-DADAF94B4267}.Release|Any CPU.Build.0 = Release|Any CPU
		{9CF69E20-28EB-4D70-9775-DADAF94B4267}.Release|Mixed Platforms.ActiveCfg = Release|Any CPU
		{9CF69E20-28EB-4D70-9775-DADAF94B4267}.Release|Mixed Platforms.Build.0 = Release|Any CPU
		{9CF69E20-28EB-4D70-9775-DADAF94B4267}.Release|Win32.ActiveCfg = Release|Any CPU
		{9CF69E20-28EB-4D70-9775-DADAF94B4267}.Release|x64.ActiveCfg = Release|Any CPU
		{9CF69E20-28EB-4D70-9775-DADAF94B4267}.Release|x86.ActiveCfg = Release|x86
		{9CF69E20-28EB-4D70-9775-DADAF94B4267}.Release|x86.Build.0 = Release|x86
		{9CF69E20-28EB-4D70-9775-DADAF94B4267}.xsens|Any CPU.ActiveCfg = xsens|Any CPU
		{9CF69E20-28EB-4D70-9775-DADAF94B4267}.xsens|Any CPU.Build.0 = xsens|Any CPU
		{9CF69E20-28EB-4D70-9775-DADAF94B4267}.xsens|Mixed Platforms.ActiveCfg = xsens|x86
		{9CF69E20-28EB-4D70-9775-DADAF94B4267}.xsens|Mixed Platforms.Build.0 = xsens|x86
		{9CF69E20-28EB-4D70-9775-DADAF94B4267}.xsens|Win32.ActiveCfg = xsens|x86
		{9CF69E20-28EB-4D70-9775-DADAF94B4267}.xsens|Win32.Build.0 = xsens|x86
		{9CF69E20-28EB-4D70-9775-DADAF94B4267}.xsens|x64.ActiveCfg = xsens|Any CPU
		{9CF69E20-28EB-4D70-9775-DADAF94B4267}.xsens|x86.ActiveCfg = xsens|x86
		{9CF69E20-28EB-4D70-9775-DADAF94B4267}.xsens|x86.Build.0 = xsens|x86
		{D8FD49B9-7348-48B0-BD91-1A9B557E9B75}.Debug|Any CPU.ActiveCfg = Debug|Any CPU
		{D8FD49B9-7348-48B0-BD91-1A9B557E9B75}.Debug|Any CPU.Build.0 = Debug|Any CPU
		{D8FD49B9-7348-48B0-BD91-1A9B557E9B75}.Debug|Mixed Platforms.ActiveCfg = Debug|Any CPU
		{D8FD49B9-7348-48B0-BD91-1A9B557E9B75}.Debug|Mixed Platforms.Build.0 = Debug|Any CPU
		{D8FD49B9-7348-48B0-BD91-1A9B557E9B75}.Debug|Win32.ActiveCfg = Debug|Any CPU
		{D8FD49B9-7348-48B0-BD91-1A9B557E9B75}.Debug|x64.ActiveCfg = Debug|Any CPU
		{D8FD49B9-7348-48B0-BD91-1A9B557E9B75}.Debug|x86.ActiveCfg = Debug|Any CPU
		{D8FD49B9-7348-48B0-BD91-1A9B557E9B75}.Release|Any CPU.ActiveCfg = Release|Any CPU
		{D8FD49B9-7348-48B0-BD91-1A9B557E9B75}.Release|Any CPU.Build.0 = Release|Any CPU
		{D8FD49B9-7348-48B0-BD91-1A9B557E9B75}.Release|Mixed Platforms.ActiveCfg = Release|Any CPU
		{D8FD49B9-7348-48B0-BD91-1A9B557E9B75}.Release|Mixed Platforms.Build.0 = Release|Any CPU
		{D8FD49B9-7348-48B0-BD91-1A9B557E9B75}.Release|Win32.ActiveCfg = Release|Any CPU
		{D8FD49B9-7348-48B0-BD91-1A9B557E9B75}.Release|x64.ActiveCfg = Release|Any CPU
		{D8FD49B9-7348-48B0-BD91-1A9B557E9B75}.Release|x86.ActiveCfg = Release|Any CPU
		{D8FD49B9-7348-48B0-BD91-1A9B557E9B75}.xsens|Any CPU.ActiveCfg = xsens|Any CPU
		{D8FD49B9-7348-48B0-BD91-1A9B557E9B75}.xsens|Any CPU.Build.0 = xsens|Any CPU
		{D8FD49B9-7348-48B0-BD91-1A9B557E9B75}.xsens|Mixed Platforms.ActiveCfg = xsens|Any CPU
		{D8FD49B9-7348-48B0-BD91-1A9B557E9B75}.xsens|Mixed Platforms.Build.0 = xsens|Any CPU
		{D8FD49B9-7348-48B0-BD91-1A9B557E9B75}.xsens|Win32.ActiveCfg = xsens|Any CPU
		{D8FD49B9-7348-48B0-BD91-1A9B557E9B75}.xsens|x64.ActiveCfg = xsens|Any CPU
		{D8FD49B9-7348-48B0-BD91-1A9B557E9B75}.xsens|x86.ActiveCfg = xsens|Any CPU
		{E044702F-38AA-4EE7-A614-2B6FC328989E}.Debug|Any CPU.ActiveCfg = Debug|Any CPU
		{E044702F-38AA-4EE7-A614-2B6FC328989E}.Debug|Any CPU.Build.0 = Debug|Any CPU
		{E044702F-38AA-4EE7-A614-2B6FC328989E}.Debug|Mixed Platforms.ActiveCfg = Debug|Any CPU
		{E044702F-38AA-4EE7-A614-2B6FC328989E}.Debug|Mixed Platforms.Build.0 = Debug|Any CPU
		{E044702F-38AA-4EE7-A614-2B6FC328989E}.Debug|Win32.ActiveCfg = Debug|Any CPU
		{E044702F-38AA-4EE7-A614-2B6FC328989E}.Debug|x64.ActiveCfg = Debug|Any CPU
		{E044702F-38AA-4EE7-A614-2B6FC328989E}.Debug|x86.ActiveCfg = Debug|Any CPU
		{E044702F-38AA-4EE7-A614-2B6FC328989E}.Release|Any CPU.ActiveCfg = Release|Any CPU
		{E044702F-38AA-4EE7-A614-2B6FC328989E}.Release|Any CPU.Build.0 = Release|Any CPU
		{E044702F-38AA-4EE7-A614-2B6FC328989E}.Release|Mixed Platforms.ActiveCfg = Release|Any CPU
		{E044702F-38AA-4EE7-A614-2B6FC328989E}.Release|Mixed Platforms.Build.0 = Release|Any CPU
		{E044702F-38AA-4EE7-A614-2B6FC328989E}.Release|Win32.ActiveCfg = Release|Any CPU
		{E044702F-38AA-4EE7-A614-2B6FC328989E}.Release|x64.ActiveCfg = Release|Any CPU
		{E044702F-38AA-4EE7-A614-2B6FC328989E}.Release|x86.ActiveCfg = Release|Any CPU
		{E044702F-38AA-4EE7-A614-2B6FC328989E}.xsens|Any CPU.ActiveCfg = xsens|Any CPU
		{E044702F-38AA-4EE7-A614-2B6FC328989E}.xsens|Any CPU.Build.0 = xsens|Any CPU
		{E044702F-38AA-4EE7-A614-2B6FC328989E}.xsens|Mixed Platforms.ActiveCfg = xsens|Any CPU
		{E044702F-38AA-4EE7-A614-2B6FC328989E}.xsens|Mixed Platforms.Build.0 = xsens|Any CPU
		{E044702F-38AA-4EE7-A614-2B6FC328989E}.xsens|Win32.ActiveCfg = xsens|Any CPU
		{E044702F-38AA-4EE7-A614-2B6FC328989E}.xsens|x64.ActiveCfg = xsens|Any CPU
		{E044702F-38AA-4EE7-A614-2B6FC328989E}.xsens|x86.ActiveCfg = xsens|Any CPU
		{41461229-27CE-43F0-B385-FE0001AEEDDC}.Debug|Any CPU.ActiveCfg = Debug|Any CPU
		{41461229-27CE-43F0-B385-FE0001AEEDDC}.Debug|Any CPU.Build.0 = Debug|Any CPU
		{41461229-27CE-43F0-B385-FE0001AEEDDC}.Debug|Mixed Platforms.ActiveCfg = Debug|Any CPU
		{41461229-27CE-43F0-B385-FE0001AEEDDC}.Debug|Mixed Platforms.Build.0 = Debug|Any CPU
		{41461229-27CE-43F0-B385-FE0001AEEDDC}.Debug|Win32.ActiveCfg = Debug|Any CPU
		{41461229-27CE-43F0-B385-FE0001AEEDDC}.Debug|x64.ActiveCfg = Debug|Any CPU
		{41461229-27CE-43F0-B385-FE0001AEEDDC}.Debug|x86.ActiveCfg = Debug|Any CPU
		{41461229-27CE-43F0-B385-FE0001AEEDDC}.Release|Any CPU.ActiveCfg = Release|Any CPU
		{41461229-27CE-43F0-B385-FE0001AEEDDC}.Release|Any CPU.Build.0 = Release|Any CPU
		{41461229-27CE-43F0-B385-FE0001AEEDDC}.Release|Mixed Platforms.ActiveCfg = Release|Any CPU
		{41461229-27CE-43F0-B385-FE0001AEEDDC}.Release|Mixed Platforms.Build.0 = Release|Any CPU
		{41461229-27CE-43F0-B385-FE0001AEEDDC}.Release|Win32.ActiveCfg = Release|Any CPU
		{41461229-27CE-43F0-B385-FE0001AEEDDC}.Release|x64.ActiveCfg = Release|Any CPU
		{41461229-27CE-43F0-B385-FE0001AEEDDC}.Release|x86.ActiveCfg = Release|Any CPU
		{41461229-27CE-43F0-B385-FE0001AEEDDC}.xsens|Any CPU.ActiveCfg = xsens|Any CPU
		{41461229-27CE-43F0-B385-FE0001AEEDDC}.xsens|Any CPU.Build.0 = xsens|Any CPU
		{41461229-27CE-43F0-B385-FE0001AEEDDC}.xsens|Mixed Platforms.ActiveCfg = xsens|Any CPU
		{41461229-27CE-43F0-B385-FE0001AEEDDC}.xsens|Mixed Platforms.Build.0 = xsens|Any CPU
		{41461229-27CE-43F0-B385-FE0001AEEDDC}.xsens|Win32.ActiveCfg = xsens|Any CPU
		{41461229-27CE-43F0-B385-FE0001AEEDDC}.xsens|x64.ActiveCfg = xsens|Any CPU
		{41461229-27CE-43F0-B385-FE0001AEEDDC}.xsens|x86.ActiveCfg = xsens|Any CPU
		{476FBB06-0D83-49B3-B621-7AC4A823B608}.Debug|Any CPU.ActiveCfg = Debug|Any CPU
		{476FBB06-0D83-49B3-B621-7AC4A823B608}.Debug|Any CPU.Build.0 = Debug|Any CPU
		{476FBB06-0D83-49B3-B621-7AC4A823B608}.Debug|Mixed Platforms.ActiveCfg = Debug|Any CPU
		{476FBB06-0D83-49B3-B621-7AC4A823B608}.Debug|Mixed Platforms.Build.0 = Debug|Any CPU
		{476FBB06-0D83-49B3-B621-7AC4A823B608}.Debug|Win32.ActiveCfg = Debug|Any CPU
		{476FBB06-0D83-49B3-B621-7AC4A823B608}.Debug|x64.ActiveCfg = Debug|Any CPU
		{476FBB06-0D83-49B3-B621-7AC4A823B608}.Debug|x86.ActiveCfg = Debug|Any CPU
		{476FBB06-0D83-49B3-B621-7AC4A823B608}.Release|Any CPU.ActiveCfg = Release|Any CPU
		{476FBB06-0D83-49B3-B621-7AC4A823B608}.Release|Any CPU.Build.0 = Release|Any CPU
		{476FBB06-0D83-49B3-B621-7AC4A823B608}.Release|Mixed Platforms.ActiveCfg = Release|Any CPU
		{476FBB06-0D83-49B3-B621-7AC4A823B608}.Release|Mixed Platforms.Build.0 = Release|Any CPU
		{476FBB06-0D83-49B3-B621-7AC4A823B608}.Release|Win32.ActiveCfg = Release|Any CPU
		{476FBB06-0D83-49B3-B621-7AC4A823B608}.Release|x64.ActiveCfg = Release|Any CPU
		{476FBB06-0D83-49B3-B621-7AC4A823B608}.Release|x86.ActiveCfg = Release|Any CPU
		{476FBB06-0D83-49B3-B621-7AC4A823B608}.xsens|Any CPU.ActiveCfg = xsens|Any CPU
		{476FBB06-0D83-49B3-B621-7AC4A823B608}.xsens|Any CPU.Build.0 = xsens|Any CPU
		{476FBB06-0D83-49B3-B621-7AC4A823B608}.xsens|Mixed Platforms.ActiveCfg = xsens|Any CPU
		{476FBB06-0D83-49B3-B621-7AC4A823B608}.xsens|Mixed Platforms.Build.0 = xsens|Any CPU
		{476FBB06-0D83-49B3-B621-7AC4A823B608}.xsens|Win32.ActiveCfg = xsens|Any CPU
		{476FBB06-0D83-49B3-B621-7AC4A823B608}.xsens|x64.ActiveCfg = xsens|Any CPU
		{476FBB06-0D83-49B3-B621-7AC4A823B608}.xsens|x86.ActiveCfg = xsens|Any CPU
		{28B99080-ADA0-47B2-90A5-1435B660FBE1}.Debug|Any CPU.ActiveCfg = Debug|x86
		{28B99080-ADA0-47B2-90A5-1435B660FBE1}.Debug|Mixed Platforms.ActiveCfg = Debug|Any CPU
		{28B99080-ADA0-47B2-90A5-1435B660FBE1}.Debug|Mixed Platforms.Build.0 = Debug|Any CPU
		{28B99080-ADA0-47B2-90A5-1435B660FBE1}.Debug|Win32.ActiveCfg = Debug|x86
		{28B99080-ADA0-47B2-90A5-1435B660FBE1}.Debug|x64.ActiveCfg = Debug|Any CPU
		{28B99080-ADA0-47B2-90A5-1435B660FBE1}.Debug|x86.ActiveCfg = Debug|x86
		{28B99080-ADA0-47B2-90A5-1435B660FBE1}.Debug|x86.Build.0 = Debug|x86
		{28B99080-ADA0-47B2-90A5-1435B660FBE1}.Release|Any CPU.ActiveCfg = Release|x86
		{28B99080-ADA0-47B2-90A5-1435B660FBE1}.Release|Mixed Platforms.ActiveCfg = Release|x86
		{28B99080-ADA0-47B2-90A5-1435B660FBE1}.Release|Mixed Platforms.Build.0 = Release|x86
		{28B99080-ADA0-47B2-90A5-1435B660FBE1}.Release|Win32.ActiveCfg = Release|x86
		{28B99080-ADA0-47B2-90A5-1435B660FBE1}.Release|x64.ActiveCfg = Release|Any CPU
		{28B99080-ADA0-47B2-90A5-1435B660FBE1}.Release|x86.ActiveCfg = Release|x86
		{28B99080-ADA0-47B2-90A5-1435B660FBE1}.Release|x86.Build.0 = Release|x86
		{28B99080-ADA0-47B2-90A5-1435B660FBE1}.xsens|Any CPU.ActiveCfg = xsens|Any CPU
		{28B99080-ADA0-47B2-90A5-1435B660FBE1}.xsens|Any CPU.Build.0 = xsens|Any CPU
		{28B99080-ADA0-47B2-90A5-1435B660FBE1}.xsens|Mixed Platforms.ActiveCfg = xsens|x86
		{28B99080-ADA0-47B2-90A5-1435B660FBE1}.xsens|Mixed Platforms.Build.0 = xsens|x86
		{28B99080-ADA0-47B2-90A5-1435B660FBE1}.xsens|Win32.ActiveCfg = xsens|x86
		{28B99080-ADA0-47B2-90A5-1435B660FBE1}.xsens|Win32.Build.0 = xsens|x86
		{28B99080-ADA0-47B2-90A5-1435B660FBE1}.xsens|x64.ActiveCfg = xsens|Any CPU
		{28B99080-ADA0-47B2-90A5-1435B660FBE1}.xsens|x86.ActiveCfg = xsens|x86
		{28B99080-ADA0-47B2-90A5-1435B660FBE1}.xsens|x86.Build.0 = xsens|x86
		{02FCA091-5E8A-43CC-BE16-F1E7FEAEE521}.Debug|Any CPU.ActiveCfg = Debug|Any CPU
		{02FCA091-5E8A-43CC-BE16-F1E7FEAEE521}.Debug|Any CPU.Build.0 = Debug|Any CPU
		{02FCA091-5E8A-43CC-BE16-F1E7FEAEE521}.Debug|Mixed Platforms.ActiveCfg = Debug|Any CPU
		{02FCA091-5E8A-43CC-BE16-F1E7FEAEE521}.Debug|Mixed Platforms.Build.0 = Debug|Any CPU
		{02FCA091-5E8A-43CC-BE16-F1E7FEAEE521}.Debug|Win32.ActiveCfg = Debug|Any CPU
		{02FCA091-5E8A-43CC-BE16-F1E7FEAEE521}.Debug|x64.ActiveCfg = Debug|Any CPU
		{02FCA091-5E8A-43CC-BE16-F1E7FEAEE521}.Debug|x86.ActiveCfg = Debug|Any CPU
		{02FCA091-5E8A-43CC-BE16-F1E7FEAEE521}.Release|Any CPU.ActiveCfg = Release|Any CPU
		{02FCA091-5E8A-43CC-BE16-F1E7FEAEE521}.Release|Any CPU.Build.0 = Release|Any CPU
		{02FCA091-5E8A-43CC-BE16-F1E7FEAEE521}.Release|Mixed Platforms.ActiveCfg = Release|Any CPU
		{02FCA091-5E8A-43CC-BE16-F1E7FEAEE521}.Release|Mixed Platforms.Build.0 = Release|Any CPU
		{02FCA091-5E8A-43CC-BE16-F1E7FEAEE521}.Release|Win32.ActiveCfg = Release|Any CPU
		{02FCA091-5E8A-43CC-BE16-F1E7FEAEE521}.Release|x64.ActiveCfg = Release|Any CPU
		{02FCA091-5E8A-43CC-BE16-F1E7FEAEE521}.Release|x86.ActiveCfg = Release|Any CPU
		{02FCA091-5E8A-43CC-BE16-F1E7FEAEE521}.xsens|Any CPU.ActiveCfg = xsens|Any CPU
		{02FCA091-5E8A-43CC-BE16-F1E7FEAEE521}.xsens|Any CPU.Build.0 = xsens|Any CPU
		{02FCA091-5E8A-43CC-BE16-F1E7FEAEE521}.xsens|Mixed Platforms.ActiveCfg = xsens|Any CPU
		{02FCA091-5E8A-43CC-BE16-F1E7FEAEE521}.xsens|Mixed Platforms.Build.0 = xsens|Any CPU
		{02FCA091-5E8A-43CC-BE16-F1E7FEAEE521}.xsens|Win32.ActiveCfg = xsens|Any CPU
		{02FCA091-5E8A-43CC-BE16-F1E7FEAEE521}.xsens|x64.ActiveCfg = xsens|Any CPU
		{02FCA091-5E8A-43CC-BE16-F1E7FEAEE521}.xsens|x86.ActiveCfg = xsens|Any CPU
		{438B400C-90CD-458B-8C53-F110ADB5B867}.Debug|Any CPU.ActiveCfg = Debug|Any CPU
		{438B400C-90CD-458B-8C53-F110ADB5B867}.Debug|Any CPU.Build.0 = Debug|Any CPU
		{438B400C-90CD-458B-8C53-F110ADB5B867}.Debug|Mixed Platforms.ActiveCfg = Debug|Any CPU
		{438B400C-90CD-458B-8C53-F110ADB5B867}.Debug|Mixed Platforms.Build.0 = Debug|Any CPU
		{438B400C-90CD-458B-8C53-F110ADB5B867}.Debug|Win32.ActiveCfg = Debug|Any CPU
		{438B400C-90CD-458B-8C53-F110ADB5B867}.Debug|x64.ActiveCfg = Debug|x64
		{438B400C-90CD-458B-8C53-F110ADB5B867}.Debug|x86.ActiveCfg = Debug|Any CPU
		{438B400C-90CD-458B-8C53-F110ADB5B867}.Release|Any CPU.ActiveCfg = Release|Any CPU
		{438B400C-90CD-458B-8C53-F110ADB5B867}.Release|Any CPU.Build.0 = Release|Any CPU
		{438B400C-90CD-458B-8C53-F110ADB5B867}.Release|Mixed Platforms.ActiveCfg = Release|Any CPU
		{438B400C-90CD-458B-8C53-F110ADB5B867}.Release|Mixed Platforms.Build.0 = Release|Any CPU
		{438B400C-90CD-458B-8C53-F110ADB5B867}.Release|Win32.ActiveCfg = Release|Any CPU
		{438B400C-90CD-458B-8C53-F110ADB5B867}.Release|x64.ActiveCfg = Release|x64
		{438B400C-90CD-458B-8C53-F110ADB5B867}.Release|x64.Build.0 = Release|x64
		{438B400C-90CD-458B-8C53-F110ADB5B867}.Release|x86.ActiveCfg = Release|Any CPU
		{438B400C-90CD-458B-8C53-F110ADB5B867}.xsens|Any CPU.ActiveCfg = Release|Any CPU
		{438B400C-90CD-458B-8C53-F110ADB5B867}.xsens|Any CPU.Build.0 = Release|Any CPU
		{438B400C-90CD-458B-8C53-F110ADB5B867}.xsens|Mixed Platforms.ActiveCfg = Release|Any CPU
		{438B400C-90CD-458B-8C53-F110ADB5B867}.xsens|Mixed Platforms.Build.0 = Release|Any CPU
		{438B400C-90CD-458B-8C53-F110ADB5B867}.xsens|Win32.ActiveCfg = Release|Any CPU
		{438B400C-90CD-458B-8C53-F110ADB5B867}.xsens|x64.ActiveCfg = Release|x64
		{438B400C-90CD-458B-8C53-F110ADB5B867}.xsens|x64.Build.0 = Release|x64
		{438B400C-90CD-458B-8C53-F110ADB5B867}.xsens|x86.ActiveCfg = Release|Any CPU
		{C9E7BF6C-8D70-4239-BF97-3D1B82A86C33}.Debug|Any CPU.ActiveCfg = Debug|Any CPU
		{C9E7BF6C-8D70-4239-BF97-3D1B82A86C33}.Debug|Any CPU.Build.0 = Debug|Any CPU
		{C9E7BF6C-8D70-4239-BF97-3D1B82A86C33}.Debug|Mixed Platforms.ActiveCfg = Debug|Any CPU
		{C9E7BF6C-8D70-4239-BF97-3D1B82A86C33}.Debug|Mixed Platforms.Build.0 = Debug|Any CPU
		{C9E7BF6C-8D70-4239-BF97-3D1B82A86C33}.Debug|Win32.ActiveCfg = Debug|Any CPU
		{C9E7BF6C-8D70-4239-BF97-3D1B82A86C33}.Debug|x64.ActiveCfg = Debug|Any CPU
		{C9E7BF6C-8D70-4239-BF97-3D1B82A86C33}.Debug|x86.ActiveCfg = Debug|Any CPU
		{C9E7BF6C-8D70-4239-BF97-3D1B82A86C33}.Release|Any CPU.ActiveCfg = Release|Any CPU
		{C9E7BF6C-8D70-4239-BF97-3D1B82A86C33}.Release|Any CPU.Build.0 = Release|Any CPU
		{C9E7BF6C-8D70-4239-BF97-3D1B82A86C33}.Release|Mixed Platforms.ActiveCfg = Release|Any CPU
		{C9E7BF6C-8D70-4239-BF97-3D1B82A86C33}.Release|Mixed Platforms.Build.0 = Release|Any CPU
		{C9E7BF6C-8D70-4239-BF97-3D1B82A86C33}.Release|Win32.ActiveCfg = Release|Any CPU
		{C9E7BF6C-8D70-4239-BF97-3D1B82A86C33}.Release|x64.ActiveCfg = Release|Any CPU
		{C9E7BF6C-8D70-4239-BF97-3D1B82A86C33}.Release|x86.ActiveCfg = Release|Any CPU
		{C9E7BF6C-8D70-4239-BF97-3D1B82A86C33}.xsens|Any CPU.ActiveCfg = Release|Any CPU
		{C9E7BF6C-8D70-4239-BF97-3D1B82A86C33}.xsens|Any CPU.Build.0 = Release|Any CPU
		{C9E7BF6C-8D70-4239-BF97-3D1B82A86C33}.xsens|Mixed Platforms.ActiveCfg = Release|Any CPU
		{C9E7BF6C-8D70-4239-BF97-3D1B82A86C33}.xsens|Mixed Platforms.Build.0 = Release|Any CPU
		{C9E7BF6C-8D70-4239-BF97-3D1B82A86C33}.xsens|Win32.ActiveCfg = Release|Any CPU
		{C9E7BF6C-8D70-4239-BF97-3D1B82A86C33}.xsens|x64.ActiveCfg = Release|Any CPU
		{C9E7BF6C-8D70-4239-BF97-3D1B82A86C33}.xsens|x86.ActiveCfg = Release|Any CPU
		{928E6FCC-9DE1-4289-904E-F9B498594C98}.Debug|Any CPU.ActiveCfg = Debug|Any CPU
		{928E6FCC-9DE1-4289-904E-F9B498594C98}.Debug|Any CPU.Build.0 = Debug|Any CPU
		{928E6FCC-9DE1-4289-904E-F9B498594C98}.Debug|Mixed Platforms.ActiveCfg = Debug|Any CPU
		{928E6FCC-9DE1-4289-904E-F9B498594C98}.Debug|Mixed Platforms.Build.0 = Debug|Any CPU
		{928E6FCC-9DE1-4289-904E-F9B498594C98}.Debug|Win32.ActiveCfg = Debug|Any CPU
		{928E6FCC-9DE1-4289-904E-F9B498594C98}.Debug|x64.ActiveCfg = Debug|Any CPU
		{928E6FCC-9DE1-4289-904E-F9B498594C98}.Debug|x86.ActiveCfg = Debug|Any CPU
		{928E6FCC-9DE1-4289-904E-F9B498594C98}.Release|Any CPU.ActiveCfg = Release|Any CPU
		{928E6FCC-9DE1-4289-904E-F9B498594C98}.Release|Any CPU.Build.0 = Release|Any CPU
		{928E6FCC-9DE1-4289-904E-F9B498594C98}.Release|Mixed Platforms.ActiveCfg = Release|Any CPU
		{928E6FCC-9DE1-4289-904E-F9B498594C98}.Release|Mixed Platforms.Build.0 = Release|Any CPU
		{928E6FCC-9DE1-4289-904E-F9B498594C98}.Release|Win32.ActiveCfg = Release|Any CPU
		{928E6FCC-9DE1-4289-904E-F9B498594C98}.Release|x64.ActiveCfg = Release|Any CPU
		{928E6FCC-9DE1-4289-904E-F9B498594C98}.Release|x86.ActiveCfg = Release|Any CPU
		{928E6FCC-9DE1-4289-904E-F9B498594C98}.xsens|Any CPU.ActiveCfg = Release|Any CPU
		{928E6FCC-9DE1-4289-904E-F9B498594C98}.xsens|Any CPU.Build.0 = Release|Any CPU
		{928E6FCC-9DE1-4289-904E-F9B498594C98}.xsens|Mixed Platforms.ActiveCfg = Release|Any CPU
		{928E6FCC-9DE1-4289-904E-F9B498594C98}.xsens|Mixed Platforms.Build.0 = Release|Any CPU
		{928E6FCC-9DE1-4289-904E-F9B498594C98}.xsens|Win32.ActiveCfg = Release|Any CPU
		{928E6FCC-9DE1-4289-904E-F9B498594C98}.xsens|x64.ActiveCfg = Release|Any CPU
		{928E6FCC-9DE1-4289-904E-F9B498594C98}.xsens|x86.ActiveCfg = Release|Any CPU
	EndGlobalSection
	GlobalSection(SolutionProperties) = preSolution
		HideSolutionNode = FALSE
	EndGlobalSection
EndGlobal
