// !$*UTF8*$!
{
	archiveVersion = 1;
	classes = {
	};
	objectVersion = 46;
	objects = {

/* Begin PBXBuildFile section */
		E3E9B7FD1C85B116000B9F15 /* main.m in Sources */ = {isa = PBXBuildFile; fileRef = E3E9B7FC1C85B116000B9F15 /* main.m */; };
		E3E9B8081C85B116000B9F15 /* Assets.xcassets in Resources */ = {isa = PBXBuildFile; fileRef = E3E9B8071C85B116000B9F15 /* Assets.xcassets */; };
		E3E9B80B1C85B116000B9F15 /* LaunchScreen.storyboard in Resources */ = {isa = PBXBuildFile; fileRef = E3E9B8091C85B116000B9F15 /* LaunchScreen.storyboard */; };
		E3E9B8161C85B117000B9F15 /* ____Tests.m in Sources */ = {isa = PBXBuildFile; fileRef = E3E9B8151C85B117000B9F15 /* ____Tests.m */; };
		E3E9B82F1C85B180000B9F15 /* silence.mp3 in Resources */ = {isa = PBXBuildFile; fileRef = E3E9B82E1C85B180000B9F15 /* silence.mp3 */; };
		E3E9B9991C85B298000B9F15 /* AVFoundation.framework in Frameworks */ = {isa = PBXBuildFile; fileRef = E3E9B9981C85B298000B9F15 /* AVFoundation.framework */; };
		E3E9B99B1C85B2A0000B9F15 /* UIKit.framework in Frameworks */ = {isa = PBXBuildFile; fileRef = E3E9B99A1C85B2A0000B9F15 /* UIKit.framework */; };
		E3E9BED81C85BB5B000B9F15 /* IWOAuthViewController.m in Sources */ = {isa = PBXBuildFile; fileRef = E3E9BDF71C85BB5B000B9F15 /* IWOAuthViewController.m */; };
		E3E9BED91C85BB5B000B9F15 /* IWAccount.m in Sources */ = {isa = PBXBuildFile; fileRef = E3E9BDFA1C85BB5B000B9F15 /* IWAccount.m */; };
		E3E9BEDA1C85BB5B000B9F15 /* IWBasicSettingViewController.m in Sources */ = {isa = PBXBuildFile; fileRef = E3E9BE001C85BB5B000B9F15 /* IWBasicSettingViewController.m */; };
		E3E9BEDB1C85BB5B000B9F15 /* IWArrowItem.m in Sources */ = {isa = PBXBuildFile; fileRef = E3E9BE031C85BB5B000B9F15 /* IWArrowItem.m */; };
		E3E9BEDC1C85BB5B000B9F15 /* IWBadgeItem.m in Sources */ = {isa = PBXBuildFile; fileRef = E3E9BE051C85BB5B000B9F15 /* IWBadgeItem.m */; };
		E3E9BEDD1C85BB5B000B9F15 /* IWCheakItem.m in Sources */ = {isa = PBXBuildFile; fileRef = E3E9BE071C85BB5B000B9F15 /* IWCheakItem.m */; };
		E3E9BEDE1C85BB5B000B9F15 /* IWGroupItem.m in Sources */ = {isa = PBXBuildFile; fileRef = E3E9BE091C85BB5B000B9F15 /* IWGroupItem.m */; };
		E3E9BEDF1C85BB5B000B9F15 /* IWLabelItem.m in Sources */ = {isa = PBXBuildFile; fileRef = E3E9BE0B1C85BB5B000B9F15 /* IWLabelItem.m */; };
		E3E9BEE01C85BB5B000B9F15 /* IWSettingItem.m in Sources */ = {isa = PBXBuildFile; fileRef = E3E9BE0D1C85BB5B000B9F15 /* IWSettingItem.m */; };
		E3E9BEE11C85BB5B000B9F15 /* IWSwitchItem.m in Sources */ = {isa = PBXBuildFile; fileRef = E3E9BE0F1C85BB5B000B9F15 /* IWSwitchItem.m */; };
		E3E9BEE21C85BB5B000B9F15 /* IWBasicSettingCell.m in Sources */ = {isa = PBXBuildFile; fileRef = E3E9BE121C85BB5B000B9F15 /* IWBasicSettingCell.m */; };
		E3E9BEE31C85BB5B000B9F15 /* IWComposeViewController.m in Sources */ = {isa = PBXBuildFile; fileRef = E3E9BE161C85BB5B000B9F15 /* IWComposeViewController.m */; };
		E3E9BEE41C85BB5B000B9F15 /* IWComposePhotosView.m in Sources */ = {isa = PBXBuildFile; fileRef = E3E9BE1A1C85BB5B000B9F15 /* IWComposePhotosView.m */; };
		E3E9BEE51C85BB5B000B9F15 /* IWComposeToolBar.m in Sources */ = {isa = PBXBuildFile; fileRef = E3E9BE1C1C85BB5B000B9F15 /* IWComposeToolBar.m */; };
		E3E9BEE61C85BB5B000B9F15 /* IWTextView.m in Sources */ = {isa = PBXBuildFile; fileRef = E3E9BE1E1C85BB5B000B9F15 /* IWTextView.m */; };
		E3E9BEE71C85BB5B000B9F15 /* IWDiscoverViewController.m in Sources */ = {isa = PBXBuildFile; fileRef = E3E9BE221C85BB5B000B9F15 /* IWDiscoverViewController.m */; };
		E3E9BEE81C85BB5B000B9F15 /* IWSearchBar.m in Sources */ = {isa = PBXBuildFile; fileRef = E3E9BE261C85BB5B000B9F15 /* IWSearchBar.m */; };
		E3E9BEE91C85BB5B000B9F15 /* IWHomeViewController.m in Sources */ = {isa = PBXBuildFile; fileRef = E3E9BE2A1C85BB5B000B9F15 /* IWHomeViewController.m */; };
		E3E9BEEA1C85BB5B000B9F15 /* IWOneViewController.m in Sources */ = {isa = PBXBuildFile; fileRef = E3E9BE2C1C85BB5B000B9F15 /* IWOneViewController.m */; };
		E3E9BEEB1C85BB5B000B9F15 /* IWOneViewController.xib in Resources */ = {isa = PBXBuildFile; fileRef = E3E9BE2D1C85BB5B000B9F15 /* IWOneViewController.xib */; };
		E3E9BEEC1C85BB5B000B9F15 /* IWPopViewController.m in Sources */ = {isa = PBXBuildFile; fileRef = E3E9BE2F1C85BB5B000B9F15 /* IWPopViewController.m */; };
		E3E9BEED1C85BB5B000B9F15 /* IWTwoViewController.m in Sources */ = {isa = PBXBuildFile; fileRef = E3E9BE311C85BB5B000B9F15 /* IWTwoViewController.m */; };
		E3E9BEEE1C85BB5B000B9F15 /* IWTwoViewController.xib in Resources */ = {isa = PBXBuildFile; fileRef = E3E9BE321C85BB5B000B9F15 /* IWTwoViewController.xib */; };
		E3E9BEEF1C85BB5B000B9F15 /* IWPhoto.m in Sources */ = {isa = PBXBuildFile; fileRef = E3E9BE351C85BB5B000B9F15 /* IWPhoto.m */; };
		E3E9BEF01C85BB5B000B9F15 /* IWStatus.m in Sources */ = {isa = PBXBuildFile; fileRef = E3E9BE371C85BB5B000B9F15 /* IWStatus.m */; };
		E3E9BEF11C85BB5B000B9F15 /* IWUser.m in Sources */ = {isa = PBXBuildFile; fileRef = E3E9BE391C85BB5B000B9F15 /* IWUser.m */; };
		E3E9BEF21C85BB5B000B9F15 /* IWStatusFrame.m in Sources */ = {isa = PBXBuildFile; fileRef = E3E9BE3C1C85BB5B000B9F15 /* IWStatusFrame.m */; };
		E3E9BEF31C85BB5B000B9F15 /* IWOriginalView.m in Sources */ = {isa = PBXBuildFile; fileRef = E3E9BE401C85BB5B000B9F15 /* IWOriginalView.m */; };
		E3E9BEF41C85BB5B000B9F15 /* IWPhotosView.m in Sources */ = {isa = PBXBuildFile; fileRef = E3E9BE421C85BB5B000B9F15 /* IWPhotosView.m */; };
		E3E9BEF51C85BB5B000B9F15 /* IWPhotoView.m in Sources */ = {isa = PBXBuildFile; fileRef = E3E9BE441C85BB5B000B9F15 /* IWPhotoView.m */; };
		E3E9BEF61C85BB5B000B9F15 /* IWRetweetedView.m in Sources */ = {isa = PBXBuildFile; fileRef = E3E9BE461C85BB5B000B9F15 /* IWRetweetedView.m */; };
		E3E9BEF71C85BB5B000B9F15 /* IWStatusCell.m in Sources */ = {isa = PBXBuildFile; fileRef = E3E9BE481C85BB5B000B9F15 /* IWStatusCell.m */; };
		E3E9BEF81C85BB5B000B9F15 /* IWToolBarView.m in Sources */ = {isa = PBXBuildFile; fileRef = E3E9BE4A1C85BB5B000B9F15 /* IWToolBarView.m */; };
		E3E9BEF91C85BB5B000B9F15 /* IWPopView.m in Sources */ = {isa = PBXBuildFile; fileRef = E3E9BE4C1C85BB5B000B9F15 /* IWPopView.m */; };
		E3E9BEFA1C85BB5B000B9F15 /* IWTitleButton.m in Sources */ = {isa = PBXBuildFile; fileRef = E3E9BE4E1C85BB5B000B9F15 /* IWTitleButton.m */; };
		E3E9BEFB1C85BB5B000B9F15 /* IWNavViewController.m in Sources */ = {isa = PBXBuildFile; fileRef = E3E9BE521C85BB5B000B9F15 /* IWNavViewController.m */; };
		E3E9BEFC1C85BB5B000B9F15 /* IWTabBarController.m in Sources */ = {isa = PBXBuildFile; fileRef = E3E9BE541C85BB5B000B9F15 /* IWTabBarController.m */; };
		E3E9BEFD1C85BB5B000B9F15 /* IWBadgeView.m in Sources */ = {isa = PBXBuildFile; fileRef = E3E9BE581C85BB5B000B9F15 /* IWBadgeView.m */; };
		E3E9BEFE1C85BB5B000B9F15 /* IWTabBar.m in Sources */ = {isa = PBXBuildFile; fileRef = E3E9BE5A1C85BB5B000B9F15 /* IWTabBar.m */; };
		E3E9BEFF1C85BB5B000B9F15 /* IWTabBarButton.m in Sources */ = {isa = PBXBuildFile; fileRef = E3E9BE5C1C85BB5B000B9F15 /* IWTabBarButton.m */; };
		E3E9BF001C85BB5B000B9F15 /* IWMessageViewController.m in Sources */ = {isa = PBXBuildFile; fileRef = E3E9BE601C85BB5B000B9F15 /* IWMessageViewController.m */; };
		E3E9BF011C85BB5B000B9F15 /* IWNewFeatureController.m in Sources */ = {isa = PBXBuildFile; fileRef = E3E9BE661C85BB5B000B9F15 /* IWNewFeatureController.m */; };
		E3E9BF021C85BB5B000B9F15 /* IWNewFeatureCell.m in Sources */ = {isa = PBXBuildFile; fileRef = E3E9BE6A1C85BB5B000B9F15 /* IWNewFeatureCell.m */; };
		E3E9BF031C85BB5B000B9F15 /* UIBarButtonItem+Create.m in Sources */ = {isa = PBXBuildFile; fileRef = E3E9BE6E1C85BB5B000B9F15 /* UIBarButtonItem+Create.m */; };
		E3E9BF041C85BB5B000B9F15 /* UIImage+Resizable.m in Sources */ = {isa = PBXBuildFile; fileRef = E3E9BE701C85BB5B000B9F15 /* UIImage+Resizable.m */; };
		E3E9BF051C85BB5B000B9F15 /* FMDatabase.m in Sources */ = {isa = PBXBuildFile; fileRef = E3E9BE771C85BB5B000B9F15 /* FMDatabase.m */; };
		E3E9BF061C85BB5B000B9F15 /* FMDatabaseAdditions.m in Sources */ = {isa = PBXBuildFile; fileRef = E3E9BE791C85BB5B000B9F15 /* FMDatabaseAdditions.m */; };
		E3E9BF071C85BB5B000B9F15 /* FMDatabasePool.m in Sources */ = {isa = PBXBuildFile; fileRef = E3E9BE7B1C85BB5B000B9F15 /* FMDatabasePool.m */; };
		E3E9BF081C85BB5B000B9F15 /* FMDatabaseQueue.m in Sources */ = {isa = PBXBuildFile; fileRef = E3E9BE7D1C85BB5B000B9F15 /* FMDatabaseQueue.m */; };
		E3E9BF091C85BB5B000B9F15 /* FMResultSet.m in Sources */ = {isa = PBXBuildFile; fileRef = E3E9BE801C85BB5B000B9F15 /* FMResultSet.m */; };
		E3E9BF0A1C85BB5B000B9F15 /* MJArgument.m in Sources */ = {isa = PBXBuildFile; fileRef = E3E9BE841C85BB5B000B9F15 /* MJArgument.m */; };
		E3E9BF0B1C85BB5B000B9F15 /* MJConst.m in Sources */ = {isa = PBXBuildFile; fileRef = E3E9BE861C85BB5B000B9F15 /* MJConst.m */; };
		E3E9BF0C1C85BB5B000B9F15 /* MJIvar.m in Sources */ = {isa = PBXBuildFile; fileRef = E3E9BE881C85BB5B000B9F15 /* MJIvar.m */; };
		E3E9BF0D1C85BB5B000B9F15 /* MJMember.m in Sources */ = {isa = PBXBuildFile; fileRef = E3E9BE8A1C85BB5B000B9F15 /* MJMember.m */; };
		E3E9BF0E1C85BB5B000B9F15 /* MJMethod.m in Sources */ = {isa = PBXBuildFile; fileRef = E3E9BE8C1C85BB5B000B9F15 /* MJMethod.m */; };
		E3E9BF0F1C85BB5B000B9F15 /* MJType.m in Sources */ = {isa = PBXBuildFile; fileRef = E3E9BE8E1C85BB5B000B9F15 /* MJType.m */; };
		E3E9BF101C85BB5B000B9F15 /* MJTypeEncoding.m in Sources */ = {isa = PBXBuildFile; fileRef = E3E9BE901C85BB5B000B9F15 /* MJTypeEncoding.m */; };
		E3E9BF111C85BB5B000B9F15 /* NSObject+MJMember.m in Sources */ = {isa = PBXBuildFile; fileRef = E3E9BE921C85BB5B000B9F15 /* NSObject+MJMember.m */; };
		E3E9BF121C85BB5B000B9F15 /* Weibocfg.m in Sources */ = {isa = PBXBuildFile; fileRef = E3E9BE971C85BB5B000B9F15 /* Weibocfg.m */; };
		E3E9BF131C85BB5B000B9F15 /* IWProfileViewController.m in Sources */ = {isa = PBXBuildFile; fileRef = E3E9BE9B1C85BB5B000B9F15 /* IWProfileViewController.m */; };
		E3E9BF141C85BB5B000B9F15 /* IWProfileCell.m in Sources */ = {isa = PBXBuildFile; fileRef = E3E9BE9F1C85BB5B000B9F15 /* IWProfileCell.m */; };
		E3E9BF151C85BB5B000B9F15 /* IWCommonSettingViewController.m in Sources */ = {isa = PBXBuildFile; fileRef = E3E9BEA31C85BB5B000B9F15 /* IWCommonSettingViewController.m */; };
		E3E9BF161C85BB5B000B9F15 /* IWFontSizeViewController.m in Sources */ = {isa = PBXBuildFile; fileRef = E3E9BEA51C85BB5B000B9F15 /* IWFontSizeViewController.m */; };
		E3E9BF171C85BB5B000B9F15 /* IWQualityViewController.m in Sources */ = {isa = PBXBuildFile; fileRef = E3E9BEA71C85BB5B000B9F15 /* IWQualityViewController.m */; };
		E3E9BF181C85BB5B000B9F15 /* IWSettingViewController.m in Sources */ = {isa = PBXBuildFile; fileRef = E3E9BEA91C85BB5B000B9F15 /* IWSettingViewController.m */; };
		E3E9BF191C85BB5B000B9F15 /* IWAccountTool.m in Sources */ = {isa = PBXBuildFile; fileRef = E3E9BEAF1C85BB5B000B9F15 /* IWAccountTool.m */; };
		E3E9BF1A1C85BB5B000B9F15 /* IWAccountParam.m in Sources */ = {isa = PBXBuildFile; fileRef = E3E9BEB21C85BB5B000B9F15 /* IWAccountParam.m */; };
		E3E9BF1B1C85BB5B000B9F15 /* IWComposeTool.m in Sources */ = {isa = PBXBuildFile; fileRef = E3E9BEB51C85BB5B000B9F15 /* IWComposeTool.m */; };
		E3E9BF1C1C85BB5B000B9F15 /* IWComposeParam.m in Sources */ = {isa = PBXBuildFile; fileRef = E3E9BEB81C85BB5B000B9F15 /* IWComposeParam.m */; };
		E3E9BF1D1C85BB5B000B9F15 /* IWGuideTool.m in Sources */ = {isa = PBXBuildFile; fileRef = E3E9BEBC1C85BB5B000B9F15 /* IWGuideTool.m */; };
		E3E9BF1E1C85BB5B000B9F15 /* IWHttpTool.m in Sources */ = {isa = PBXBuildFile; fileRef = E3E9BEBF1C85BB5B000B9F15 /* IWHttpTool.m */; };
		E3E9BF1F1C85BB5B000B9F15 /* IWUploadParam.m in Sources */ = {isa = PBXBuildFile; fileRef = E3E9BEC21C85BB5B000B9F15 /* IWUploadParam.m */; };
		E3E9BF201C85BB5B000B9F15 /* IWStatusTool.m in Sources */ = {isa = PBXBuildFile; fileRef = E3E9BEC51C85BB5B000B9F15 /* IWStatusTool.m */; };
		E3E9BF211C85BB5B000B9F15 /* IWStatusParam.m in Sources */ = {isa = PBXBuildFile; fileRef = E3E9BEC81C85BB5B000B9F15 /* IWStatusParam.m */; };
		E3E9BF221C85BB5B000B9F15 /* IWStatusResult.m in Sources */ = {isa = PBXBuildFile; fileRef = E3E9BECB1C85BB5B000B9F15 /* IWStatusResult.m */; };
		E3E9BF231C85BB5B000B9F15 /* IWStatusCacheTool.m in Sources */ = {isa = PBXBuildFile; fileRef = E3E9BECE1C85BB5B000B9F15 /* IWStatusCacheTool.m */; };
		E3E9BF241C85BB5B000B9F15 /* IWUserTool.m in Sources */ = {isa = PBXBuildFile; fileRef = E3E9BED11C85BB5B000B9F15 /* IWUserTool.m */; };
		E3E9BF251C85BB5B000B9F15 /* IWUserParam.m in Sources */ = {isa = PBXBuildFile; fileRef = E3E9BED41C85BB5B000B9F15 /* IWUserParam.m */; };
		E3E9BF261C85BB5B000B9F15 /* IWUserUnreadResult.m in Sources */ = {isa = PBXBuildFile; fileRef = E3E9BED71C85BB5B000B9F15 /* IWUserUnreadResult.m */; };
/* End PBXBuildFile section */

/* Begin PBXContainerItemProxy section */
		E3E9B8121C85B117000B9F15 /* PBXContainerItemProxy */ = {
			isa = PBXContainerItemProxy;
			containerPortal = E3E9B7F01C85B116000B9F15 /* Project object */;
			proxyType = 1;
			remoteGlobalIDString = E3E9B7F71C85B116000B9F15;
			remoteInfo = "测试微博";
		};
		E3E9B81D1C85B117000B9F15 /* PBXContainerItemProxy */ = {
			isa = PBXContainerItemProxy;
			containerPortal = E3E9B7F01C85B116000B9F15 /* Project object */;
			proxyType = 1;
			remoteGlobalIDString = E3E9B7F71C85B116000B9F15;
			remoteInfo = "测试微博";
		};
/* End PBXContainerItemProxy section */

/* Begin PBXFileReference section */
		E3E9B7F81C85B116000B9F15 /* 测试微博.app */ = {isa = PBXFileReference; explicitFileType = wrapper.application; includeInIndex = 0; path = "测试微博.app"; sourceTree = BUILT_PRODUCTS_DIR; };
		E3E9B7FC1C85B116000B9F15 /* main.m */ = {isa = PBXFileReference; lastKnownFileType = sourcecode.c.objc; path = main.m; sourceTree = "<group>"; };
		E3E9B8071C85B116000B9F15 /* Assets.xcassets */ = {isa = PBXFileReference; lastKnownFileType = folder.assetcatalog; path = Assets.xcassets; sourceTree = "<group>"; };
		E3E9B80A1C85B116000B9F15 /* Base */ = {isa = PBXFileReference; lastKnownFileType = file.storyboard; name = Base; path = Base.lproj/LaunchScreen.storyboard; sourceTree = "<group>"; };
		E3E9B80C1C85B116000B9F15 /* Info.plist */ = {isa = PBXFileReference; lastKnownFileType = text.plist.xml; path = Info.plist; sourceTree = "<group>"; };
		E3E9B8111C85B117000B9F15 /* 测试微博Tests.xctest */ = {isa = PBXFileReference; explicitFileType = wrapper.cfbundle; includeInIndex = 0; path = "测试微博Tests.xctest"; sourceTree = BUILT_PRODUCTS_DIR; };
		E3E9B8151C85B117000B9F15 /* ____Tests.m */ = {isa = PBXFileReference; lastKnownFileType = sourcecode.c.objc; path = "____Tests.m"; sourceTree = "<group>"; };
		E3E9B8171C85B117000B9F15 /* Info.plist */ = {isa = PBXFileReference; lastKnownFileType = text.plist.xml; path = Info.plist; sourceTree = "<group>"; };
		E3E9B81C1C85B117000B9F15 /* 测试微博UITests.xctest */ = {isa = PBXFileReference; explicitFileType = wrapper.cfbundle; includeInIndex = 0; path = "测试微博UITests.xctest"; sourceTree = BUILT_PRODUCTS_DIR; };
		E3E9B82E1C85B180000B9F15 /* silence.mp3 */ = {isa = PBXFileReference; lastKnownFileType = audio.mp3; path = silence.mp3; sourceTree = "<group>"; };
		E3E9B9981C85B298000B9F15 /* AVFoundation.framework */ = {isa = PBXFileReference; lastKnownFileType = wrapper.framework; name = AVFoundation.framework; path = System/Library/Frameworks/AVFoundation.framework; sourceTree = SDKROOT; };
		E3E9B99A1C85B2A0000B9F15 /* UIKit.framework */ = {isa = PBXFileReference; lastKnownFileType = wrapper.framework; name = UIKit.framework; path = System/Library/Frameworks/UIKit.framework; sourceTree = SDKROOT; };
		E3E9BDF61C85BB5B000B9F15 /* IWOAuthViewController.h */ = {isa = PBXFileReference; fileEncoding = 4; lastKnownFileType = sourcecode.c.h; path = IWOAuthViewController.h; sourceTree = "<group>"; };
		E3E9BDF71C85BB5B000B9F15 /* IWOAuthViewController.m */ = {isa = PBXFileReference; fileEncoding = 4; lastKnownFileType = sourcecode.c.objc; path = IWOAuthViewController.m; sourceTree = "<group>"; };
		E3E9BDF91C85BB5B000B9F15 /* IWAccount.h */ = {isa = PBXFileReference; fileEncoding = 4; lastKnownFileType = sourcecode.c.h; path = IWAccount.h; sourceTree = "<group>"; };
		E3E9BDFA1C85BB5B000B9F15 /* IWAccount.m */ = {isa = PBXFileReference; fileEncoding = 4; lastKnownFileType = sourcecode.c.objc; path = IWAccount.m; sourceTree = "<group>"; };
		E3E9BDFF1C85BB5B000B9F15 /* IWBasicSettingViewController.h */ = {isa = PBXFileReference; fileEncoding = 4; lastKnownFileType = sourcecode.c.h; path = IWBasicSettingViewController.h; sourceTree = "<group>"; };
		E3E9BE001C85BB5B000B9F15 /* IWBasicSettingViewController.m */ = {isa = PBXFileReference; fileEncoding = 4; lastKnownFileType = sourcecode.c.objc; path = IWBasicSettingViewController.m; sourceTree = "<group>"; };
		E3E9BE021C85BB5B000B9F15 /* IWArrowItem.h */ = {isa = PBXFileReference; fileEncoding = 4; lastKnownFileType = sourcecode.c.h; path = IWArrowItem.h; sourceTree = "<group>"; };
		E3E9BE031C85BB5B000B9F15 /* IWArrowItem.m */ = {isa = PBXFileReference; fileEncoding = 4; lastKnownFileType = sourcecode.c.objc; path = IWArrowItem.m; sourceTree = "<group>"; };
		E3E9BE041C85BB5B000B9F15 /* IWBadgeItem.h */ = {isa = PBXFileReference; fileEncoding = 4; lastKnownFileType = sourcecode.c.h; path = IWBadgeItem.h; sourceTree = "<group>"; };
		E3E9BE051C85BB5B000B9F15 /* IWBadgeItem.m */ = {isa = PBXFileReference; fileEncoding = 4; lastKnownFileType = sourcecode.c.objc; path = IWBadgeItem.m; sourceTree = "<group>"; };
		E3E9BE061C85BB5B000B9F15 /* IWCheakItem.h */ = {isa = PBXFileReference; fileEncoding = 4; lastKnownFileType = sourcecode.c.h; path = IWCheakItem.h; sourceTree = "<group>"; };
		E3E9BE071C85BB5B000B9F15 /* IWCheakItem.m */ = {isa = PBXFileReference; fileEncoding = 4; lastKnownFileType = sourcecode.c.objc; path = IWCheakItem.m; sourceTree = "<group>"; };
		E3E9BE081C85BB5B000B9F15 /* IWGroupItem.h */ = {isa = PBXFileReference; fileEncoding = 4; lastKnownFileType = sourcecode.c.h; path = IWGroupItem.h; sourceTree = "<group>"; };
		E3E9BE091C85BB5B000B9F15 /* IWGroupItem.m */ = {isa = PBXFileReference; fileEncoding = 4; lastKnownFileType = sourcecode.c.objc; path = IWGroupItem.m; sourceTree = "<group>"; };
		E3E9BE0A1C85BB5B000B9F15 /* IWLabelItem.h */ = {isa = PBXFileReference; fileEncoding = 4; lastKnownFileType = sourcecode.c.h; path = IWLabelItem.h; sourceTree = "<group>"; };
		E3E9BE0B1C85BB5B000B9F15 /* IWLabelItem.m */ = {isa = PBXFileReference; fileEncoding = 4; lastKnownFileType = sourcecode.c.objc; path = IWLabelItem.m; sourceTree = "<group>"; };
		E3E9BE0C1C85BB5B000B9F15 /* IWSettingItem.h */ = {isa = PBXFileReference; fileEncoding = 4; lastKnownFileType = sourcecode.c.h; path = IWSettingItem.h; sourceTree = "<group>"; };
		E3E9BE0D1C85BB5B000B9F15 /* IWSettingItem.m */ = {isa = PBXFileReference; fileEncoding = 4; lastKnownFileType = sourcecode.c.objc; path = IWSettingItem.m; sourceTree = "<group>"; };
		E3E9BE0E1C85BB5B000B9F15 /* IWSwitchItem.h */ = {isa = PBXFileReference; fileEncoding = 4; lastKnownFileType = sourcecode.c.h; path = IWSwitchItem.h; sourceTree = "<group>"; };
		E3E9BE0F1C85BB5B000B9F15 /* IWSwitchItem.m */ = {isa = PBXFileReference; fileEncoding = 4; lastKnownFileType = sourcecode.c.objc; path = IWSwitchItem.m; sourceTree = "<group>"; };
		E3E9BE111C85BB5B000B9F15 /* IWBasicSettingCell.h */ = {isa = PBXFileReference; fileEncoding = 4; lastKnownFileType = sourcecode.c.h; path = IWBasicSettingCell.h; sourceTree = "<group>"; };
		E3E9BE121C85BB5B000B9F15 /* IWBasicSettingCell.m */ = {isa = PBXFileReference; fileEncoding = 4; lastKnownFileType = sourcecode.c.objc; path = IWBasicSettingCell.m; sourceTree = "<group>"; };
		E3E9BE151C85BB5B000B9F15 /* IWComposeViewController.h */ = {isa = PBXFileReference; fileEncoding = 4; lastKnownFileType = sourcecode.c.h; path = IWComposeViewController.h; sourceTree = "<group>"; };
		E3E9BE161C85BB5B000B9F15 /* IWComposeViewController.m */ = {isa = PBXFileReference; fileEncoding = 4; lastKnownFileType = sourcecode.c.objc; path = IWComposeViewController.m; sourceTree = "<group>"; };
		E3E9BE191C85BB5B000B9F15 /* IWComposePhotosView.h */ = {isa = PBXFileReference; fileEncoding = 4; lastKnownFileType = sourcecode.c.h; path = IWComposePhotosView.h; sourceTree = "<group>"; };
		E3E9BE1A1C85BB5B000B9F15 /* IWComposePhotosView.m */ = {isa = PBXFileReference; fileEncoding = 4; lastKnownFileType = sourcecode.c.objc; path = IWComposePhotosView.m; sourceTree = "<group>"; };
		E3E9BE1B1C85BB5B000B9F15 /* IWComposeToolBar.h */ = {isa = PBXFileReference; fileEncoding = 4; lastKnownFileType = sourcecode.c.h; path = IWComposeToolBar.h; sourceTree = "<group>"; };
		E3E9BE1C1C85BB5B000B9F15 /* IWComposeToolBar.m */ = {isa = PBXFileReference; fileEncoding = 4; lastKnownFileType = sourcecode.c.objc; path = IWComposeToolBar.m; sourceTree = "<group>"; };
		E3E9BE1D1C85BB5B000B9F15 /* IWTextView.h */ = {isa = PBXFileReference; fileEncoding = 4; lastKnownFileType = sourcecode.c.h; path = IWTextView.h; sourceTree = "<group>"; };
		E3E9BE1E1C85BB5B000B9F15 /* IWTextView.m */ = {isa = PBXFileReference; fileEncoding = 4; lastKnownFileType = sourcecode.c.objc; path = IWTextView.m; sourceTree = "<group>"; };
		E3E9BE211C85BB5B000B9F15 /* IWDiscoverViewController.h */ = {isa = PBXFileReference; fileEncoding = 4; lastKnownFileType = sourcecode.c.h; path = IWDiscoverViewController.h; sourceTree = "<group>"; };
		E3E9BE221C85BB5B000B9F15 /* IWDiscoverViewController.m */ = {isa = PBXFileReference; fileEncoding = 4; lastKnownFileType = sourcecode.c.objc; path = IWDiscoverViewController.m; sourceTree = "<group>"; };
		E3E9BE251C85BB5B000B9F15 /* IWSearchBar.h */ = {isa = PBXFileReference; fileEncoding = 4; lastKnownFileType = sourcecode.c.h; path = IWSearchBar.h; sourceTree = "<group>"; };
		E3E9BE261C85BB5B000B9F15 /* IWSearchBar.m */ = {isa = PBXFileReference; fileEncoding = 4; lastKnownFileType = sourcecode.c.objc; path = IWSearchBar.m; sourceTree = "<group>"; };
		E3E9BE291C85BB5B000B9F15 /* IWHomeViewController.h */ = {isa = PBXFileReference; fileEncoding = 4; lastKnownFileType = sourcecode.c.h; path = IWHomeViewController.h; sourceTree = "<group>"; };
		E3E9BE2A1C85BB5B000B9F15 /* IWHomeViewController.m */ = {isa = PBXFileReference; fileEncoding = 4; lastKnownFileType = sourcecode.c.objc; path = IWHomeViewController.m; sourceTree = "<group>"; };
		E3E9BE2B1C85BB5B000B9F15 /* IWOneViewController.h */ = {isa = PBXFileReference; fileEncoding = 4; lastKnownFileType = sourcecode.c.h; path = IWOneViewController.h; sourceTree = "<group>"; };
		E3E9BE2C1C85BB5B000B9F15 /* IWOneViewController.m */ = {isa = PBXFileReference; fileEncoding = 4; lastKnownFileType = sourcecode.c.objc; path = IWOneViewController.m; sourceTree = "<group>"; };
		E3E9BE2D1C85BB5B000B9F15 /* IWOneViewController.xib */ = {isa = PBXFileReference; fileEncoding = 4; lastKnownFileType = file.xib; path = IWOneViewController.xib; sourceTree = "<group>"; };
		E3E9BE2E1C85BB5B000B9F15 /* IWPopViewController.h */ = {isa = PBXFileReference; fileEncoding = 4; lastKnownFileType = sourcecode.c.h; path = IWPopViewController.h; sourceTree = "<group>"; };
		E3E9BE2F1C85BB5B000B9F15 /* IWPopViewController.m */ = {isa = PBXFileReference; fileEncoding = 4; lastKnownFileType = sourcecode.c.objc; path = IWPopViewController.m; sourceTree = "<group>"; };
		E3E9BE301C85BB5B000B9F15 /* IWTwoViewController.h */ = {isa = PBXFileReference; fileEncoding = 4; lastKnownFileType = sourcecode.c.h; path = IWTwoViewController.h; sourceTree = "<group>"; };
		E3E9BE311C85BB5B000B9F15 /* IWTwoViewController.m */ = {isa = PBXFileReference; fileEncoding = 4; lastKnownFileType = sourcecode.c.objc; path = IWTwoViewController.m; sourceTree = "<group>"; };
		E3E9BE321C85BB5B000B9F15 /* IWTwoViewController.xib */ = {isa = PBXFileReference; fileEncoding = 4; lastKnownFileType = file.xib; path = IWTwoViewController.xib; sourceTree = "<group>"; };
		E3E9BE341C85BB5B000B9F15 /* IWPhoto.h */ = {isa = PBXFileReference; fileEncoding = 4; lastKnownFileType = sourcecode.c.h; path = IWPhoto.h; sourceTree = "<group>"; };
		E3E9BE351C85BB5B000B9F15 /* IWPhoto.m */ = {isa = PBXFileReference; fileEncoding = 4; lastKnownFileType = sourcecode.c.objc; path = IWPhoto.m; sourceTree = "<group>"; };
		E3E9BE361C85BB5B000B9F15 /* IWStatus.h */ = {isa = PBXFileReference; fileEncoding = 4; lastKnownFileType = sourcecode.c.h; path = IWStatus.h; sourceTree = "<group>"; };
		E3E9BE371C85BB5B000B9F15 /* IWStatus.m */ = {isa = PBXFileReference; fileEncoding = 4; lastKnownFileType = sourcecode.c.objc; path = IWStatus.m; sourceTree = "<group>"; };
		E3E9BE381C85BB5B000B9F15 /* IWUser.h */ = {isa = PBXFileReference; fileEncoding = 4; lastKnownFileType = sourcecode.c.h; path = IWUser.h; sourceTree = "<group>"; };
		E3E9BE391C85BB5B000B9F15 /* IWUser.m */ = {isa = PBXFileReference; fileEncoding = 4; lastKnownFileType = sourcecode.c.objc; path = IWUser.m; sourceTree = "<group>"; };
		E3E9BE3B1C85BB5B000B9F15 /* IWStatusFrame.h */ = {isa = PBXFileReference; fileEncoding = 4; lastKnownFileType = sourcecode.c.h; path = IWStatusFrame.h; sourceTree = "<group>"; };
		E3E9BE3C1C85BB5B000B9F15 /* IWStatusFrame.m */ = {isa = PBXFileReference; fileEncoding = 4; lastKnownFileType = sourcecode.c.objc; path = IWStatusFrame.m; sourceTree = "<group>"; };
		E3E9BE3F1C85BB5B000B9F15 /* IWOriginalView.h */ = {isa = PBXFileReference; fileEncoding = 4; lastKnownFileType = sourcecode.c.h; path = IWOriginalView.h; sourceTree = "<group>"; };
		E3E9BE401C85BB5B000B9F15 /* IWOriginalView.m */ = {isa = PBXFileReference; fileEncoding = 4; lastKnownFileType = sourcecode.c.objc; path = IWOriginalView.m; sourceTree = "<group>"; };
		E3E9BE411C85BB5B000B9F15 /* IWPhotosView.h */ = {isa = PBXFileReference; fileEncoding = 4; lastKnownFileType = sourcecode.c.h; path = IWPhotosView.h; sourceTree = "<group>"; };
		E3E9BE421C85BB5B000B9F15 /* IWPhotosView.m */ = {isa = PBXFileReference; fileEncoding = 4; lastKnownFileType = sourcecode.c.objc; path = IWPhotosView.m; sourceTree = "<group>"; };
		E3E9BE431C85BB5B000B9F15 /* IWPhotoView.h */ = {isa = PBXFileReference; fileEncoding = 4; lastKnownFileType = sourcecode.c.h; path = IWPhotoView.h; sourceTree = "<group>"; };
		E3E9BE441C85BB5B000B9F15 /* IWPhotoView.m */ = {isa = PBXFileReference; fileEncoding = 4; lastKnownFileType = sourcecode.c.objc; path = IWPhotoView.m; sourceTree = "<group>"; };
		E3E9BE451C85BB5B000B9F15 /* IWRetweetedView.h */ = {isa = PBXFileReference; fileEncoding = 4; lastKnownFileType = sourcecode.c.h; path = IWRetweetedView.h; sourceTree = "<group>"; };
		E3E9BE461C85BB5B000B9F15 /* IWRetweetedView.m */ = {isa = PBXFileReference; fileEncoding = 4; lastKnownFileType = sourcecode.c.objc; path = IWRetweetedView.m; sourceTree = "<group>"; };
		E3E9BE471C85BB5B000B9F15 /* IWStatusCell.h */ = {isa = PBXFileReference; fileEncoding = 4; lastKnownFileType = sourcecode.c.h; path = IWStatusCell.h; sourceTree = "<group>"; };
		E3E9BE481C85BB5B000B9F15 /* IWStatusCell.m */ = {isa = PBXFileReference; fileEncoding = 4; lastKnownFileType = sourcecode.c.objc; path = IWStatusCell.m; sourceTree = "<group>"; };
		E3E9BE491C85BB5B000B9F15 /* IWToolBarView.h */ = {isa = PBXFileReference; fileEncoding = 4; lastKnownFileType = sourcecode.c.h; path = IWToolBarView.h; sourceTree = "<group>"; };
		E3E9BE4A1C85BB5B000B9F15 /* IWToolBarView.m */ = {isa = PBXFileReference; fileEncoding = 4; lastKnownFileType = sourcecode.c.objc; path = IWToolBarView.m; sourceTree = "<group>"; };
		E3E9BE4B1C85BB5B000B9F15 /* IWPopView.h */ = {isa = PBXFileReference; fileEncoding = 4; lastKnownFileType = sourcecode.c.h; path = IWPopView.h; sourceTree = "<group>"; };
		E3E9BE4C1C85BB5B000B9F15 /* IWPopView.m */ = {isa = PBXFileReference; fileEncoding = 4; lastKnownFileType = sourcecode.c.objc; path = IWPopView.m; sourceTree = "<group>"; };
		E3E9BE4D1C85BB5B000B9F15 /* IWTitleButton.h */ = {isa = PBXFileReference; fileEncoding = 4; lastKnownFileType = sourcecode.c.h; path = IWTitleButton.h; sourceTree = "<group>"; };
		E3E9BE4E1C85BB5B000B9F15 /* IWTitleButton.m */ = {isa = PBXFileReference; fileEncoding = 4; lastKnownFileType = sourcecode.c.objc; path = IWTitleButton.m; sourceTree = "<group>"; };
		E3E9BE511C85BB5B000B9F15 /* IWNavViewController.h */ = {isa = PBXFileReference; fileEncoding = 4; lastKnownFileType = sourcecode.c.h; path = IWNavViewController.h; sourceTree = "<group>"; };
		E3E9BE521C85BB5B000B9F15 /* IWNavViewController.m */ = {isa = PBXFileReference; fileEncoding = 4; lastKnownFileType = sourcecode.c.objc; path = IWNavViewController.m; sourceTree = "<group>"; };
		E3E9BE531C85BB5B000B9F15 /* IWTabBarController.h */ = {isa = PBXFileReference; fileEncoding = 4; lastKnownFileType = sourcecode.c.h; path = IWTabBarController.h; sourceTree = "<group>"; };
		E3E9BE541C85BB5B000B9F15 /* IWTabBarController.m */ = {isa = PBXFileReference; fileEncoding = 4; lastKnownFileType = sourcecode.c.objc; path = IWTabBarController.m; sourceTree = "<group>"; };
		E3E9BE571C85BB5B000B9F15 /* IWBadgeView.h */ = {isa = PBXFileReference; fileEncoding = 4; lastKnownFileType = sourcecode.c.h; path = IWBadgeView.h; sourceTree = "<group>"; };
		E3E9BE581C85BB5B000B9F15 /* IWBadgeView.m */ = {isa = PBXFileReference; fileEncoding = 4; lastKnownFileType = sourcecode.c.objc; path = IWBadgeView.m; sourceTree = "<group>"; };
		E3E9BE591C85BB5B000B9F15 /* IWTabBar.h */ = {isa = PBXFileReference; fileEncoding = 4; lastKnownFileType = sourcecode.c.h; path = IWTabBar.h; sourceTree = "<group>"; };
		E3E9BE5A1C85BB5B000B9F15 /* IWTabBar.m */ = {isa = PBXFileReference; fileEncoding = 4; lastKnownFileType = sourcecode.c.objc; path = IWTabBar.m; sourceTree = "<group>"; };
		E3E9BE5B1C85BB5B000B9F15 /* IWTabBarButton.h */ = {isa = PBXFileReference; fileEncoding = 4; lastKnownFileType = sourcecode.c.h; path = IWTabBarButton.h; sourceTree = "<group>"; };
		E3E9BE5C1C85BB5B000B9F15 /* IWTabBarButton.m */ = {isa = PBXFileReference; fileEncoding = 4; lastKnownFileType = sourcecode.c.objc; path = IWTabBarButton.m; sourceTree = "<group>"; };
		E3E9BE5F1C85BB5B000B9F15 /* IWMessageViewController.h */ = {isa = PBXFileReference; fileEncoding = 4; lastKnownFileType = sourcecode.c.h; path = IWMessageViewController.h; sourceTree = "<group>"; };
		E3E9BE601C85BB5B000B9F15 /* IWMessageViewController.m */ = {isa = PBXFileReference; fileEncoding = 4; lastKnownFileType = sourcecode.c.objc; path = IWMessageViewController.m; sourceTree = "<group>"; };
		E3E9BE651C85BB5B000B9F15 /* IWNewFeatureController.h */ = {isa = PBXFileReference; fileEncoding = 4; lastKnownFileType = sourcecode.c.h; path = IWNewFeatureController.h; sourceTree = "<group>"; };
		E3E9BE661C85BB5B000B9F15 /* IWNewFeatureController.m */ = {isa = PBXFileReference; fileEncoding = 4; lastKnownFileType = sourcecode.c.objc; path = IWNewFeatureController.m; sourceTree = "<group>"; };
		E3E9BE691C85BB5B000B9F15 /* IWNewFeatureCell.h */ = {isa = PBXFileReference; fileEncoding = 4; lastKnownFileType = sourcecode.c.h; path = IWNewFeatureCell.h; sourceTree = "<group>"; };
		E3E9BE6A1C85BB5B000B9F15 /* IWNewFeatureCell.m */ = {isa = PBXFileReference; fileEncoding = 4; lastKnownFileType = sourcecode.c.objc; path = IWNewFeatureCell.m; sourceTree = "<group>"; };
		E3E9BE6D1C85BB5B000B9F15 /* UIBarButtonItem+Create.h */ = {isa = PBXFileReference; fileEncoding = 4; lastKnownFileType = sourcecode.c.h; path = "UIBarButtonItem+Create.h"; sourceTree = "<group>"; };
		E3E9BE6E1C85BB5B000B9F15 /* UIBarButtonItem+Create.m */ = {isa = PBXFileReference; fileEncoding = 4; lastKnownFileType = sourcecode.c.objc; path = "UIBarButtonItem+Create.m"; sourceTree = "<group>"; };
		E3E9BE6F1C85BB5B000B9F15 /* UIImage+Resizable.h */ = {isa = PBXFileReference; fileEncoding = 4; lastKnownFileType = sourcecode.c.h; path = "UIImage+Resizable.h"; sourceTree = "<group>"; };
		E3E9BE701C85BB5B000B9F15 /* UIImage+Resizable.m */ = {isa = PBXFileReference; fileEncoding = 4; lastKnownFileType = sourcecode.c.objc; path = "UIImage+Resizable.m"; sourceTree = "<group>"; };
		E3E9BE711C85BB5B000B9F15 /* Common.h */ = {isa = PBXFileReference; fileEncoding = 4; lastKnownFileType = sourcecode.c.h; path = Common.h; sourceTree = "<group>"; };
		E3E9BE721C85BB5B000B9F15 /* ItcastWeibo.pch */ = {isa = PBXFileReference; fileEncoding = 4; lastKnownFileType = sourcecode.c.h; path = ItcastWeibo.pch; sourceTree = "<group>"; };
		E3E9BE761C85BB5B000B9F15 /* FMDatabase.h */ = {isa = PBXFileReference; fileEncoding = 4; lastKnownFileType = sourcecode.c.h; path = FMDatabase.h; sourceTree = "<group>"; };
		E3E9BE771C85BB5B000B9F15 /* FMDatabase.m */ = {isa = PBXFileReference; fileEncoding = 4; lastKnownFileType = sourcecode.c.objc; path = FMDatabase.m; sourceTree = "<group>"; };
		E3E9BE781C85BB5B000B9F15 /* FMDatabaseAdditions.h */ = {isa = PBXFileReference; fileEncoding = 4; lastKnownFileType = sourcecode.c.h; path = FMDatabaseAdditions.h; sourceTree = "<group>"; };
		E3E9BE791C85BB5B000B9F15 /* FMDatabaseAdditions.m */ = {isa = PBXFileReference; fileEncoding = 4; lastKnownFileType = sourcecode.c.objc; path = FMDatabaseAdditions.m; sourceTree = "<group>"; };
		E3E9BE7A1C85BB5B000B9F15 /* FMDatabasePool.h */ = {isa = PBXFileReference; fileEncoding = 4; lastKnownFileType = sourcecode.c.h; path = FMDatabasePool.h; sourceTree = "<group>"; };
		E3E9BE7B1C85BB5B000B9F15 /* FMDatabasePool.m */ = {isa = PBXFileReference; fileEncoding = 4; lastKnownFileType = sourcecode.c.objc; path = FMDatabasePool.m; sourceTree = "<group>"; };
		E3E9BE7C1C85BB5B000B9F15 /* FMDatabaseQueue.h */ = {isa = PBXFileReference; fileEncoding = 4; lastKnownFileType = sourcecode.c.h; path = FMDatabaseQueue.h; sourceTree = "<group>"; };
		E3E9BE7D1C85BB5B000B9F15 /* FMDatabaseQueue.m */ = {isa = PBXFileReference; fileEncoding = 4; lastKnownFileType = sourcecode.c.objc; path = FMDatabaseQueue.m; sourceTree = "<group>"; };
		E3E9BE7E1C85BB5B000B9F15 /* FMDB.h */ = {isa = PBXFileReference; fileEncoding = 4; lastKnownFileType = sourcecode.c.h; path = FMDB.h; sourceTree = "<group>"; };
		E3E9BE7F1C85BB5B000B9F15 /* FMResultSet.h */ = {isa = PBXFileReference; fileEncoding = 4; lastKnownFileType = sourcecode.c.h; path = FMResultSet.h; sourceTree = "<group>"; };
		E3E9BE801C85BB5B000B9F15 /* FMResultSet.m */ = {isa = PBXFileReference; fileEncoding = 4; lastKnownFileType = sourcecode.c.objc; path = FMResultSet.m; sourceTree = "<group>"; };
		E3E9BE831C85BB5B000B9F15 /* MJArgument.h */ = {isa = PBXFileReference; fileEncoding = 4; lastKnownFileType = sourcecode.c.h; path = MJArgument.h; sourceTree = "<group>"; };
		E3E9BE841C85BB5B000B9F15 /* MJArgument.m */ = {isa = PBXFileReference; fileEncoding = 4; lastKnownFileType = sourcecode.c.objc; path = MJArgument.m; sourceTree = "<group>"; };
		E3E9BE851C85BB5B000B9F15 /* MJConst.h */ = {isa = PBXFileReference; fileEncoding = 4; lastKnownFileType = sourcecode.c.h; path = MJConst.h; sourceTree = "<group>"; };
		E3E9BE861C85BB5B000B9F15 /* MJConst.m */ = {isa = PBXFileReference; fileEncoding = 4; lastKnownFileType = sourcecode.c.objc; path = MJConst.m; sourceTree = "<group>"; };
		E3E9BE871C85BB5B000B9F15 /* MJIvar.h */ = {isa = PBXFileReference; fileEncoding = 4; lastKnownFileType = sourcecode.c.h; path = MJIvar.h; sourceTree = "<group>"; };
		E3E9BE881C85BB5B000B9F15 /* MJIvar.m */ = {isa = PBXFileReference; fileEncoding = 4; lastKnownFileType = sourcecode.c.objc; path = MJIvar.m; sourceTree = "<group>"; };
		E3E9BE891C85BB5B000B9F15 /* MJMember.h */ = {isa = PBXFileReference; fileEncoding = 4; lastKnownFileType = sourcecode.c.h; path = MJMember.h; sourceTree = "<group>"; };
		E3E9BE8A1C85BB5B000B9F15 /* MJMember.m */ = {isa = PBXFileReference; fileEncoding = 4; lastKnownFileType = sourcecode.c.objc; path = MJMember.m; sourceTree = "<group>"; };
		E3E9BE8B1C85BB5B000B9F15 /* MJMethod.h */ = {isa = PBXFileReference; fileEncoding = 4; lastKnownFileType = sourcecode.c.h; path = MJMethod.h; sourceTree = "<group>"; };
		E3E9BE8C1C85BB5B000B9F15 /* MJMethod.m */ = {isa = PBXFileReference; fileEncoding = 4; lastKnownFileType = sourcecode.c.objc; path = MJMethod.m; sourceTree = "<group>"; };
		E3E9BE8D1C85BB5B000B9F15 /* MJType.h */ = {isa = PBXFileReference; fileEncoding = 4; lastKnownFileType = sourcecode.c.h; path = MJType.h; sourceTree = "<group>"; };
		E3E9BE8E1C85BB5B000B9F15 /* MJType.m */ = {isa = PBXFileReference; fileEncoding = 4; lastKnownFileType = sourcecode.c.objc; path = MJType.m; sourceTree = "<group>"; };
		E3E9BE8F1C85BB5B000B9F15 /* MJTypeEncoding.h */ = {isa = PBXFileReference; fileEncoding = 4; lastKnownFileType = sourcecode.c.h; path = MJTypeEncoding.h; sourceTree = "<group>"; };
		E3E9BE901C85BB5B000B9F15 /* MJTypeEncoding.m */ = {isa = PBXFileReference; fileEncoding = 4; lastKnownFileType = sourcecode.c.objc; path = MJTypeEncoding.m; sourceTree = "<group>"; };
		E3E9BE911C85BB5B000B9F15 /* NSObject+MJMember.h */ = {isa = PBXFileReference; fileEncoding = 4; lastKnownFileType = sourcecode.c.h; path = "NSObject+MJMember.h"; sourceTree = "<group>"; };
		E3E9BE921C85BB5B000B9F15 /* NSObject+MJMember.m */ = {isa = PBXFileReference; fileEncoding = 4; lastKnownFileType = sourcecode.c.objc; path = "NSObject+MJMember.m"; sourceTree = "<group>"; };
		E3E9BE961C85BB5B000B9F15 /* Weibocfg.h */ = {isa = PBXFileReference; fileEncoding = 4; lastKnownFileType = sourcecode.c.h; path = Weibocfg.h; sourceTree = "<group>"; };
		E3E9BE971C85BB5B000B9F15 /* Weibocfg.m */ = {isa = PBXFileReference; fileEncoding = 4; lastKnownFileType = sourcecode.c.objc; path = Weibocfg.m; sourceTree = "<group>"; };
		E3E9BE9A1C85BB5B000B9F15 /* IWProfileViewController.h */ = {isa = PBXFileReference; fileEncoding = 4; lastKnownFileType = sourcecode.c.h; path = IWProfileViewController.h; sourceTree = "<group>"; };
		E3E9BE9B1C85BB5B000B9F15 /* IWProfileViewController.m */ = {isa = PBXFileReference; fileEncoding = 4; lastKnownFileType = sourcecode.c.objc; path = IWProfileViewController.m; sourceTree = "<group>"; };
		E3E9BE9E1C85BB5B000B9F15 /* IWProfileCell.h */ = {isa = PBXFileReference; fileEncoding = 4; lastKnownFileType = sourcecode.c.h; path = IWProfileCell.h; sourceTree = "<group>"; };
		E3E9BE9F1C85BB5B000B9F15 /* IWProfileCell.m */ = {isa = PBXFileReference; fileEncoding = 4; lastKnownFileType = sourcecode.c.objc; path = IWProfileCell.m; sourceTree = "<group>"; };
		E3E9BEA21C85BB5B000B9F15 /* IWCommonSettingViewController.h */ = {isa = PBXFileReference; fileEncoding = 4; lastKnownFileType = sourcecode.c.h; path = IWCommonSettingViewController.h; sourceTree = "<group>"; };
		E3E9BEA31C85BB5B000B9F15 /* IWCommonSettingViewController.m */ = {isa = PBXFileReference; fileEncoding = 4; lastKnownFileType = sourcecode.c.objc; path = IWCommonSettingViewController.m; sourceTree = "<group>"; };
		E3E9BEA41C85BB5B000B9F15 /* IWFontSizeViewController.h */ = {isa = PBXFileReference; fileEncoding = 4; lastKnownFileType = sourcecode.c.h; path = IWFontSizeViewController.h; sourceTree = "<group>"; };
		E3E9BEA51C85BB5B000B9F15 /* IWFontSizeViewController.m */ = {isa = PBXFileReference; fileEncoding = 4; lastKnownFileType = sourcecode.c.objc; path = IWFontSizeViewController.m; sourceTree = "<group>"; };
		E3E9BEA61C85BB5B000B9F15 /* IWQualityViewController.h */ = {isa = PBXFileReference; fileEncoding = 4; lastKnownFileType = sourcecode.c.h; path = IWQualityViewController.h; sourceTree = "<group>"; };
		E3E9BEA71C85BB5B000B9F15 /* IWQualityViewController.m */ = {isa = PBXFileReference; fileEncoding = 4; lastKnownFileType = sourcecode.c.objc; path = IWQualityViewController.m; sourceTree = "<group>"; };
		E3E9BEA81C85BB5B000B9F15 /* IWSettingViewController.h */ = {isa = PBXFileReference; fileEncoding = 4; lastKnownFileType = sourcecode.c.h; path = IWSettingViewController.h; sourceTree = "<group>"; };
		E3E9BEA91C85BB5B000B9F15 /* IWSettingViewController.m */ = {isa = PBXFileReference; fileEncoding = 4; lastKnownFileType = sourcecode.c.objc; path = IWSettingViewController.m; sourceTree = "<group>"; };
		E3E9BEAE1C85BB5B000B9F15 /* IWAccountTool.h */ = {isa = PBXFileReference; fileEncoding = 4; lastKnownFileType = sourcecode.c.h; path = IWAccountTool.h; sourceTree = "<group>"; };
		E3E9BEAF1C85BB5B000B9F15 /* IWAccountTool.m */ = {isa = PBXFileReference; fileEncoding = 4; lastKnownFileType = sourcecode.c.objc; path = IWAccountTool.m; sourceTree = "<group>"; };
		E3E9BEB11C85BB5B000B9F15 /* IWAccountParam.h */ = {isa = PBXFileReference; fileEncoding = 4; lastKnownFileType = sourcecode.c.h; path = IWAccountParam.h; sourceTree = "<group>"; };
		E3E9BEB21C85BB5B000B9F15 /* IWAccountParam.m */ = {isa = PBXFileReference; fileEncoding = 4; lastKnownFileType = sourcecode.c.objc; path = IWAccountParam.m; sourceTree = "<group>"; };
		E3E9BEB41C85BB5B000B9F15 /* IWComposeTool.h */ = {isa = PBXFileReference; fileEncoding = 4; lastKnownFileType = sourcecode.c.h; path = IWComposeTool.h; sourceTree = "<group>"; };
		E3E9BEB51C85BB5B000B9F15 /* IWComposeTool.m */ = {isa = PBXFileReference; fileEncoding = 4; lastKnownFileType = sourcecode.c.objc; path = IWComposeTool.m; sourceTree = "<group>"; };
		E3E9BEB71C85BB5B000B9F15 /* IWComposeParam.h */ = {isa = PBXFileReference; fileEncoding = 4; lastKnownFileType = sourcecode.c.h; path = IWComposeParam.h; sourceTree = "<group>"; };
		E3E9BEB81C85BB5B000B9F15 /* IWComposeParam.m */ = {isa = PBXFileReference; fileEncoding = 4; lastKnownFileType = sourcecode.c.objc; path = IWComposeParam.m; sourceTree = "<group>"; };
		E3E9BEBB1C85BB5B000B9F15 /* IWGuideTool.h */ = {isa = PBXFileReference; fileEncoding = 4; lastKnownFileType = sourcecode.c.h; path = IWGuideTool.h; sourceTree = "<group>"; };
		E3E9BEBC1C85BB5B000B9F15 /* IWGuideTool.m */ = {isa = PBXFileReference; fileEncoding = 4; lastKnownFileType = sourcecode.c.objc; path = IWGuideTool.m; sourceTree = "<group>"; };
		E3E9BEBE1C85BB5B000B9F15 /* IWHttpTool.h */ = {isa = PBXFileReference; fileEncoding = 4; lastKnownFileType = sourcecode.c.h; path = IWHttpTool.h; sourceTree = "<group>"; };
		E3E9BEBF1C85BB5B000B9F15 /* IWHttpTool.m */ = {isa = PBXFileReference; fileEncoding = 4; lastKnownFileType = sourcecode.c.objc; path = IWHttpTool.m; sourceTree = "<group>"; };
		E3E9BEC11C85BB5B000B9F15 /* IWUploadParam.h */ = {isa = PBXFileReference; fileEncoding = 4; lastKnownFileType = sourcecode.c.h; path = IWUploadParam.h; sourceTree = "<group>"; };
		E3E9BEC21C85BB5B000B9F15 /* IWUploadParam.m */ = {isa = PBXFileReference; fileEncoding = 4; lastKnownFileType = sourcecode.c.objc; path = IWUploadParam.m; sourceTree = "<group>"; };
		E3E9BEC41C85BB5B000B9F15 /* IWStatusTool.h */ = {isa = PBXFileReference; fileEncoding = 4; lastKnownFileType = sourcecode.c.h; path = IWStatusTool.h; sourceTree = "<group>"; };
		E3E9BEC51C85BB5B000B9F15 /* IWStatusTool.m */ = {isa = PBXFileReference; fileEncoding = 4; lastKnownFileType = sourcecode.c.objc; path = IWStatusTool.m; sourceTree = "<group>"; };
		E3E9BEC71C85BB5B000B9F15 /* IWStatusParam.h */ = {isa = PBXFileReference; fileEncoding = 4; lastKnownFileType = sourcecode.c.h; path = IWStatusParam.h; sourceTree = "<group>"; };
		E3E9BEC81C85BB5B000B9F15 /* IWStatusParam.m */ = {isa = PBXFileReference; fileEncoding = 4; lastKnownFileType = sourcecode.c.objc; path = IWStatusParam.m; sourceTree = "<group>"; };
		E3E9BECA1C85BB5B000B9F15 /* IWStatusResult.h */ = {isa = PBXFileReference; fileEncoding = 4; lastKnownFileType = sourcecode.c.h; path = IWStatusResult.h; sourceTree = "<group>"; };
		E3E9BECB1C85BB5B000B9F15 /* IWStatusResult.m */ = {isa = PBXFileReference; fileEncoding = 4; lastKnownFileType = sourcecode.c.objc; path = IWStatusResult.m; sourceTree = "<group>"; };
		E3E9BECD1C85BB5B000B9F15 /* IWStatusCacheTool.h */ = {isa = PBXFileReference; fileEncoding = 4; lastKnownFileType = sourcecode.c.h; path = IWStatusCacheTool.h; sourceTree = "<group>"; };
		E3E9BECE1C85BB5B000B9F15 /* IWStatusCacheTool.m */ = {isa = PBXFileReference; fileEncoding = 4; lastKnownFileType = sourcecode.c.objc; path = IWStatusCacheTool.m; sourceTree = "<group>"; };
		E3E9BED01C85BB5B000B9F15 /* IWUserTool.h */ = {isa = PBXFileReference; fileEncoding = 4; lastKnownFileType = sourcecode.c.h; path = IWUserTool.h; sourceTree = "<group>"; };
		E3E9BED11C85BB5B000B9F15 /* IWUserTool.m */ = {isa = PBXFileReference; fileEncoding = 4; lastKnownFileType = sourcecode.c.objc; path = IWUserTool.m; sourceTree = "<group>"; };
		E3E9BED31C85BB5B000B9F15 /* IWUserParam.h */ = {isa = PBXFileReference; fileEncoding = 4; lastKnownFileType = sourcecode.c.h; path = IWUserParam.h; sourceTree = "<group>"; };
		E3E9BED41C85BB5B000B9F15 /* IWUserParam.m */ = {isa = PBXFileReference; fileEncoding = 4; lastKnownFileType = sourcecode.c.objc; path = IWUserParam.m; sourceTree = "<group>"; };
		E3E9BED61C85BB5B000B9F15 /* IWUserUnreadResult.h */ = {isa = PBXFileReference; fileEncoding = 4; lastKnownFileType = sourcecode.c.h; path = IWUserUnreadResult.h; sourceTree = "<group>"; };
		E3E9BED71C85BB5B000B9F15 /* IWUserUnreadResult.m */ = {isa = PBXFileReference; fileEncoding = 4; lastKnownFileType = sourcecode.c.objc; path = IWUserUnreadResult.m; sourceTree = "<group>"; };
/* End PBXFileReference section */

/* Begin PBXFrameworksBuildPhase section */
		E3E9B7F51C85B116000B9F15 /* Frameworks */ = {
			isa = PBXFrameworksBuildPhase;
			buildActionMask = 2147483647;
			files = (
				E3E9B99B1C85B2A0000B9F15 /* UIKit.framework in Frameworks */,
				E3E9B9991C85B298000B9F15 /* AVFoundation.framework in Frameworks */,
			);
			runOnlyForDeploymentPostprocessing = 0;
		};
		E3E9B80E1C85B117000B9F15 /* Frameworks */ = {
			isa = PBXFrameworksBuildPhase;
			buildActionMask = 2147483647;
			files = (
			);
			runOnlyForDeploymentPostprocessing = 0;
		};
		E3E9B8191C85B117000B9F15 /* Frameworks */ = {
			isa = PBXFrameworksBuildPhase;
			buildActionMask = 2147483647;
			files = (
			);
			runOnlyForDeploymentPostprocessing = 0;
		};
/* End PBXFrameworksBuildPhase section */

/* Begin PBXGroup section */
		E3E9B7EF1C85B116000B9F15 = {
			isa = PBXGroup;
			children = (
				E3E9B99A1C85B2A0000B9F15 /* UIKit.framework */,
				E3E9B9981C85B298000B9F15 /* AVFoundation.framework */,
				E3E9B7FA1C85B116000B9F15 /* 测试微博 */,
				E3E9B8141C85B117000B9F15 /* 测试微博Tests */,
				E3E9B7F91C85B116000B9F15 /* Products */,
			);
			sourceTree = "<group>";
		};
		E3E9B7F91C85B116000B9F15 /* Products */ = {
			isa = PBXGroup;
			children = (
				E3E9B7F81C85B116000B9F15 /* 测试微博.app */,
				E3E9B8111C85B117000B9F15 /* 测试微博Tests.xctest */,
				E3E9B81C1C85B117000B9F15 /* 测试微博UITests.xctest */,
			);
			name = Products;
			sourceTree = "<group>";
		};
		E3E9B7FA1C85B116000B9F15 /* 测试微博 */ = {
			isa = PBXGroup;
			children = (
				E3E9BDF31C85BB5B000B9F15 /* Classes */,
				E3E9B8071C85B116000B9F15 /* Assets.xcassets */,
				E3E9B8091C85B116000B9F15 /* LaunchScreen.storyboard */,
				E3E9B80C1C85B116000B9F15 /* Info.plist */,
				E3E9B7FB1C85B116000B9F15 /* Supporting Files */,
			);
			path = "测试微博";
			sourceTree = "<group>";
		};
		E3E9B7FB1C85B116000B9F15 /* Supporting Files */ = {
			isa = PBXGroup;
			children = (
				E3E9B82E1C85B180000B9F15 /* silence.mp3 */,
				E3E9B7FC1C85B116000B9F15 /* main.m */,
			);
			name = "Supporting Files";
			sourceTree = "<group>";
		};
		E3E9B8141C85B117000B9F15 /* 测试微博Tests */ = {
			isa = PBXGroup;
			children = (
				E3E9B8151C85B117000B9F15 /* ____Tests.m */,
				E3E9B8171C85B117000B9F15 /* Info.plist */,
			);
			path = "测试微博Tests";
			sourceTree = "<group>";
		};
		E3E9BDF31C85BB5B000B9F15 /* Classes */ = {
			isa = PBXGroup;
			children = (
				E3E9BDF41C85BB5B000B9F15 /* Aouth */,
				E3E9BDFC1C85BB5B000B9F15 /* Basic */,
				E3E9BE131C85BB5B000B9F15 /* Compose(发微博) */,
				E3E9BE1F1C85BB5B000B9F15 /* Discover(发现) */,
				E3E9BE271C85BB5B000B9F15 /* Home(首页) */,
				E3E9BE4F1C85BB5B000B9F15 /* Main */,
				E3E9BE5D1C85BB5B000B9F15 /* Message(消息) */,
				E3E9BE631C85BB5B000B9F15 /* NewFeature(新特性) */,
				E3E9BE6B1C85BB5B000B9F15 /* Other */,
				E3E9BE981C85BB5B000B9F15 /* Profile(个人) */,
				E3E9BEA01C85BB5B000B9F15 /* Setting(设置) */,
				E3E9BEAC1C85BB5B000B9F15 /* Tool(业务逻辑类) */,
			);
			path = Classes;
			sourceTree = "<group>";
		};
		E3E9BDF41C85BB5B000B9F15 /* Aouth */ = {
			isa = PBXGroup;
			children = (
				E3E9BDF51C85BB5B000B9F15 /* Controller */,
				E3E9BDF81C85BB5B000B9F15 /* Model */,
				E3E9BDFB1C85BB5B000B9F15 /* View */,
			);
			path = Aouth;
			sourceTree = "<group>";
		};
		E3E9BDF51C85BB5B000B9F15 /* Controller */ = {
			isa = PBXGroup;
			children = (
				E3E9BDF61C85BB5B000B9F15 /* IWOAuthViewController.h */,
				E3E9BDF71C85BB5B000B9F15 /* IWOAuthViewController.m */,
			);
			path = Controller;
			sourceTree = "<group>";
		};
		E3E9BDF81C85BB5B000B9F15 /* Model */ = {
			isa = PBXGroup;
			children = (
				E3E9BDF91C85BB5B000B9F15 /* IWAccount.h */,
				E3E9BDFA1C85BB5B000B9F15 /* IWAccount.m */,
			);
			path = Model;
			sourceTree = "<group>";
		};
		E3E9BDFB1C85BB5B000B9F15 /* View */ = {
			isa = PBXGroup;
			children = (
			);
			path = View;
			sourceTree = "<group>";
		};
		E3E9BDFC1C85BB5B000B9F15 /* Basic */ = {
			isa = PBXGroup;
			children = (
				E3E9BDFD1C85BB5B000B9F15 /* Setting */,
			);
			path = Basic;
			sourceTree = "<group>";
		};
		E3E9BDFD1C85BB5B000B9F15 /* Setting */ = {
			isa = PBXGroup;
			children = (
				E3E9BDFE1C85BB5B000B9F15 /* Controller */,
				E3E9BE011C85BB5B000B9F15 /* Model */,
				E3E9BE101C85BB5B000B9F15 /* View */,
			);
			path = Setting;
			sourceTree = "<group>";
		};
		E3E9BDFE1C85BB5B000B9F15 /* Controller */ = {
			isa = PBXGroup;
			children = (
				E3E9BDFF1C85BB5B000B9F15 /* IWBasicSettingViewController.h */,
				E3E9BE001C85BB5B000B9F15 /* IWBasicSettingViewController.m */,
			);
			path = Controller;
			sourceTree = "<group>";
		};
		E3E9BE011C85BB5B000B9F15 /* Model */ = {
			isa = PBXGroup;
			children = (
				E3E9BE021C85BB5B000B9F15 /* IWArrowItem.h */,
				E3E9BE031C85BB5B000B9F15 /* IWArrowItem.m */,
				E3E9BE041C85BB5B000B9F15 /* IWBadgeItem.h */,
				E3E9BE051C85BB5B000B9F15 /* IWBadgeItem.m */,
				E3E9BE061C85BB5B000B9F15 /* IWCheakItem.h */,
				E3E9BE071C85BB5B000B9F15 /* IWCheakItem.m */,
				E3E9BE081C85BB5B000B9F15 /* IWGroupItem.h */,
				E3E9BE091C85BB5B000B9F15 /* IWGroupItem.m */,
				E3E9BE0A1C85BB5B000B9F15 /* IWLabelItem.h */,
				E3E9BE0B1C85BB5B000B9F15 /* IWLabelItem.m */,
				E3E9BE0C1C85BB5B000B9F15 /* IWSettingItem.h */,
				E3E9BE0D1C85BB5B000B9F15 /* IWSettingItem.m */,
				E3E9BE0E1C85BB5B000B9F15 /* IWSwitchItem.h */,
				E3E9BE0F1C85BB5B000B9F15 /* IWSwitchItem.m */,
			);
			path = Model;
			sourceTree = "<group>";
		};
		E3E9BE101C85BB5B000B9F15 /* View */ = {
			isa = PBXGroup;
			children = (
				E3E9BE111C85BB5B000B9F15 /* IWBasicSettingCell.h */,
				E3E9BE121C85BB5B000B9F15 /* IWBasicSettingCell.m */,
			);
			path = View;
			sourceTree = "<group>";
		};
		E3E9BE131C85BB5B000B9F15 /* Compose(发微博) */ = {
			isa = PBXGroup;
			children = (
				E3E9BE141C85BB5B000B9F15 /* Controller */,
				E3E9BE171C85BB5B000B9F15 /* Model */,
				E3E9BE181C85BB5B000B9F15 /* View */,
			);
			path = "Compose(发微博)";
			sourceTree = "<group>";
		};
		E3E9BE141C85BB5B000B9F15 /* Controller */ = {
			isa = PBXGroup;
			children = (
				E3E9BE151C85BB5B000B9F15 /* IWComposeViewController.h */,
				E3E9BE161C85BB5B000B9F15 /* IWComposeViewController.m */,
			);
			path = Controller;
			sourceTree = "<group>";
		};
		E3E9BE171C85BB5B000B9F15 /* Model */ = {
			isa = PBXGroup;
			children = (
			);
			path = Model;
			sourceTree = "<group>";
		};
		E3E9BE181C85BB5B000B9F15 /* View */ = {
			isa = PBXGroup;
			children = (
				E3E9BE191C85BB5B000B9F15 /* IWComposePhotosView.h */,
				E3E9BE1A1C85BB5B000B9F15 /* IWComposePhotosView.m */,
				E3E9BE1B1C85BB5B000B9F15 /* IWComposeToolBar.h */,
				E3E9BE1C1C85BB5B000B9F15 /* IWComposeToolBar.m */,
				E3E9BE1D1C85BB5B000B9F15 /* IWTextView.h */,
				E3E9BE1E1C85BB5B000B9F15 /* IWTextView.m */,
			);
			path = View;
			sourceTree = "<group>";
		};
		E3E9BE1F1C85BB5B000B9F15 /* Discover(发现) */ = {
			isa = PBXGroup;
			children = (
				E3E9BE201C85BB5B000B9F15 /* Controller */,
				E3E9BE231C85BB5B000B9F15 /* Model */,
				E3E9BE241C85BB5B000B9F15 /* View */,
			);
			path = "Discover(发现)";
			sourceTree = "<group>";
		};
		E3E9BE201C85BB5B000B9F15 /* Controller */ = {
			isa = PBXGroup;
			children = (
				E3E9BE211C85BB5B000B9F15 /* IWDiscoverViewController.h */,
				E3E9BE221C85BB5B000B9F15 /* IWDiscoverViewController.m */,
			);
			path = Controller;
			sourceTree = "<group>";
		};
		E3E9BE231C85BB5B000B9F15 /* Model */ = {
			isa = PBXGroup;
			children = (
			);
			path = Model;
			sourceTree = "<group>";
		};
		E3E9BE241C85BB5B000B9F15 /* View */ = {
			isa = PBXGroup;
			children = (
				E3E9BE251C85BB5B000B9F15 /* IWSearchBar.h */,
				E3E9BE261C85BB5B000B9F15 /* IWSearchBar.m */,
			);
			path = View;
			sourceTree = "<group>";
		};
		E3E9BE271C85BB5B000B9F15 /* Home(首页) */ = {
			isa = PBXGroup;
			children = (
				E3E9BE281C85BB5B000B9F15 /* Controller */,
				E3E9BE331C85BB5B000B9F15 /* Model */,
				E3E9BE3D1C85BB5B000B9F15 /* View */,
			);
			path = "Home(首页)";
			sourceTree = "<group>";
		};
		E3E9BE281C85BB5B000B9F15 /* Controller */ = {
			isa = PBXGroup;
			children = (
				E3E9BE291C85BB5B000B9F15 /* IWHomeViewController.h */,
				E3E9BE2A1C85BB5B000B9F15 /* IWHomeViewController.m */,
				E3E9BE2B1C85BB5B000B9F15 /* IWOneViewController.h */,
				E3E9BE2C1C85BB5B000B9F15 /* IWOneViewController.m */,
				E3E9BE2D1C85BB5B000B9F15 /* IWOneViewController.xib */,
				E3E9BE2E1C85BB5B000B9F15 /* IWPopViewController.h */,
				E3E9BE2F1C85BB5B000B9F15 /* IWPopViewController.m */,
				E3E9BE301C85BB5B000B9F15 /* IWTwoViewController.h */,
				E3E9BE311C85BB5B000B9F15 /* IWTwoViewController.m */,
				E3E9BE321C85BB5B000B9F15 /* IWTwoViewController.xib */,
			);
			path = Controller;
			sourceTree = "<group>";
		};
		E3E9BE331C85BB5B000B9F15 /* Model */ = {
			isa = PBXGroup;
			children = (
				E3E9BE341C85BB5B000B9F15 /* IWPhoto.h */,
				E3E9BE351C85BB5B000B9F15 /* IWPhoto.m */,
				E3E9BE361C85BB5B000B9F15 /* IWStatus.h */,
				E3E9BE371C85BB5B000B9F15 /* IWStatus.m */,
				E3E9BE381C85BB5B000B9F15 /* IWUser.h */,
				E3E9BE391C85BB5B000B9F15 /* IWUser.m */,
				E3E9BE3A1C85BB5B000B9F15 /* ViewModel */,
			);
			path = Model;
			sourceTree = "<group>";
		};
		E3E9BE3A1C85BB5B000B9F15 /* ViewModel */ = {
			isa = PBXGroup;
			children = (
				E3E9BE3B1C85BB5B000B9F15 /* IWStatusFrame.h */,
				E3E9BE3C1C85BB5B000B9F15 /* IWStatusFrame.m */,
			);
			path = ViewModel;
			sourceTree = "<group>";
		};
		E3E9BE3D1C85BB5B000B9F15 /* View */ = {
			isa = PBXGroup;
			children = (
				E3E9BE3E1C85BB5B000B9F15 /* Cell */,
				E3E9BE4B1C85BB5B000B9F15 /* IWPopView.h */,
				E3E9BE4C1C85BB5B000B9F15 /* IWPopView.m */,
				E3E9BE4D1C85BB5B000B9F15 /* IWTitleButton.h */,
				E3E9BE4E1C85BB5B000B9F15 /* IWTitleButton.m */,
			);
			path = View;
			sourceTree = "<group>";
		};
		E3E9BE3E1C85BB5B000B9F15 /* Cell */ = {
			isa = PBXGroup;
			children = (
				E3E9BE3F1C85BB5B000B9F15 /* IWOriginalView.h */,
				E3E9BE401C85BB5B000B9F15 /* IWOriginalView.m */,
				E3E9BE411C85BB5B000B9F15 /* IWPhotosView.h */,
				E3E9BE421C85BB5B000B9F15 /* IWPhotosView.m */,
				E3E9BE431C85BB5B000B9F15 /* IWPhotoView.h */,
				E3E9BE441C85BB5B000B9F15 /* IWPhotoView.m */,
				E3E9BE451C85BB5B000B9F15 /* IWRetweetedView.h */,
				E3E9BE461C85BB5B000B9F15 /* IWRetweetedView.m */,
				E3E9BE471C85BB5B000B9F15 /* IWStatusCell.h */,
				E3E9BE481C85BB5B000B9F15 /* IWStatusCell.m */,
				E3E9BE491C85BB5B000B9F15 /* IWToolBarView.h */,
				E3E9BE4A1C85BB5B000B9F15 /* IWToolBarView.m */,
			);
			path = Cell;
			sourceTree = "<group>";
		};
		E3E9BE4F1C85BB5B000B9F15 /* Main */ = {
			isa = PBXGroup;
			children = (
				E3E9BE501C85BB5B000B9F15 /* Controller */,
				E3E9BE551C85BB5B000B9F15 /* Model */,
				E3E9BE561C85BB5B000B9F15 /* View */,
			);
			path = Main;
			sourceTree = "<group>";
		};
		E3E9BE501C85BB5B000B9F15 /* Controller */ = {
			isa = PBXGroup;
			children = (
				E3E9BE511C85BB5B000B9F15 /* IWNavViewController.h */,
				E3E9BE521C85BB5B000B9F15 /* IWNavViewController.m */,
				E3E9BE531C85BB5B000B9F15 /* IWTabBarController.h */,
				E3E9BE541C85BB5B000B9F15 /* IWTabBarController.m */,
			);
			path = Controller;
			sourceTree = "<group>";
		};
		E3E9BE551C85BB5B000B9F15 /* Model */ = {
			isa = PBXGroup;
			children = (
			);
			path = Model;
			sourceTree = "<group>";
		};
		E3E9BE561C85BB5B000B9F15 /* View */ = {
			isa = PBXGroup;
			children = (
				E3E9BE571C85BB5B000B9F15 /* IWBadgeView.h */,
				E3E9BE581C85BB5B000B9F15 /* IWBadgeView.m */,
				E3E9BE591C85BB5B000B9F15 /* IWTabBar.h */,
				E3E9BE5A1C85BB5B000B9F15 /* IWTabBar.m */,
				E3E9BE5B1C85BB5B000B9F15 /* IWTabBarButton.h */,
				E3E9BE5C1C85BB5B000B9F15 /* IWTabBarButton.m */,
			);
			path = View;
			sourceTree = "<group>";
		};
		E3E9BE5D1C85BB5B000B9F15 /* Message(消息) */ = {
			isa = PBXGroup;
			children = (
				E3E9BE5E1C85BB5B000B9F15 /* Controller */,
				E3E9BE611C85BB5B000B9F15 /* Model */,
				E3E9BE621C85BB5B000B9F15 /* View */,
			);
			path = "Message(消息)";
			sourceTree = "<group>";
		};
		E3E9BE5E1C85BB5B000B9F15 /* Controller */ = {
			isa = PBXGroup;
			children = (
				E3E9BE5F1C85BB5B000B9F15 /* IWMessageViewController.h */,
				E3E9BE601C85BB5B000B9F15 /* IWMessageViewController.m */,
			);
			path = Controller;
			sourceTree = "<group>";
		};
		E3E9BE611C85BB5B000B9F15 /* Model */ = {
			isa = PBXGroup;
			children = (
			);
			path = Model;
			sourceTree = "<group>";
		};
		E3E9BE621C85BB5B000B9F15 /* View */ = {
			isa = PBXGroup;
			children = (
			);
			path = View;
			sourceTree = "<group>";
		};
		E3E9BE631C85BB5B000B9F15 /* NewFeature(新特性) */ = {
			isa = PBXGroup;
			children = (
				E3E9BE641C85BB5B000B9F15 /* Controller */,
				E3E9BE671C85BB5B000B9F15 /* Model */,
				E3E9BE681C85BB5B000B9F15 /* View */,
			);
			path = "NewFeature(新特性)";
			sourceTree = "<group>";
		};
		E3E9BE641C85BB5B000B9F15 /* Controller */ = {
			isa = PBXGroup;
			children = (
				E3E9BE651C85BB5B000B9F15 /* IWNewFeatureController.h */,
				E3E9BE661C85BB5B000B9F15 /* IWNewFeatureController.m */,
			);
			path = Controller;
			sourceTree = "<group>";
		};
		E3E9BE671C85BB5B000B9F15 /* Model */ = {
			isa = PBXGroup;
			children = (
			);
			path = Model;
			sourceTree = "<group>";
		};
		E3E9BE681C85BB5B000B9F15 /* View */ = {
			isa = PBXGroup;
			children = (
				E3E9BE691C85BB5B000B9F15 /* IWNewFeatureCell.h */,
				E3E9BE6A1C85BB5B000B9F15 /* IWNewFeatureCell.m */,
			);
			path = View;
			sourceTree = "<group>";
		};
		E3E9BE6B1C85BB5B000B9F15 /* Other */ = {
			isa = PBXGroup;
			children = (
				E3E9BE6C1C85BB5B000B9F15 /* Category */,
				E3E9BE711C85BB5B000B9F15 /* Common.h */,
				E3E9BE721C85BB5B000B9F15 /* ItcastWeibo.pch */,
				E3E9BE731C85BB5B000B9F15 /* Lib */,
				E3E9BE961C85BB5B000B9F15 /* Weibocfg.h */,
				E3E9BE971C85BB5B000B9F15 /* Weibocfg.m */,
			);
			path = Other;
			sourceTree = "<group>";
		};
		E3E9BE6C1C85BB5B000B9F15 /* Category */ = {
			isa = PBXGroup;
			children = (
				E3E9BE6D1C85BB5B000B9F15 /* UIBarButtonItem+Create.h */,
				E3E9BE6E1C85BB5B000B9F15 /* UIBarButtonItem+Create.m */,
				E3E9BE6F1C85BB5B000B9F15 /* UIImage+Resizable.h */,
				E3E9BE701C85BB5B000B9F15 /* UIImage+Resizable.m */,
			);
			path = Category;
			sourceTree = "<group>";
		};
		E3E9BE731C85BB5B000B9F15 /* Lib */ = {
			isa = PBXGroup;
			children = (
				E3E9BE741C85BB5B000B9F15 /* AFNetworking */,
				E3E9BE751C85BB5B000B9F15 /* fmdb */,
				E3E9BE811C85BB5B000B9F15 /* MBProgressHUD */,
				E3E9BE821C85BB5B000B9F15 /* MJExtension */,
				E3E9BE931C85BB5B000B9F15 /* MJPhotoBrowser */,
				E3E9BE941C85BB5B000B9F15 /* MJRefresh */,
				E3E9BE951C85BB5B000B9F15 /* SDWebImage */,
			);
			path = Lib;
			sourceTree = "<group>";
		};
		E3E9BE741C85BB5B000B9F15 /* AFNetworking */ = {
			isa = PBXGroup;
			children = (
			);
			path = AFNetworking;
			sourceTree = "<group>";
		};
		E3E9BE751C85BB5B000B9F15 /* fmdb */ = {
			isa = PBXGroup;
			children = (
				E3E9BE761C85BB5B000B9F15 /* FMDatabase.h */,
				E3E9BE771C85BB5B000B9F15 /* FMDatabase.m */,
				E3E9BE781C85BB5B000B9F15 /* FMDatabaseAdditions.h */,
				E3E9BE791C85BB5B000B9F15 /* FMDatabaseAdditions.m */,
				E3E9BE7A1C85BB5B000B9F15 /* FMDatabasePool.h */,
				E3E9BE7B1C85BB5B000B9F15 /* FMDatabasePool.m */,
				E3E9BE7C1C85BB5B000B9F15 /* FMDatabaseQueue.h */,
				E3E9BE7D1C85BB5B000B9F15 /* FMDatabaseQueue.m */,
				E3E9BE7E1C85BB5B000B9F15 /* FMDB.h */,
				E3E9BE7F1C85BB5B000B9F15 /* FMResultSet.h */,
				E3E9BE801C85BB5B000B9F15 /* FMResultSet.m */,
			);
			path = fmdb;
			sourceTree = "<group>";
		};
		E3E9BE811C85BB5B000B9F15 /* MBProgressHUD */ = {
			isa = PBXGroup;
			children = (
			);
			path = MBProgressHUD;
			sourceTree = "<group>";
		};
		E3E9BE821C85BB5B000B9F15 /* MJExtension */ = {
			isa = PBXGroup;
			children = (
				E3E9BE831C85BB5B000B9F15 /* MJArgument.h */,
				E3E9BE841C85BB5B000B9F15 /* MJArgument.m */,
				E3E9BE851C85BB5B000B9F15 /* MJConst.h */,
				E3E9BE861C85BB5B000B9F15 /* MJConst.m */,
				E3E9BE871C85BB5B000B9F15 /* MJIvar.h */,
				E3E9BE881C85BB5B000B9F15 /* MJIvar.m */,
				E3E9BE891C85BB5B000B9F15 /* MJMember.h */,
				E3E9BE8A1C85BB5B000B9F15 /* MJMember.m */,
				E3E9BE8B1C85BB5B000B9F15 /* MJMethod.h */,
				E3E9BE8C1C85BB5B000B9F15 /* MJMethod.m */,
				E3E9BE8D1C85BB5B000B9F15 /* MJType.h */,
				E3E9BE8E1C85BB5B000B9F15 /* MJType.m */,
				E3E9BE8F1C85BB5B000B9F15 /* MJTypeEncoding.h */,
				E3E9BE901C85BB5B000B9F15 /* MJTypeEncoding.m */,
				E3E9BE911C85BB5B000B9F15 /* NSObject+MJMember.h */,
				E3E9BE921C85BB5B000B9F15 /* NSObject+MJMember.m */,
			);
			path = MJExtension;
			sourceTree = "<group>";
		};
		E3E9BE931C85BB5B000B9F15 /* MJPhotoBrowser */ = {
			isa = PBXGroup;
			children = (
			);
			path = MJPhotoBrowser;
			sourceTree = "<group>";
		};
		E3E9BE941C85BB5B000B9F15 /* MJRefresh */ = {
			isa = PBXGroup;
			children = (
			);
			path = MJRefresh;
			sourceTree = "<group>";
		};
		E3E9BE951C85BB5B000B9F15 /* SDWebImage */ = {
			isa = PBXGroup;
			children = (
			);
			path = SDWebImage;
			sourceTree = "<group>";
		};
		E3E9BE981C85BB5B000B9F15 /* Profile(个人) */ = {
			isa = PBXGroup;
			children = (
				E3E9BE991C85BB5B000B9F15 /* Controller */,
				E3E9BE9C1C85BB5B000B9F15 /* Model */,
				E3E9BE9D1C85BB5B000B9F15 /* View */,
			);
			path = "Profile(个人)";
			sourceTree = "<group>";
		};
		E3E9BE991C85BB5B000B9F15 /* Controller */ = {
			isa = PBXGroup;
			children = (
				E3E9BE9A1C85BB5B000B9F15 /* IWProfileViewController.h */,
				E3E9BE9B1C85BB5B000B9F15 /* IWProfileViewController.m */,
			);
			path = Controller;
			sourceTree = "<group>";
		};
		E3E9BE9C1C85BB5B000B9F15 /* Model */ = {
			isa = PBXGroup;
			children = (
			);
			path = Model;
			sourceTree = "<group>";
		};
		E3E9BE9D1C85BB5B000B9F15 /* View */ = {
			isa = PBXGroup;
			children = (
				E3E9BE9E1C85BB5B000B9F15 /* IWProfileCell.h */,
				E3E9BE9F1C85BB5B000B9F15 /* IWProfileCell.m */,
			);
			path = View;
			sourceTree = "<group>";
		};
		E3E9BEA01C85BB5B000B9F15 /* Setting(设置) */ = {
			isa = PBXGroup;
			children = (
				E3E9BEA11C85BB5B000B9F15 /* Controller */,
				E3E9BEAA1C85BB5B000B9F15 /* Model */,
				E3E9BEAB1C85BB5B000B9F15 /* View */,
			);
			path = "Setting(设置)";
			sourceTree = "<group>";
		};
		E3E9BEA11C85BB5B000B9F15 /* Controller */ = {
			isa = PBXGroup;
			children = (
				E3E9BEA21C85BB5B000B9F15 /* IWCommonSettingViewController.h */,
				E3E9BEA31C85BB5B000B9F15 /* IWCommonSettingViewController.m */,
				E3E9BEA41C85BB5B000B9F15 /* IWFontSizeViewController.h */,
				E3E9BEA51C85BB5B000B9F15 /* IWFontSizeViewController.m */,
				E3E9BEA61C85BB5B000B9F15 /* IWQualityViewController.h */,
				E3E9BEA71C85BB5B000B9F15 /* IWQualityViewController.m */,
				E3E9BEA81C85BB5B000B9F15 /* IWSettingViewController.h */,
				E3E9BEA91C85BB5B000B9F15 /* IWSettingViewController.m */,
			);
			path = Controller;
			sourceTree = "<group>";
		};
		E3E9BEAA1C85BB5B000B9F15 /* Model */ = {
			isa = PBXGroup;
			children = (
			);
			path = Model;
			sourceTree = "<group>";
		};
		E3E9BEAB1C85BB5B000B9F15 /* View */ = {
			isa = PBXGroup;
			children = (
			);
			path = View;
			sourceTree = "<group>";
		};
		E3E9BEAC1C85BB5B000B9F15 /* Tool(业务逻辑类) */ = {
			isa = PBXGroup;
			children = (
				E3E9BEAD1C85BB5B000B9F15 /* Account */,
				E3E9BEB31C85BB5B000B9F15 /* Compose */,
				E3E9BEBA1C85BB5B000B9F15 /* Guide */,
				E3E9BEBD1C85BB5B000B9F15 /* Http */,
				E3E9BEC31C85BB5B000B9F15 /* Status */,
				E3E9BECC1C85BB5B000B9F15 /* StatusCache */,
				E3E9BECF1C85BB5B000B9F15 /* User */,
			);
			path = "Tool(业务逻辑类)";
			sourceTree = "<group>";
		};
		E3E9BEAD1C85BB5B000B9F15 /* Account */ = {
			isa = PBXGroup;
			children = (
				E3E9BEAE1C85BB5B000B9F15 /* IWAccountTool.h */,
				E3E9BEAF1C85BB5B000B9F15 /* IWAccountTool.m */,
				E3E9BEB01C85BB5B000B9F15 /* Param */,
			);
			path = Account;
			sourceTree = "<group>";
		};
		E3E9BEB01C85BB5B000B9F15 /* Param */ = {
			isa = PBXGroup;
			children = (
				E3E9BEB11C85BB5B000B9F15 /* IWAccountParam.h */,
				E3E9BEB21C85BB5B000B9F15 /* IWAccountParam.m */,
			);
			path = Param;
			sourceTree = "<group>";
		};
		E3E9BEB31C85BB5B000B9F15 /* Compose */ = {
			isa = PBXGroup;
			children = (
				E3E9BEB41C85BB5B000B9F15 /* IWComposeTool.h */,
				E3E9BEB51C85BB5B000B9F15 /* IWComposeTool.m */,
				E3E9BEB61C85BB5B000B9F15 /* Param */,
			);
			path = Compose;
			sourceTree = "<group>";
		};
		E3E9BEB61C85BB5B000B9F15 /* Param */ = {
			isa = PBXGroup;
			children = (
				E3E9BEB71C85BB5B000B9F15 /* IWComposeParam.h */,
				E3E9BEB81C85BB5B000B9F15 /* IWComposeParam.m */,
				E3E9BEB91C85BB5B000B9F15 /* Upload */,
			);
			path = Param;
			sourceTree = "<group>";
		};
		E3E9BEB91C85BB5B000B9F15 /* Upload */ = {
			isa = PBXGroup;
			children = (
			);
			path = Upload;
			sourceTree = "<group>";
		};
		E3E9BEBA1C85BB5B000B9F15 /* Guide */ = {
			isa = PBXGroup;
			children = (
				E3E9BEBB1C85BB5B000B9F15 /* IWGuideTool.h */,
				E3E9BEBC1C85BB5B000B9F15 /* IWGuideTool.m */,
			);
			path = Guide;
			sourceTree = "<group>";
		};
		E3E9BEBD1C85BB5B000B9F15 /* Http */ = {
			isa = PBXGroup;
			children = (
				E3E9BEBE1C85BB5B000B9F15 /* IWHttpTool.h */,
				E3E9BEBF1C85BB5B000B9F15 /* IWHttpTool.m */,
				E3E9BEC01C85BB5B000B9F15 /* Upload */,
			);
			path = Http;
			sourceTree = "<group>";
		};
		E3E9BEC01C85BB5B000B9F15 /* Upload */ = {
			isa = PBXGroup;
			children = (
				E3E9BEC11C85BB5B000B9F15 /* IWUploadParam.h */,
				E3E9BEC21C85BB5B000B9F15 /* IWUploadParam.m */,
			);
			path = Upload;
			sourceTree = "<group>";
		};
		E3E9BEC31C85BB5B000B9F15 /* Status */ = {
			isa = PBXGroup;
			children = (
				E3E9BEC41C85BB5B000B9F15 /* IWStatusTool.h */,
				E3E9BEC51C85BB5B000B9F15 /* IWStatusTool.m */,
				E3E9BEC61C85BB5B000B9F15 /* Param */,
				E3E9BEC91C85BB5B000B9F15 /* Result */,
			);
			path = Status;
			sourceTree = "<group>";
		};
		E3E9BEC61C85BB5B000B9F15 /* Param */ = {
			isa = PBXGroup;
			children = (
				E3E9BEC71C85BB5B000B9F15 /* IWStatusParam.h */,
				E3E9BEC81C85BB5B000B9F15 /* IWStatusParam.m */,
			);
			path = Param;
			sourceTree = "<group>";
		};
		E3E9BEC91C85BB5B000B9F15 /* Result */ = {
			isa = PBXGroup;
			children = (
				E3E9BECA1C85BB5B000B9F15 /* IWStatusResult.h */,
				E3E9BECB1C85BB5B000B9F15 /* IWStatusResult.m */,
			);
			path = Result;
			sourceTree = "<group>";
		};
		E3E9BECC1C85BB5B000B9F15 /* StatusCache */ = {
			isa = PBXGroup;
			children = (
				E3E9BECD1C85BB5B000B9F15 /* IWStatusCacheTool.h */,
				E3E9BECE1C85BB5B000B9F15 /* IWStatusCacheTool.m */,
			);
			path = StatusCache;
			sourceTree = "<group>";
		};
		E3E9BECF1C85BB5B000B9F15 /* User */ = {
			isa = PBXGroup;
			children = (
				E3E9BED01C85BB5B000B9F15 /* IWUserTool.h */,
				E3E9BED11C85BB5B000B9F15 /* IWUserTool.m */,
				E3E9BED21C85BB5B000B9F15 /* Param */,
				E3E9BED51C85BB5B000B9F15 /* Result */,
			);
			path = User;
			sourceTree = "<group>";
		};
		E3E9BED21C85BB5B000B9F15 /* Param */ = {
			isa = PBXGroup;
			children = (
				E3E9BED31C85BB5B000B9F15 /* IWUserParam.h */,
				E3E9BED41C85BB5B000B9F15 /* IWUserParam.m */,
			);
			path = Param;
			sourceTree = "<group>";
		};
		E3E9BED51C85BB5B000B9F15 /* Result */ = {
			isa = PBXGroup;
			children = (
				E3E9BED61C85BB5B000B9F15 /* IWUserUnreadResult.h */,
				E3E9BED71C85BB5B000B9F15 /* IWUserUnreadResult.m */,
			);
			path = Result;
			sourceTree = "<group>";
		};
/* End PBXGroup section */

/* Begin PBXNativeTarget section */
		E3E9B7F71C85B116000B9F15 /* 测试微博 */ = {
			isa = PBXNativeTarget;
			buildConfigurationList = E3E9B8251C85B117000B9F15 /* Build configuration list for PBXNativeTarget "测试微博" */;
			buildPhases = (
				E3E9B7F41C85B116000B9F15 /* Sources */,
				E3E9B7F51C85B116000B9F15 /* Frameworks */,
				E3E9B7F61C85B116000B9F15 /* Resources */,
			);
			buildRules = (
			);
			dependencies = (
			);
			name = "测试微博";
			productName = "测试微博";
			productReference = E3E9B7F81C85B116000B9F15 /* 测试微博.app */;
			productType = "com.apple.product-type.application";
		};
		E3E9B8101C85B117000B9F15 /* 测试微博Tests */ = {
			isa = PBXNativeTarget;
			buildConfigurationList = E3E9B8281C85B117000B9F15 /* Build configuration list for PBXNativeTarget "测试微博Tests" */;
			buildPhases = (
				E3E9B80D1C85B117000B9F15 /* Sources */,
				E3E9B80E1C85B117000B9F15 /* Frameworks */,
				E3E9B80F1C85B117000B9F15 /* Resources */,
			);
			buildRules = (
			);
			dependencies = (
				E3E9B8131C85B117000B9F15 /* PBXTargetDependency */,
			);
			name = "测试微博Tests";
			productName = "测试微博Tests";
			productReference = E3E9B8111C85B117000B9F15 /* 测试微博Tests.xctest */;
			productType = "com.apple.product-type.bundle.unit-test";
		};
		E3E9B81B1C85B117000B9F15 /* 测试微博UITests */ = {
			isa = PBXNativeTarget;
			buildConfigurationList = E3E9B82B1C85B117000B9F15 /* Build configuration list for PBXNativeTarget "测试微博UITests" */;
			buildPhases = (
				E3E9B8181C85B117000B9F15 /* Sources */,
				E3E9B8191C85B117000B9F15 /* Frameworks */,
				E3E9B81A1C85B117000B9F15 /* Resources */,
			);
			buildRules = (
			);
			dependencies = (
				E3E9B81E1C85B117000B9F15 /* PBXTargetDependency */,
			);
			name = "测试微博UITests";
			productName = "测试微博UITests";
			productReference = E3E9B81C1C85B117000B9F15 /* 测试微博UITests.xctest */;
			productType = "com.apple.product-type.bundle.ui-testing";
		};
/* End PBXNativeTarget section */

/* Begin PBXProject section */
		E3E9B7F01C85B116000B9F15 /* Project object */ = {
			isa = PBXProject;
			attributes = {
				LastUpgradeCheck = 0720;
				ORGANIZATIONNAME = "吴洋洋";
				TargetAttributes = {
					E3E9B7F71C85B116000B9F15 = {
						CreatedOnToolsVersion = 7.2.1;
						DevelopmentTeam = 4P94T76X39;
					};
					E3E9B8101C85B117000B9F15 = {
						CreatedOnToolsVersion = 7.2.1;
						DevelopmentTeam = 4P94T76X39;
						TestTargetID = E3E9B7F71C85B116000B9F15;
					};
					E3E9B81B1C85B117000B9F15 = {
						CreatedOnToolsVersion = 7.2.1;
						DevelopmentTeam = 4P94T76X39;
						TestTargetID = E3E9B7F71C85B116000B9F15;
					};
				};
			};
			buildConfigurationList = E3E9B7F31C85B116000B9F15 /* Build configuration list for PBXProject "测试微博" */;
			compatibilityVersion = "Xcode 3.2";
			developmentRegion = English;
			hasScannedForEncodings = 0;
			knownRegions = (
				en,
				Base,
			);
			mainGroup = E3E9B7EF1C85B116000B9F15;
			productRefGroup = E3E9B7F91C85B116000B9F15 /* Products */;
			projectDirPath = "";
			projectRoot = "";
			targets = (
				E3E9B7F71C85B116000B9F15 /* 测试微博 */,
				E3E9B8101C85B117000B9F15 /* 测试微博Tests */,
				E3E9B81B1C85B117000B9F15 /* 测试微博UITests */,
			);
		};
/* End PBXProject section */

/* Begin PBXResourcesBuildPhase section */
		E3E9B7F61C85B116000B9F15 /* Resources */ = {
			isa = PBXResourcesBuildPhase;
			buildActionMask = 2147483647;
			files = (
				E3E9B82F1C85B180000B9F15 /* silence.mp3 in Resources */,
				E3E9BEEB1C85BB5B000B9F15 /* IWOneViewController.xib in Resources */,
				E3E9BEEE1C85BB5B000B9F15 /* IWTwoViewController.xib in Resources */,
				E3E9B80B1C85B116000B9F15 /* LaunchScreen.storyboard in Resources */,
				E3E9B8081C85B116000B9F15 /* Assets.xcassets in Resources */,
			);
			runOnlyForDeploymentPostprocessing = 0;
		};
		E3E9B80F1C85B117000B9F15 /* Resources */ = {
			isa = PBXResourcesBuildPhase;
			buildActionMask = 2147483647;
			files = (
			);
			runOnlyForDeploymentPostprocessing = 0;
		};
		E3E9B81A1C85B117000B9F15 /* Resources */ = {
			isa = PBXResourcesBuildPhase;
			buildActionMask = 2147483647;
			files = (
			);
			runOnlyForDeploymentPostprocessing = 0;
		};
/* End PBXResourcesBuildPhase section */

/* Begin PBXSourcesBuildPhase section */
		E3E9B7F41C85B116000B9F15 /* Sources */ = {
			isa = PBXSourcesBuildPhase;
			buildActionMask = 2147483647;
			files = (
				E3E9BF001C85BB5B000B9F15 /* IWMessageViewController.m in Sources */,
				E3E9BF1A1C85BB5B000B9F15 /* IWAccountParam.m in Sources */,
				E3E9BEDA1C85BB5B000B9F15 /* IWBasicSettingViewController.m in Sources */,
				E3E9BF201C85BB5B000B9F15 /* IWStatusTool.m in Sources */,
				E3E9BEF71C85BB5B000B9F15 /* IWStatusCell.m in Sources */,
				E3E9BF051C85BB5B000B9F15 /* FMDatabase.m in Sources */,
				E3E9BF0C1C85BB5B000B9F15 /* MJIvar.m in Sources */,
				E3E9BF1B1C85BB5B000B9F15 /* IWComposeTool.m in Sources */,
				E3E9BEF01C85BB5B000B9F15 /* IWStatus.m in Sources */,
				E3E9BF161C85BB5B000B9F15 /* IWFontSizeViewController.m in Sources */,
				E3E9BEEA1C85BB5B000B9F15 /* IWOneViewController.m in Sources */,
				E3E9BF111C85BB5B000B9F15 /* NSObject+MJMember.m in Sources */,
				E3E9BEFA1C85BB5B000B9F15 /* IWTitleButton.m in Sources */,
				E3E9BEFE1C85BB5B000B9F15 /* IWTabBar.m in Sources */,
				E3E9BEE11C85BB5B000B9F15 /* IWSwitchItem.m in Sources */,
				E3E9BEEF1C85BB5B000B9F15 /* IWPhoto.m in Sources */,
				E3E9BF1E1C85BB5B000B9F15 /* IWHttpTool.m in Sources */,
				E3E9BF171C85BB5B000B9F15 /* IWQualityViewController.m in Sources */,
				E3E9BF231C85BB5B000B9F15 /* IWStatusCacheTool.m in Sources */,
				E3E9BF0E1C85BB5B000B9F15 /* MJMethod.m in Sources */,
				E3E9BEF51C85BB5B000B9F15 /* IWPhotoView.m in Sources */,
				E3E9BF0A1C85BB5B000B9F15 /* MJArgument.m in Sources */,
				E3E9BEF31C85BB5B000B9F15 /* IWOriginalView.m in Sources */,
				E3E9BF221C85BB5B000B9F15 /* IWStatusResult.m in Sources */,
				E3E9BF241C85BB5B000B9F15 /* IWUserTool.m in Sources */,
				E3E9BF151C85BB5B000B9F15 /* IWCommonSettingViewController.m in Sources */,
				E3E9BF011C85BB5B000B9F15 /* IWNewFeatureController.m in Sources */,
				E3E9BF0F1C85BB5B000B9F15 /* MJType.m in Sources */,
				E3E9BEF21C85BB5B000B9F15 /* IWStatusFrame.m in Sources */,
				E3E9BF121C85BB5B000B9F15 /* Weibocfg.m in Sources */,
				E3E9BED81C85BB5B000B9F15 /* IWOAuthViewController.m in Sources */,
				E3E9BEE91C85BB5B000B9F15 /* IWHomeViewController.m in Sources */,
				E3E9BF071C85BB5B000B9F15 /* FMDatabasePool.m in Sources */,
				E3E9BEFB1C85BB5B000B9F15 /* IWNavViewController.m in Sources */,
				E3E9BF261C85BB5B000B9F15 /* IWUserUnreadResult.m in Sources */,
				E3E9BEFF1C85BB5B000B9F15 /* IWTabBarButton.m in Sources */,
				E3E9BF021C85BB5B000B9F15 /* IWNewFeatureCell.m in Sources */,
				E3E9BF031C85BB5B000B9F15 /* UIBarButtonItem+Create.m in Sources */,
				E3E9BEE21C85BB5B000B9F15 /* IWBasicSettingCell.m in Sources */,
				E3E9BEE41C85BB5B000B9F15 /* IWComposePhotosView.m in Sources */,
				E3E9BEFC1C85BB5B000B9F15 /* IWTabBarController.m in Sources */,
				E3E9B7FD1C85B116000B9F15 /* main.m in Sources */,
				E3E9BF141C85BB5B000B9F15 /* IWProfileCell.m in Sources */,
				E3E9BF191C85BB5B000B9F15 /* IWAccountTool.m in Sources */,
				E3E9BEFD1C85BB5B000B9F15 /* IWBadgeView.m in Sources */,
				E3E9BEE01C85BB5B000B9F15 /* IWSettingItem.m in Sources */,
				E3E9BEE81C85BB5B000B9F15 /* IWSearchBar.m in Sources */,
				E3E9BEE61C85BB5B000B9F15 /* IWTextView.m in Sources */,
				E3E9BF041C85BB5B000B9F15 /* UIImage+Resizable.m in Sources */,
				E3E9BF131C85BB5B000B9F15 /* IWProfileViewController.m in Sources */,
				E3E9BF0B1C85BB5B000B9F15 /* MJConst.m in Sources */,
				E3E9BF101C85BB5B000B9F15 /* MJTypeEncoding.m in Sources */,
				E3E9BF0D1C85BB5B000B9F15 /* MJMember.m in Sources */,
				E3E9BF091C85BB5B000B9F15 /* FMResultSet.m in Sources */,
				E3E9BEF91C85BB5B000B9F15 /* IWPopView.m in Sources */,
				E3E9BEE31C85BB5B000B9F15 /* IWComposeViewController.m in Sources */,
				E3E9BF1D1C85BB5B000B9F15 /* IWGuideTool.m in Sources */,
				E3E9BEE51C85BB5B000B9F15 /* IWComposeToolBar.m in Sources */,
				E3E9BF1F1C85BB5B000B9F15 /* IWUploadParam.m in Sources */,
				E3E9BEEC1C85BB5B000B9F15 /* IWPopViewController.m in Sources */,
				E3E9BF181C85BB5B000B9F15 /* IWSettingViewController.m in Sources */,
				E3E9BF061C85BB5B000B9F15 /* FMDatabaseAdditions.m in Sources */,
				E3E9BEE71C85BB5B000B9F15 /* IWDiscoverViewController.m in Sources */,
				E3E9BEDF1C85BB5B000B9F15 /* IWLabelItem.m in Sources */,
				E3E9BED91C85BB5B000B9F15 /* IWAccount.m in Sources */,
				E3E9BEDE1C85BB5B000B9F15 /* IWGroupItem.m in Sources */,
				E3E9BEF81C85BB5B000B9F15 /* IWToolBarView.m in Sources */,
				E3E9BEDC1C85BB5B000B9F15 /* IWBadgeItem.m in Sources */,
				E3E9BF081C85BB5B000B9F15 /* FMDatabaseQueue.m in Sources */,
				E3E9BEDD1C85BB5B000B9F15 /* IWCheakItem.m in Sources */,
				E3E9BEDB1C85BB5B000B9F15 /* IWArrowItem.m in Sources */,
				E3E9BF251C85BB5B000B9F15 /* IWUserParam.m in Sources */,
				E3E9BEF61C85BB5B000B9F15 /* IWRetweetedView.m in Sources */,
				E3E9BEF41C85BB5B000B9F15 /* IWPhotosView.m in Sources */,
				E3E9BEED1C85BB5B000B9F15 /* IWTwoViewController.m in Sources */,
				E3E9BF1C1C85BB5B000B9F15 /* IWComposeParam.m in Sources */,
				E3E9BEF11C85BB5B000B9F15 /* IWUser.m in Sources */,
				E3E9BF211C85BB5B000B9F15 /* IWStatusParam.m in Sources */,
			);
			runOnlyForDeploymentPostprocessing = 0;
		};
		E3E9B80D1C85B117000B9F15 /* Sources */ = {
			isa = PBXSourcesBuildPhase;
			buildActionMask = 2147483647;
			files = (
				E3E9B8161C85B117000B9F15 /* ____Tests.m in Sources */,
			);
			runOnlyForDeploymentPostprocessing = 0;
		};
		E3E9B8181C85B117000B9F15 /* Sources */ = {
			isa = PBXSourcesBuildPhase;
			buildActionMask = 2147483647;
			files = (
			);
			runOnlyForDeploymentPostprocessing = 0;
		};
/* End PBXSourcesBuildPhase section */

/* Begin PBXTargetDependency section */
		E3E9B8131C85B117000B9F15 /* PBXTargetDependency */ = {
			isa = PBXTargetDependency;
			target = E3E9B7F71C85B116000B9F15 /* 测试微博 */;
			targetProxy = E3E9B8121C85B117000B9F15 /* PBXContainerItemProxy */;
		};
		E3E9B81E1C85B117000B9F15 /* PBXTargetDependency */ = {
			isa = PBXTargetDependency;
			target = E3E9B7F71C85B116000B9F15 /* 测试微博 */;
			targetProxy = E3E9B81D1C85B117000B9F15 /* PBXContainerItemProxy */;
		};
/* End PBXTargetDependency section */

/* Begin PBXVariantGroup section */
		E3E9B8091C85B116000B9F15 /* LaunchScreen.storyboard */ = {
			isa = PBXVariantGroup;
			children = (
				E3E9B80A1C85B116000B9F15 /* Base */,
			);
			name = LaunchScreen.storyboard;
			sourceTree = "<group>";
		};
/* End PBXVariantGroup section */

/* Begin XCBuildConfiguration section */
		E3E9B8231C85B117000B9F15 /* Debug */ = {
			isa = XCBuildConfiguration;
			buildSettings = {
				ALWAYS_SEARCH_USER_PATHS = NO;
				CLANG_CXX_LANGUAGE_STANDARD = "gnu++0x";
				CLANG_CXX_LIBRARY = "libc++";
				CLANG_ENABLE_MODULES = YES;
				CLANG_ENABLE_OBJC_ARC = YES;
				CLANG_WARN_BOOL_CONVERSION = YES;
				CLANG_WARN_CONSTANT_CONVERSION = YES;
				CLANG_WARN_DIRECT_OBJC_ISA_USAGE = YES_ERROR;
				CLANG_WARN_EMPTY_BODY = YES;
				CLANG_WARN_ENUM_CONVERSION = YES;
				CLANG_WARN_INT_CONVERSION = YES;
				CLANG_WARN_OBJC_ROOT_CLASS = YES_ERROR;
				CLANG_WARN_UNREACHABLE_CODE = YES;
				CLANG_WARN__DUPLICATE_METHOD_MATCH = YES;
				"CODE_SIGN_IDENTITY[sdk=iphoneos*]" = "iPhone Developer";
				COPY_PHASE_STRIP = NO;
				DEBUG_INFORMATION_FORMAT = dwarf;
				ENABLE_STRICT_OBJC_MSGSEND = YES;
				ENABLE_TESTABILITY = YES;
				GCC_C_LANGUAGE_STANDARD = gnu99;
				GCC_DYNAMIC_NO_PIC = NO;
				GCC_NO_COMMON_BLOCKS = YES;
				GCC_OPTIMIZATION_LEVEL = 0;
				GCC_PREPROCESSOR_DEFINITIONS = (
					"DEBUG=1",
					"$(inherited)",
				);
				GCC_WARN_64_TO_32_BIT_CONVERSION = YES;
				GCC_WARN_ABOUT_RETURN_TYPE = YES_ERROR;
				GCC_WARN_UNDECLARED_SELECTOR = YES;
				GCC_WARN_UNINITIALIZED_AUTOS = YES_AGGRESSIVE;
				GCC_WARN_UNUSED_FUNCTION = YES;
				GCC_WARN_UNUSED_VARIABLE = YES;
				IPHONEOS_DEPLOYMENT_TARGET = 9.2;
				MTL_ENABLE_DEBUG_INFO = YES;
				ONLY_ACTIVE_ARCH = YES;
				SDKROOT = iphoneos;
				TARGETED_DEVICE_FAMILY = "1,2";
			};
			name = Debug;
		};
		E3E9B8241C85B117000B9F15 /* Release */ = {
			isa = XCBuildConfiguration;
			buildSettings = {
				ALWAYS_SEARCH_USER_PATHS = NO;
				CLANG_CXX_LANGUAGE_STANDARD = "gnu++0x";
				CLANG_CXX_LIBRARY = "libc++";
				CLANG_ENABLE_MODULES = YES;
				CLANG_ENABLE_OBJC_ARC = YES;
				CLANG_WARN_BOOL_CONVERSION = YES;
				CLANG_WARN_CONSTANT_CONVERSION = YES;
				CLANG_WARN_DIRECT_OBJC_ISA_USAGE = YES_ERROR;
				CLANG_WARN_EMPTY_BODY = YES;
				CLANG_WARN_ENUM_CONVERSION = YES;
				CLANG_WARN_INT_CONVERSION = YES;
				CLANG_WARN_OBJC_ROOT_CLASS = YES_ERROR;
				CLANG_WARN_UNREACHABLE_CODE = YES;
				CLANG_WARN__DUPLICATE_METHOD_MATCH = YES;
				"CODE_SIGN_IDENTITY[sdk=iphoneos*]" = "iPhone Developer";
				COPY_PHASE_STRIP = NO;
				DEBUG_INFORMATION_FORMAT = "dwarf-with-dsym";
				ENABLE_NS_ASSERTIONS = NO;
				ENABLE_STRICT_OBJC_MSGSEND = YES;
				GCC_C_LANGUAGE_STANDARD = gnu99;
				GCC_NO_COMMON_BLOCKS = YES;
				GCC_WARN_64_TO_32_BIT_CONVERSION = YES;
				GCC_WARN_ABOUT_RETURN_TYPE = YES_ERROR;
				GCC_WARN_UNDECLARED_SELECTOR = YES;
				GCC_WARN_UNINITIALIZED_AUTOS = YES_AGGRESSIVE;
				GCC_WARN_UNUSED_FUNCTION = YES;
				GCC_WARN_UNUSED_VARIABLE = YES;
				IPHONEOS_DEPLOYMENT_TARGET = 9.2;
				MTL_ENABLE_DEBUG_INFO = NO;
				SDKROOT = iphoneos;
				TARGETED_DEVICE_FAMILY = "1,2";
				VALIDATE_PRODUCT = YES;
			};
			name = Release;
		};
		E3E9B8261C85B117000B9F15 /* Debug */ = {
			isa = XCBuildConfiguration;
			buildSettings = {
				ASSETCATALOG_COMPILER_APPICON_NAME = AppIcon;
				INFOPLIST_FILE = "测试微博/Info.plist";
				LD_RUNPATH_SEARCH_PATHS = "$(inherited) @executable_path/Frameworks";
				PRODUCT_BUNDLE_IDENTIFIER = "abc.----";
				PRODUCT_NAME = "$(TARGET_NAME)";
			};
			name = Debug;
		};
		E3E9B8271C85B117000B9F15 /* Release */ = {
			isa = XCBuildConfiguration;
			buildSettings = {
				ASSETCATALOG_COMPILER_APPICON_NAME = AppIcon;
				INFOPLIST_FILE = "测试微博/Info.plist";
				LD_RUNPATH_SEARCH_PATHS = "$(inherited) @executable_path/Frameworks";
				PRODUCT_BUNDLE_IDENTIFIER = "abc.----";
				PRODUCT_NAME = "$(TARGET_NAME)";
			};
			name = Release;
		};
		E3E9B8291C85B117000B9F15 /* Debug */ = {
			isa = XCBuildConfiguration;
			buildSettings = {
				BUNDLE_LOADER = "$(TEST_HOST)";
				INFOPLIST_FILE = "测试微博Tests/Info.plist";
				LD_RUNPATH_SEARCH_PATHS = "$(inherited) @executable_path/Frameworks @loader_path/Frameworks";
				PRODUCT_BUNDLE_IDENTIFIER = "abc.----Tests";
				PRODUCT_NAME = "$(TARGET_NAME)";
				TEST_HOST = "$(BUILT_PRODUCTS_DIR)/测试微博.app/测试微博";
			};
			name = Debug;
		};
		E3E9B82A1C85B117000B9F15 /* Release */ = {
			isa = XCBuildConfiguration;
			buildSettings = {
				BUNDLE_LOADER = "$(TEST_HOST)";
				INFOPLIST_FILE = "测试微博Tests/Info.plist";
				LD_RUNPATH_SEARCH_PATHS = "$(inherited) @executable_path/Frameworks @loader_path/Frameworks";
				PRODUCT_BUNDLE_IDENTIFIER = "abc.----Tests";
				PRODUCT_NAME = "$(TARGET_NAME)";
				TEST_HOST = "$(BUILT_PRODUCTS_DIR)/测试微博.app/测试微博";
			};
			name = Release;
		};
		E3E9B82C1C85B117000B9F15 /* Debug */ = {
			isa = XCBuildConfiguration;
			buildSettings = {
				INFOPLIST_FILE = "测试微博UITests/Info.plist";
				LD_RUNPATH_SEARCH_PATHS = "$(inherited) @executable_path/Frameworks @loader_path/Frameworks";
				PRODUCT_BUNDLE_IDENTIFIER = "abc.----UITests";
				PRODUCT_NAME = "$(TARGET_NAME)";
				TEST_TARGET_NAME = "测试微博";
				USES_XCTRUNNER = YES;
			};
			name = Debug;
		};
		E3E9B82D1C85B117000B9F15 /* Release */ = {
			isa = XCBuildConfiguration;
			buildSettings = {
				INFOPLIST_FILE = "测试微博UITests/Info.plist";
				LD_RUNPATH_SEARCH_PATHS = "$(inherited) @executable_path/Frameworks @loader_path/Frameworks";
				PRODUCT_BUNDLE_IDENTIFIER = "abc.----UITests";
				PRODUCT_NAME = "$(TARGET_NAME)";
				TEST_TARGET_NAME = "测试微博";
				USES_XCTRUNNER = YES;
			};
			name = Release;
		};
/* End XCBuildConfiguration section */

/* Begin XCConfigurationList section */
		E3E9B7F31C85B116000B9F15 /* Build configuration list for PBXProject "测试微博" */ = {
			isa = XCConfigurationList;
			buildConfigurations = (
				E3E9B8231C85B117000B9F15 /* Debug */,
				E3E9B8241C85B117000B9F15 /* Release */,
			);
			defaultConfigurationIsVisible = 0;
			defaultConfigurationName = Release;
		};
		E3E9B8251C85B117000B9F15 /* Build configuration list for PBXNativeTarget "测试微博" */ = {
			isa = XCConfigurationList;
			buildConfigurations = (
				E3E9B8261C85B117000B9F15 /* Debug */,
				E3E9B8271C85B117000B9F15 /* Release */,
			);
			defaultConfigurationIsVisible = 0;
			defaultConfigurationName = Release;
		};
		E3E9B8281C85B117000B9F15 /* Build configuration list for PBXNativeTarget "测试微博Tests" */ = {
			isa = XCConfigurationList;
			buildConfigurations = (
				E3E9B8291C85B117000B9F15 /* Debug */,
				E3E9B82A1C85B117000B9F15 /* Release */,
			);
			defaultConfigurationIsVisible = 0;
			defaultConfigurationName = Release;
		};
		E3E9B82B1C85B117000B9F15 /* Build configuration list for PBXNativeTarget "测试微博UITests" */ = {
			isa = XCConfigurationList;
			buildConfigurations = (
				E3E9B82C1C85B117000B9F15 /* Debug */,
				E3E9B82D1C85B117000B9F15 /* Release */,
			);
			defaultConfigurationIsVisible = 0;
			defaultConfigurationName = Release;
		};
/* End XCConfigurationList section */
	};
	rootObject = E3E9B7F01C85B116000B9F15 /* Project object */;
}
